// !$*UTF8*$!
{
	archiveVersion = 1;
	classes = {
	};
	objectVersion = 56;
	objects = {

/* Begin PBXBuildFile section */
		4510AAA5298A39DC0068FDE9 /* CloudKitPushNotificationView.swift in Sources */ = {isa = PBXBuildFile; fileRef = 4510AAA4298A39DC0068FDE9 /* CloudKitPushNotificationView.swift */; };
		4510AAA7298E2A670068FDE9 /* CloudKitUtility.swift in Sources */ = {isa = PBXBuildFile; fileRef = 4510AAA6298E2A670068FDE9 /* CloudKitUtility.swift */; };
		45748C342977B03300CBBF67 /* 19. AdvancedCombinePractice.swift in Sources */ = {isa = PBXBuildFile; fileRef = 45748C332977B03300CBBF67 /* 19. AdvancedCombinePractice.swift */; };
		45748C362978114100CBBF67 /* 20. FuturePractice.swift in Sources */ = {isa = PBXBuildFile; fileRef = 45748C352978114100CBBF67 /* 20. FuturePractice.swift */; };
		45748C3929791CE900CBBF67 /* CloudKitUserPractice.swift in Sources */ = {isa = PBXBuildFile; fileRef = 45748C3829791CE900CBBF67 /* CloudKitUserPractice.swift */; };
		45D2FC752966B28700CDFF41 /* AdvancedApp.swift in Sources */ = {isa = PBXBuildFile; fileRef = 45D2FC742966B28700CDFF41 /* AdvancedApp.swift */; };
		45D2FC792966B28800CDFF41 /* Assets.xcassets in Resources */ = {isa = PBXBuildFile; fileRef = 45D2FC782966B28800CDFF41 /* Assets.xcassets */; };
		45D2FC7C2966B28800CDFF41 /* Preview Assets.xcassets in Resources */ = {isa = PBXBuildFile; fileRef = 45D2FC7B2966B28800CDFF41 /* Preview Assets.xcassets */; };
		45D2FC832967AA1600CDFF41 /* 1. ViewModifierPractice.swift in Sources */ = {isa = PBXBuildFile; fileRef = 45D2FC822967AA1600CDFF41 /* 1. ViewModifierPractice.swift */; };
		45D2FC852967AFEA00CDFF41 /* 2. ButtonStylePractice.swift in Sources */ = {isa = PBXBuildFile; fileRef = 45D2FC842967AFEA00CDFF41 /* 2. ButtonStylePractice.swift */; };
		45E8CE35298A00AB0052E167 /* CloudKitCrudPractice.swift in Sources */ = {isa = PBXBuildFile; fileRef = 45E8CE34298A00AB0052E167 /* CloudKitCrudPractice.swift */; };
		45F513A7296E5A6700FBD2FA /* 3. CustomAnyTransitionPractice.swift in Sources */ = {isa = PBXBuildFile; fileRef = 45F513A6296E5A6700FBD2FA /* 3. CustomAnyTransitionPractice.swift */; };
		45F513A9296E6B3400FBD2FA /* 4. MatchedGeometryEffectPractice.swift in Sources */ = {isa = PBXBuildFile; fileRef = 45F513A8296E6B3400FBD2FA /* 4. MatchedGeometryEffectPractice.swift */; };
		45F513AB296E6DC400FBD2FA /* 4.1. MatchedGeometryEffectPractice2.swift in Sources */ = {isa = PBXBuildFile; fileRef = 45F513AA296E6DC400FBD2FA /* 4.1. MatchedGeometryEffectPractice2.swift */; };
		45F513AD296E8F4200FBD2FA /* 5. CustomShapePractice.swift in Sources */ = {isa = PBXBuildFile; fileRef = 45F513AC296E8F4200FBD2FA /* 5. CustomShapePractice.swift */; };
		45F513AF296EAE1100FBD2FA /* 6. CustomShapeCurvePractice.swift in Sources */ = {isa = PBXBuildFile; fileRef = 45F513AE296EAE1100FBD2FA /* 6. CustomShapeCurvePractice.swift */; };
		45F513B1296ED06F00FBD2FA /* 7. AnimatedableDataPractice.swift in Sources */ = {isa = PBXBuildFile; fileRef = 45F513B0296ED06F00FBD2FA /* 7. AnimatedableDataPractice.swift */; };
		45F513B3296ED70D00FBD2FA /* 8. GenericPractice.swift in Sources */ = {isa = PBXBuildFile; fileRef = 45F513B2296ED70D00FBD2FA /* 8. GenericPractice.swift */; };
		45F513B5296FC69F00FBD2FA /* 9. ViewBuilderPractice.swift in Sources */ = {isa = PBXBuildFile; fileRef = 45F513B4296FC69F00FBD2FA /* 9. ViewBuilderPractice.swift */; };
		45F513B7296FDEE000FBD2FA /* 10. PreferenceKeyPractice.swift in Sources */ = {isa = PBXBuildFile; fileRef = 45F513B6296FDEE000FBD2FA /* 10. PreferenceKeyPractice.swift */; };
		45F513BA296FE2F400FBD2FA /* 10.1. GeometryPreferencePractice.swift in Sources */ = {isa = PBXBuildFile; fileRef = 45F513B9296FE2F400FBD2FA /* 10.1. GeometryPreferencePractice.swift */; };
		45F513BC296FE69F00FBD2FA /* 10.2. ScrollViewOffsetPreferenceKeyPractice.swift in Sources */ = {isa = PBXBuildFile; fileRef = 45F513BB296FE69F00FBD2FA /* 10.2. ScrollViewOffsetPreferenceKeyPractice.swift */; };
		45F513BE296FFF5F00FBD2FA /* TabViewPractice.swift in Sources */ = {isa = PBXBuildFile; fileRef = 45F513BD296FFF5F00FBD2FA /* TabViewPractice.swift */; };
		45F513C12970239300FBD2FA /* CustomTabBarView.swift in Sources */ = {isa = PBXBuildFile; fileRef = 45F513C02970239300FBD2FA /* CustomTabBarView.swift */; };
		45F513C32970287400FBD2FA /* CustomTabBarContainerView.swift in Sources */ = {isa = PBXBuildFile; fileRef = 45F513C22970287400FBD2FA /* CustomTabBarContainerView.swift */; };
		45F513C52970E55C00FBD2FA /* TabBaritemPreferenceKey.swift in Sources */ = {isa = PBXBuildFile; fileRef = 45F513C42970E55C00FBD2FA /* TabBaritemPreferenceKey.swift */; };
		45F513C72970EA5C00FBD2FA /* TabBarItem.swift in Sources */ = {isa = PBXBuildFile; fileRef = 45F513C62970EA5C00FBD2FA /* TabBarItem.swift */; };
		45F513CA2971174600FBD2FA /* AppNavBarView.swift in Sources */ = {isa = PBXBuildFile; fileRef = 45F513C92971174600FBD2FA /* AppNavBarView.swift */; };
		45F513CC2971189000FBD2FA /* CustomNavBarView.swift in Sources */ = {isa = PBXBuildFile; fileRef = 45F513CB2971189000FBD2FA /* CustomNavBarView.swift */; };
		45F513CE29711CFD00FBD2FA /* CustomNavBarContainerView.swift in Sources */ = {isa = PBXBuildFile; fileRef = 45F513CD29711CFD00FBD2FA /* CustomNavBarContainerView.swift */; };
		45F513D22971206500FBD2FA /* CustomNavView.swift in Sources */ = {isa = PBXBuildFile; fileRef = 45F513D12971206500FBD2FA /* CustomNavView.swift */; };
		45F513D4297131DC00FBD2FA /* CustomNavLink.swift in Sources */ = {isa = PBXBuildFile; fileRef = 45F513D3297131DC00FBD2FA /* CustomNavLink.swift */; };
		45F513D62971349300FBD2FA /* CustomNavBarPreferenceKey.swift in Sources */ = {isa = PBXBuildFile; fileRef = 45F513D52971349300FBD2FA /* CustomNavBarPreferenceKey.swift */; };
		45F513D829714B1800FBD2FA /* 13. UIViewRepresentablePractice.swift in Sources */ = {isa = PBXBuildFile; fileRef = 45F513D729714B1800FBD2FA /* 13. UIViewRepresentablePractice.swift */; };
		45F513DA29717C6400FBD2FA /* 14. UIViewControllerRepresentablePractice.swift in Sources */ = {isa = PBXBuildFile; fileRef = 45F513D929717C6300FBD2FA /* 14. UIViewControllerRepresentablePractice.swift */; };
		45F513DD297264AE00FBD2FA /* 15. ProtocolPractice.swift in Sources */ = {isa = PBXBuildFile; fileRef = 45F513DC297264AD00FBD2FA /* 15. ProtocolPractice.swift */; };
		45F513DF297272A600FBD2FA /* 16. DependencyInjectionPractice.swift in Sources */ = {isa = PBXBuildFile; fileRef = 45F513DE297272A600FBD2FA /* 16. DependencyInjectionPractice.swift */; };
		45F513E22972917500FBD2FA /* UnitTestView.swift in Sources */ = {isa = PBXBuildFile; fileRef = 45F513E12972917500FBD2FA /* UnitTestView.swift */; };
		45F513E42972960C00FBD2FA /* UnitTestViewModel.swift in Sources */ = {isa = PBXBuildFile; fileRef = 45F513E32972960C00FBD2FA /* UnitTestViewModel.swift */; };
		45F513EC297296F900FBD2FA /* Advanced_Tests.swift in Sources */ = {isa = PBXBuildFile; fileRef = 45F513EB297296F900FBD2FA /* Advanced_Tests.swift */; };
		45F513F3297297CD00FBD2FA /* UnitTestViewModel_Tests.swift in Sources */ = {isa = PBXBuildFile; fileRef = 45F513F2297297CD00FBD2FA /* UnitTestViewModel_Tests.swift */; };
		45F513F529763D6300FBD2FA /* NewMockDataService.swift in Sources */ = {isa = PBXBuildFile; fileRef = 45F513F429763D6300FBD2FA /* NewMockDataService.swift */; };
		45F513F729763DB900FBD2FA /* NewMockDataService_Tests.swift in Sources */ = {isa = PBXBuildFile; fileRef = 45F513F629763DB900FBD2FA /* NewMockDataService_Tests.swift */; };
		45F513F929766AA800FBD2FA /* 18. UITestPractice.swift in Sources */ = {isa = PBXBuildFile; fileRef = 45F513F829766AA800FBD2FA /* 18. UITestPractice.swift */; };
		45F514012976714E00FBD2FA /* Advanced_UITests.swift in Sources */ = {isa = PBXBuildFile; fileRef = 45F514002976714E00FBD2FA /* Advanced_UITests.swift */; };
		45F514032976714E00FBD2FA /* Advanced_UITestsLaunchTests.swift in Sources */ = {isa = PBXBuildFile; fileRef = 45F514022976714E00FBD2FA /* Advanced_UITestsLaunchTests.swift */; };
		45F5140A29776F0000FBD2FA /* UITestPracticeView_UITests.swift in Sources */ = {isa = PBXBuildFile; fileRef = 45F5140929776F0000FBD2FA /* UITestPracticeView_UITests.swift */; };
/* End PBXBuildFile section */

/* Begin PBXContainerItemProxy section */
		45F513ED297296F900FBD2FA /* PBXContainerItemProxy */ = {
			isa = PBXContainerItemProxy;
			containerPortal = 45D2FC692966B28600CDFF41 /* Project object */;
			proxyType = 1;
			remoteGlobalIDString = 45D2FC702966B28700CDFF41;
			remoteInfo = Advanced;
		};
		45F514042976714E00FBD2FA /* PBXContainerItemProxy */ = {
			isa = PBXContainerItemProxy;
			containerPortal = 45D2FC692966B28600CDFF41 /* Project object */;
			proxyType = 1;
			remoteGlobalIDString = 45D2FC702966B28700CDFF41;
			remoteInfo = Advanced;
		};
/* End PBXContainerItemProxy section */

/* Begin PBXFileReference section */
		4510AAA4298A39DC0068FDE9 /* CloudKitPushNotificationView.swift */ = {isa = PBXFileReference; lastKnownFileType = sourcecode.swift; path = CloudKitPushNotificationView.swift; sourceTree = "<group>"; };
		4510AAA6298E2A670068FDE9 /* CloudKitUtility.swift */ = {isa = PBXFileReference; lastKnownFileType = sourcecode.swift; path = CloudKitUtility.swift; sourceTree = "<group>"; };
		456D334A29893466003B9B98 /* Advanced.entitlements */ = {isa = PBXFileReference; lastKnownFileType = text.plist.entitlements; path = Advanced.entitlements; sourceTree = "<group>"; };
		45748C332977B03300CBBF67 /* 19. AdvancedCombinePractice.swift */ = {isa = PBXFileReference; lastKnownFileType = sourcecode.swift; path = "19. AdvancedCombinePractice.swift"; sourceTree = "<group>"; };
		45748C352978114100CBBF67 /* 20. FuturePractice.swift */ = {isa = PBXFileReference; lastKnownFileType = sourcecode.swift; path = "20. FuturePractice.swift"; sourceTree = "<group>"; };
		45748C3829791CE900CBBF67 /* CloudKitUserPractice.swift */ = {isa = PBXFileReference; lastKnownFileType = sourcecode.swift; path = CloudKitUserPractice.swift; sourceTree = "<group>"; };
		45D2FC712966B28700CDFF41 /* Advanced.app */ = {isa = PBXFileReference; explicitFileType = wrapper.application; includeInIndex = 0; path = Advanced.app; sourceTree = BUILT_PRODUCTS_DIR; };
		45D2FC742966B28700CDFF41 /* AdvancedApp.swift */ = {isa = PBXFileReference; lastKnownFileType = sourcecode.swift; path = AdvancedApp.swift; sourceTree = "<group>"; };
		45D2FC782966B28800CDFF41 /* Assets.xcassets */ = {isa = PBXFileReference; lastKnownFileType = folder.assetcatalog; path = Assets.xcassets; sourceTree = "<group>"; };
		45D2FC7B2966B28800CDFF41 /* Preview Assets.xcassets */ = {isa = PBXFileReference; lastKnownFileType = folder.assetcatalog; path = "Preview Assets.xcassets"; sourceTree = "<group>"; };
		45D2FC822967AA1600CDFF41 /* 1. ViewModifierPractice.swift */ = {isa = PBXFileReference; lastKnownFileType = sourcecode.swift; path = "1. ViewModifierPractice.swift"; sourceTree = "<group>"; };
		45D2FC842967AFEA00CDFF41 /* 2. ButtonStylePractice.swift */ = {isa = PBXFileReference; lastKnownFileType = sourcecode.swift; path = "2. ButtonStylePractice.swift"; sourceTree = "<group>"; };
		45E8CE34298A00AB0052E167 /* CloudKitCrudPractice.swift */ = {isa = PBXFileReference; lastKnownFileType = sourcecode.swift; path = CloudKitCrudPractice.swift; sourceTree = "<group>"; };
		45F513A6296E5A6700FBD2FA /* 3. CustomAnyTransitionPractice.swift */ = {isa = PBXFileReference; lastKnownFileType = sourcecode.swift; path = "3. CustomAnyTransitionPractice.swift"; sourceTree = "<group>"; };
		45F513A8296E6B3400FBD2FA /* 4. MatchedGeometryEffectPractice.swift */ = {isa = PBXFileReference; lastKnownFileType = sourcecode.swift; path = "4. MatchedGeometryEffectPractice.swift"; sourceTree = "<group>"; };
		45F513AA296E6DC400FBD2FA /* 4.1. MatchedGeometryEffectPractice2.swift */ = {isa = PBXFileReference; lastKnownFileType = sourcecode.swift; path = "4.1. MatchedGeometryEffectPractice2.swift"; sourceTree = "<group>"; };
		45F513AC296E8F4200FBD2FA /* 5. CustomShapePractice.swift */ = {isa = PBXFileReference; lastKnownFileType = sourcecode.swift; path = "5. CustomShapePractice.swift"; sourceTree = "<group>"; };
		45F513AE296EAE1100FBD2FA /* 6. CustomShapeCurvePractice.swift */ = {isa = PBXFileReference; lastKnownFileType = sourcecode.swift; path = "6. CustomShapeCurvePractice.swift"; sourceTree = "<group>"; };
		45F513B0296ED06F00FBD2FA /* 7. AnimatedableDataPractice.swift */ = {isa = PBXFileReference; lastKnownFileType = sourcecode.swift; path = "7. AnimatedableDataPractice.swift"; sourceTree = "<group>"; };
		45F513B2296ED70D00FBD2FA /* 8. GenericPractice.swift */ = {isa = PBXFileReference; lastKnownFileType = sourcecode.swift; path = "8. GenericPractice.swift"; sourceTree = "<group>"; };
		45F513B4296FC69F00FBD2FA /* 9. ViewBuilderPractice.swift */ = {isa = PBXFileReference; lastKnownFileType = sourcecode.swift; path = "9. ViewBuilderPractice.swift"; sourceTree = "<group>"; };
		45F513B6296FDEE000FBD2FA /* 10. PreferenceKeyPractice.swift */ = {isa = PBXFileReference; lastKnownFileType = sourcecode.swift; path = "10. PreferenceKeyPractice.swift"; sourceTree = "<group>"; };
		45F513B9296FE2F400FBD2FA /* 10.1. GeometryPreferencePractice.swift */ = {isa = PBXFileReference; lastKnownFileType = sourcecode.swift; path = "10.1. GeometryPreferencePractice.swift"; sourceTree = "<group>"; };
		45F513BB296FE69F00FBD2FA /* 10.2. ScrollViewOffsetPreferenceKeyPractice.swift */ = {isa = PBXFileReference; lastKnownFileType = sourcecode.swift; path = "10.2. ScrollViewOffsetPreferenceKeyPractice.swift"; sourceTree = "<group>"; };
		45F513BD296FFF5F00FBD2FA /* TabViewPractice.swift */ = {isa = PBXFileReference; lastKnownFileType = sourcecode.swift; path = TabViewPractice.swift; sourceTree = "<group>"; };
		45F513C02970239300FBD2FA /* CustomTabBarView.swift */ = {isa = PBXFileReference; lastKnownFileType = sourcecode.swift; path = CustomTabBarView.swift; sourceTree = "<group>"; };
		45F513C22970287400FBD2FA /* CustomTabBarContainerView.swift */ = {isa = PBXFileReference; lastKnownFileType = sourcecode.swift; path = CustomTabBarContainerView.swift; sourceTree = "<group>"; };
		45F513C42970E55C00FBD2FA /* TabBaritemPreferenceKey.swift */ = {isa = PBXFileReference; lastKnownFileType = sourcecode.swift; path = TabBaritemPreferenceKey.swift; sourceTree = "<group>"; };
		45F513C62970EA5C00FBD2FA /* TabBarItem.swift */ = {isa = PBXFileReference; lastKnownFileType = sourcecode.swift; path = TabBarItem.swift; sourceTree = "<group>"; };
		45F513C92971174600FBD2FA /* AppNavBarView.swift */ = {isa = PBXFileReference; lastKnownFileType = sourcecode.swift; path = AppNavBarView.swift; sourceTree = "<group>"; };
		45F513CB2971189000FBD2FA /* CustomNavBarView.swift */ = {isa = PBXFileReference; lastKnownFileType = sourcecode.swift; path = CustomNavBarView.swift; sourceTree = "<group>"; };
		45F513CD29711CFD00FBD2FA /* CustomNavBarContainerView.swift */ = {isa = PBXFileReference; lastKnownFileType = sourcecode.swift; path = CustomNavBarContainerView.swift; sourceTree = "<group>"; };
		45F513D12971206500FBD2FA /* CustomNavView.swift */ = {isa = PBXFileReference; lastKnownFileType = sourcecode.swift; path = CustomNavView.swift; sourceTree = "<group>"; };
		45F513D3297131DC00FBD2FA /* CustomNavLink.swift */ = {isa = PBXFileReference; lastKnownFileType = sourcecode.swift; path = CustomNavLink.swift; sourceTree = "<group>"; };
		45F513D52971349300FBD2FA /* CustomNavBarPreferenceKey.swift */ = {isa = PBXFileReference; lastKnownFileType = sourcecode.swift; path = CustomNavBarPreferenceKey.swift; sourceTree = "<group>"; };
		45F513D729714B1800FBD2FA /* 13. UIViewRepresentablePractice.swift */ = {isa = PBXFileReference; lastKnownFileType = sourcecode.swift; path = "13. UIViewRepresentablePractice.swift"; sourceTree = "<group>"; };
		45F513D929717C6300FBD2FA /* 14. UIViewControllerRepresentablePractice.swift */ = {isa = PBXFileReference; lastKnownFileType = sourcecode.swift; path = "14. UIViewControllerRepresentablePractice.swift"; sourceTree = "<group>"; };
		45F513DC297264AD00FBD2FA /* 15. ProtocolPractice.swift */ = {isa = PBXFileReference; lastKnownFileType = sourcecode.swift; path = "15. ProtocolPractice.swift"; sourceTree = "<group>"; };
		45F513DE297272A600FBD2FA /* 16. DependencyInjectionPractice.swift */ = {isa = PBXFileReference; lastKnownFileType = sourcecode.swift; path = "16. DependencyInjectionPractice.swift"; sourceTree = "<group>"; };
		45F513E12972917500FBD2FA /* UnitTestView.swift */ = {isa = PBXFileReference; lastKnownFileType = sourcecode.swift; path = UnitTestView.swift; sourceTree = "<group>"; };
		45F513E32972960C00FBD2FA /* UnitTestViewModel.swift */ = {isa = PBXFileReference; lastKnownFileType = sourcecode.swift; path = UnitTestViewModel.swift; sourceTree = "<group>"; };
		45F513E9297296F900FBD2FA /* Advanced_Tests.xctest */ = {isa = PBXFileReference; explicitFileType = wrapper.cfbundle; includeInIndex = 0; path = Advanced_Tests.xctest; sourceTree = BUILT_PRODUCTS_DIR; };
		45F513EB297296F900FBD2FA /* Advanced_Tests.swift */ = {isa = PBXFileReference; lastKnownFileType = sourcecode.swift; path = Advanced_Tests.swift; sourceTree = "<group>"; };
		45F513F2297297CD00FBD2FA /* UnitTestViewModel_Tests.swift */ = {isa = PBXFileReference; lastKnownFileType = sourcecode.swift; path = UnitTestViewModel_Tests.swift; sourceTree = "<group>"; };
		45F513F429763D6300FBD2FA /* NewMockDataService.swift */ = {isa = PBXFileReference; lastKnownFileType = sourcecode.swift; path = NewMockDataService.swift; sourceTree = "<group>"; };
		45F513F629763DB900FBD2FA /* NewMockDataService_Tests.swift */ = {isa = PBXFileReference; lastKnownFileType = sourcecode.swift; path = NewMockDataService_Tests.swift; sourceTree = "<group>"; };
		45F513F829766AA800FBD2FA /* 18. UITestPractice.swift */ = {isa = PBXFileReference; lastKnownFileType = sourcecode.swift; path = "18. UITestPractice.swift"; sourceTree = "<group>"; };
		45F513FE2976714E00FBD2FA /* Advanced_UITests.xctest */ = {isa = PBXFileReference; explicitFileType = wrapper.cfbundle; includeInIndex = 0; path = Advanced_UITests.xctest; sourceTree = BUILT_PRODUCTS_DIR; };
		45F514002976714E00FBD2FA /* Advanced_UITests.swift */ = {isa = PBXFileReference; lastKnownFileType = sourcecode.swift; path = Advanced_UITests.swift; sourceTree = "<group>"; };
		45F514022976714E00FBD2FA /* Advanced_UITestsLaunchTests.swift */ = {isa = PBXFileReference; lastKnownFileType = sourcecode.swift; path = Advanced_UITestsLaunchTests.swift; sourceTree = "<group>"; };
		45F5140929776F0000FBD2FA /* UITestPracticeView_UITests.swift */ = {isa = PBXFileReference; lastKnownFileType = sourcecode.swift; path = UITestPracticeView_UITests.swift; sourceTree = "<group>"; };
/* End PBXFileReference section */

/* Begin PBXFrameworksBuildPhase section */
		45D2FC6E2966B28700CDFF41 /* Frameworks */ = {
			isa = PBXFrameworksBuildPhase;
			buildActionMask = 2147483647;
			files = (
			);
			runOnlyForDeploymentPostprocessing = 0;
		};
		45F513E6297296F900FBD2FA /* Frameworks */ = {
			isa = PBXFrameworksBuildPhase;
			buildActionMask = 2147483647;
			files = (
			);
			runOnlyForDeploymentPostprocessing = 0;
		};
		45F513FB2976714E00FBD2FA /* Frameworks */ = {
			isa = PBXFrameworksBuildPhase;
			buildActionMask = 2147483647;
			files = (
			);
			runOnlyForDeploymentPostprocessing = 0;
		};
/* End PBXFrameworksBuildPhase section */

/* Begin PBXGroup section */
		45748C3729791CD600CBBF67 /* 21. CloudKitPractice */ = {
			isa = PBXGroup;
			children = (
				45748C3829791CE900CBBF67 /* CloudKitUserPractice.swift */,
				45E8CE34298A00AB0052E167 /* CloudKitCrudPractice.swift */,
				4510AAA4298A39DC0068FDE9 /* CloudKitPushNotificationView.swift */,
				4510AAA6298E2A670068FDE9 /* CloudKitUtility.swift */,
			);
			path = "21. CloudKitPractice";
			sourceTree = "<group>";
		};
		45D2FC682966B28600CDFF41 = {
			isa = PBXGroup;
			children = (
				45D2FC732966B28700CDFF41 /* Advanced */,
				45F513C8297116D400FBD2FA /* 12. CustomNavigationView */,
				45F513D729714B1800FBD2FA /* 13. UIViewRepresentablePractice.swift */,
				45F513D929717C6300FBD2FA /* 14. UIViewControllerRepresentablePractice.swift */,
				45F513DC297264AD00FBD2FA /* 15. ProtocolPractice.swift */,
				45F513DE297272A600FBD2FA /* 16. DependencyInjectionPractice.swift */,
				45F513E02972916200FBD2FA /* 17. UnitTestPractice */,
				45F513F829766AA800FBD2FA /* 18. UITestPractice.swift */,
				45748C332977B03300CBBF67 /* 19. AdvancedCombinePractice.swift */,
				45748C352978114100CBBF67 /* 20. FuturePractice.swift */,
				45748C3729791CD600CBBF67 /* 21. CloudKitPractice */,
				45F513EA297296F900FBD2FA /* Advanced_Tests */,
				45F513FF2976714E00FBD2FA /* Advanced_UITests */,
				45D2FC722966B28700CDFF41 /* Products */,
			);
			sourceTree = "<group>";
		};
		45D2FC722966B28700CDFF41 /* Products */ = {
			isa = PBXGroup;
			children = (
				45D2FC712966B28700CDFF41 /* Advanced.app */,
				45F513E9297296F900FBD2FA /* Advanced_Tests.xctest */,
				45F513FE2976714E00FBD2FA /* Advanced_UITests.xctest */,
			);
			name = Products;
			sourceTree = "<group>";
		};
		45D2FC732966B28700CDFF41 /* Advanced */ = {
			isa = PBXGroup;
			children = (
				456D334A29893466003B9B98 /* Advanced.entitlements */,
				45D2FC782966B28800CDFF41 /* Assets.xcassets */,
				45D2FC7A2966B28800CDFF41 /* Preview Content */,
				45D2FC742966B28700CDFF41 /* AdvancedApp.swift */,
				45D2FC822967AA1600CDFF41 /* 1. ViewModifierPractice.swift */,
				45D2FC842967AFEA00CDFF41 /* 2. ButtonStylePractice.swift */,
				45F513A6296E5A6700FBD2FA /* 3. CustomAnyTransitionPractice.swift */,
				45F513A8296E6B3400FBD2FA /* 4. MatchedGeometryEffectPractice.swift */,
				45F513AA296E6DC400FBD2FA /* 4.1. MatchedGeometryEffectPractice2.swift */,
				45F513AC296E8F4200FBD2FA /* 5. CustomShapePractice.swift */,
				45F513AE296EAE1100FBD2FA /* 6. CustomShapeCurvePractice.swift */,
				45F513B0296ED06F00FBD2FA /* 7. AnimatedableDataPractice.swift */,
				45F513B2296ED70D00FBD2FA /* 8. GenericPractice.swift */,
				45F513B4296FC69F00FBD2FA /* 9. ViewBuilderPractice.swift */,
				45F513B8296FE2C900FBD2FA /* 10. GeometryPreferencePractice */,
				45F513BF296FFF8C00FBD2FA /* 11. CustomTabView */,
			);
			path = Advanced;
			sourceTree = "<group>";
		};
		45D2FC7A2966B28800CDFF41 /* Preview Content */ = {
			isa = PBXGroup;
			children = (
				45D2FC7B2966B28800CDFF41 /* Preview Assets.xcassets */,
			);
			path = "Preview Content";
			sourceTree = "<group>";
		};
		45F513B8296FE2C900FBD2FA /* 10. GeometryPreferencePractice */ = {
			isa = PBXGroup;
			children = (
				45F513B6296FDEE000FBD2FA /* 10. PreferenceKeyPractice.swift */,
				45F513B9296FE2F400FBD2FA /* 10.1. GeometryPreferencePractice.swift */,
				45F513BB296FE69F00FBD2FA /* 10.2. ScrollViewOffsetPreferenceKeyPractice.swift */,
			);
			path = "10. GeometryPreferencePractice";
			sourceTree = "<group>";
		};
		45F513BF296FFF8C00FBD2FA /* 11. CustomTabView */ = {
			isa = PBXGroup;
			children = (
				45F513BD296FFF5F00FBD2FA /* TabViewPractice.swift */,
				45F513C02970239300FBD2FA /* CustomTabBarView.swift */,
				45F513C22970287400FBD2FA /* CustomTabBarContainerView.swift */,
				45F513C42970E55C00FBD2FA /* TabBaritemPreferenceKey.swift */,
				45F513C62970EA5C00FBD2FA /* TabBarItem.swift */,
			);
			path = "11. CustomTabView";
			sourceTree = "<group>";
		};
		45F513C8297116D400FBD2FA /* 12. CustomNavigationView */ = {
			isa = PBXGroup;
			children = (
				45F513C92971174600FBD2FA /* AppNavBarView.swift */,
				45F513D52971349300FBD2FA /* CustomNavBarPreferenceKey.swift */,
				45F513D12971206500FBD2FA /* CustomNavView.swift */,
				45F513CB2971189000FBD2FA /* CustomNavBarView.swift */,
				45F513CD29711CFD00FBD2FA /* CustomNavBarContainerView.swift */,
				45F513D3297131DC00FBD2FA /* CustomNavLink.swift */,
			);
			path = "12. CustomNavigationView";
			sourceTree = "<group>";
		};
		45F513E02972916200FBD2FA /* 17. UnitTestPractice */ = {
			isa = PBXGroup;
			children = (
				45F513E12972917500FBD2FA /* UnitTestView.swift */,
				45F513E32972960C00FBD2FA /* UnitTestViewModel.swift */,
				45F513F429763D6300FBD2FA /* NewMockDataService.swift */,
			);
			path = "17. UnitTestPractice";
			sourceTree = "<group>";
		};
		45F513EA297296F900FBD2FA /* Advanced_Tests */ = {
			isa = PBXGroup;
			children = (
				45F513EB297296F900FBD2FA /* Advanced_Tests.swift */,
				45F513F2297297CD00FBD2FA /* UnitTestViewModel_Tests.swift */,
				45F513F629763DB900FBD2FA /* NewMockDataService_Tests.swift */,
			);
			path = Advanced_Tests;
			sourceTree = "<group>";
		};
		45F513FF2976714E00FBD2FA /* Advanced_UITests */ = {
			isa = PBXGroup;
			children = (
				45F514002976714E00FBD2FA /* Advanced_UITests.swift */,
				45F514022976714E00FBD2FA /* Advanced_UITestsLaunchTests.swift */,
				45F5140929776F0000FBD2FA /* UITestPracticeView_UITests.swift */,
			);
			path = Advanced_UITests;
			sourceTree = "<group>";
		};
/* End PBXGroup section */

/* Begin PBXNativeTarget section */
		45D2FC702966B28700CDFF41 /* Advanced */ = {
			isa = PBXNativeTarget;
			buildConfigurationList = 45D2FC7F2966B28800CDFF41 /* Build configuration list for PBXNativeTarget "Advanced" */;
			buildPhases = (
				45D2FC6D2966B28700CDFF41 /* Sources */,
				45D2FC6E2966B28700CDFF41 /* Frameworks */,
				45D2FC6F2966B28700CDFF41 /* Resources */,
			);
			buildRules = (
			);
			dependencies = (
			);
			name = Advanced;
			productName = Advanced;
			productReference = 45D2FC712966B28700CDFF41 /* Advanced.app */;
			productType = "com.apple.product-type.application";
		};
		45F513E8297296F900FBD2FA /* Advanced_Tests */ = {
			isa = PBXNativeTarget;
			buildConfigurationList = 45F513EF297296F900FBD2FA /* Build configuration list for PBXNativeTarget "Advanced_Tests" */;
			buildPhases = (
				45F513E5297296F900FBD2FA /* Sources */,
				45F513E6297296F900FBD2FA /* Frameworks */,
				45F513E7297296F900FBD2FA /* Resources */,
			);
			buildRules = (
			);
			dependencies = (
				45F513EE297296F900FBD2FA /* PBXTargetDependency */,
			);
			name = Advanced_Tests;
			productName = Advanced_Tests;
			productReference = 45F513E9297296F900FBD2FA /* Advanced_Tests.xctest */;
			productType = "com.apple.product-type.bundle.unit-test";
		};
		45F513FD2976714E00FBD2FA /* Advanced_UITests */ = {
			isa = PBXNativeTarget;
			buildConfigurationList = 45F514062976714E00FBD2FA /* Build configuration list for PBXNativeTarget "Advanced_UITests" */;
			buildPhases = (
				45F513FA2976714E00FBD2FA /* Sources */,
				45F513FB2976714E00FBD2FA /* Frameworks */,
				45F513FC2976714E00FBD2FA /* Resources */,
			);
			buildRules = (
			);
			dependencies = (
				45F514052976714E00FBD2FA /* PBXTargetDependency */,
			);
			name = Advanced_UITests;
			productName = Advanced_UITests;
			productReference = 45F513FE2976714E00FBD2FA /* Advanced_UITests.xctest */;
			productType = "com.apple.product-type.bundle.ui-testing";
		};
/* End PBXNativeTarget section */

/* Begin PBXProject section */
		45D2FC692966B28600CDFF41 /* Project object */ = {
			isa = PBXProject;
			attributes = {
				BuildIndependentTargetsInParallel = 1;
				LastSwiftUpdateCheck = 1420;
				LastUpgradeCheck = 1420;
				TargetAttributes = {
					45D2FC702966B28700CDFF41 = {
						CreatedOnToolsVersion = 14.2;
					};
					45F513E8297296F900FBD2FA = {
						CreatedOnToolsVersion = 14.2;
						TestTargetID = 45D2FC702966B28700CDFF41;
					};
					45F513FD2976714E00FBD2FA = {
						CreatedOnToolsVersion = 14.2;
						TestTargetID = 45D2FC702966B28700CDFF41;
					};
				};
			};
			buildConfigurationList = 45D2FC6C2966B28600CDFF41 /* Build configuration list for PBXProject "Advanced" */;
			compatibilityVersion = "Xcode 14.0";
			developmentRegion = en;
			hasScannedForEncodings = 0;
			knownRegions = (
				en,
				Base,
			);
			mainGroup = 45D2FC682966B28600CDFF41;
			productRefGroup = 45D2FC722966B28700CDFF41 /* Products */;
			projectDirPath = "";
			projectRoot = "";
			targets = (
				45D2FC702966B28700CDFF41 /* Advanced */,
				45F513E8297296F900FBD2FA /* Advanced_Tests */,
				45F513FD2976714E00FBD2FA /* Advanced_UITests */,
			);
		};
/* End PBXProject section */

/* Begin PBXResourcesBuildPhase section */
		45D2FC6F2966B28700CDFF41 /* Resources */ = {
			isa = PBXResourcesBuildPhase;
			buildActionMask = 2147483647;
			files = (
				45D2FC7C2966B28800CDFF41 /* Preview Assets.xcassets in Resources */,
				45D2FC792966B28800CDFF41 /* Assets.xcassets in Resources */,
			);
			runOnlyForDeploymentPostprocessing = 0;
		};
		45F513E7297296F900FBD2FA /* Resources */ = {
			isa = PBXResourcesBuildPhase;
			buildActionMask = 2147483647;
			files = (
			);
			runOnlyForDeploymentPostprocessing = 0;
		};
		45F513FC2976714E00FBD2FA /* Resources */ = {
			isa = PBXResourcesBuildPhase;
			buildActionMask = 2147483647;
			files = (
			);
			runOnlyForDeploymentPostprocessing = 0;
		};
/* End PBXResourcesBuildPhase section */

/* Begin PBXSourcesBuildPhase section */
		45D2FC6D2966B28700CDFF41 /* Sources */ = {
			isa = PBXSourcesBuildPhase;
			buildActionMask = 2147483647;
			files = (
				45F513B5296FC69F00FBD2FA /* 9. ViewBuilderPractice.swift in Sources */,
				45D2FC832967AA1600CDFF41 /* 1. ViewModifierPractice.swift in Sources */,
				45F513BC296FE69F00FBD2FA /* 10.2. ScrollViewOffsetPreferenceKeyPractice.swift in Sources */,
				45F513C12970239300FBD2FA /* CustomTabBarView.swift in Sources */,
				45F513D4297131DC00FBD2FA /* CustomNavLink.swift in Sources */,
				45F513BA296FE2F400FBD2FA /* 10.1. GeometryPreferencePractice.swift in Sources */,
				45E8CE35298A00AB0052E167 /* CloudKitCrudPractice.swift in Sources */,
				45748C3929791CE900CBBF67 /* CloudKitUserPractice.swift in Sources */,
				45748C362978114100CBBF67 /* 20. FuturePractice.swift in Sources */,
				45D2FC752966B28700CDFF41 /* AdvancedApp.swift in Sources */,
				45F513D829714B1800FBD2FA /* 13. UIViewRepresentablePractice.swift in Sources */,
				45F513E22972917500FBD2FA /* UnitTestView.swift in Sources */,
				45F513D22971206500FBD2FA /* CustomNavView.swift in Sources */,
				45F513AD296E8F4200FBD2FA /* 5. CustomShapePractice.swift in Sources */,
				45F513DA29717C6400FBD2FA /* 14. UIViewControllerRepresentablePractice.swift in Sources */,
				45F513C52970E55C00FBD2FA /* TabBaritemPreferenceKey.swift in Sources */,
				4510AAA7298E2A670068FDE9 /* CloudKitUtility.swift in Sources */,
				45D2FC852967AFEA00CDFF41 /* 2. ButtonStylePractice.swift in Sources */,
				45F513B7296FDEE000FBD2FA /* 10. PreferenceKeyPractice.swift in Sources */,
				45F513B1296ED06F00FBD2FA /* 7. AnimatedableDataPractice.swift in Sources */,
				45748C342977B03300CBBF67 /* 19. AdvancedCombinePractice.swift in Sources */,
				45F513D62971349300FBD2FA /* CustomNavBarPreferenceKey.swift in Sources */,
				45F513AB296E6DC400FBD2FA /* 4.1. MatchedGeometryEffectPractice2.swift in Sources */,
				45F513F529763D6300FBD2FA /* NewMockDataService.swift in Sources */,
				45F513BE296FFF5F00FBD2FA /* TabViewPractice.swift in Sources */,
				45F513DD297264AE00FBD2FA /* 15. ProtocolPractice.swift in Sources */,
				45F513C72970EA5C00FBD2FA /* TabBarItem.swift in Sources */,
				45F513B3296ED70D00FBD2FA /* 8. GenericPractice.swift in Sources */,
				45F513C32970287400FBD2FA /* CustomTabBarContainerView.swift in Sources */,
				45F513CA2971174600FBD2FA /* AppNavBarView.swift in Sources */,
				45F513AF296EAE1100FBD2FA /* 6. CustomShapeCurvePractice.swift in Sources */,
				45F513E42972960C00FBD2FA /* UnitTestViewModel.swift in Sources */,
				45F513F929766AA800FBD2FA /* 18. UITestPractice.swift in Sources */,
				45F513CC2971189000FBD2FA /* CustomNavBarView.swift in Sources */,
				45F513DF297272A600FBD2FA /* 16. DependencyInjectionPractice.swift in Sources */,
				4510AAA5298A39DC0068FDE9 /* CloudKitPushNotificationView.swift in Sources */,
				45F513CE29711CFD00FBD2FA /* CustomNavBarContainerView.swift in Sources */,
				45F513A7296E5A6700FBD2FA /* 3. CustomAnyTransitionPractice.swift in Sources */,
				45F513A9296E6B3400FBD2FA /* 4. MatchedGeometryEffectPractice.swift in Sources */,
			);
			runOnlyForDeploymentPostprocessing = 0;
		};
		45F513E5297296F900FBD2FA /* Sources */ = {
			isa = PBXSourcesBuildPhase;
			buildActionMask = 2147483647;
			files = (
				45F513F3297297CD00FBD2FA /* UnitTestViewModel_Tests.swift in Sources */,
				45F513EC297296F900FBD2FA /* Advanced_Tests.swift in Sources */,
				45F513F729763DB900FBD2FA /* NewMockDataService_Tests.swift in Sources */,
			);
			runOnlyForDeploymentPostprocessing = 0;
		};
		45F513FA2976714E00FBD2FA /* Sources */ = {
			isa = PBXSourcesBuildPhase;
			buildActionMask = 2147483647;
			files = (
				45F514032976714E00FBD2FA /* Advanced_UITestsLaunchTests.swift in Sources */,
				45F5140A29776F0000FBD2FA /* UITestPracticeView_UITests.swift in Sources */,
				45F514012976714E00FBD2FA /* Advanced_UITests.swift in Sources */,
			);
			runOnlyForDeploymentPostprocessing = 0;
		};
/* End PBXSourcesBuildPhase section */

/* Begin PBXTargetDependency section */
		45F513EE297296F900FBD2FA /* PBXTargetDependency */ = {
			isa = PBXTargetDependency;
			target = 45D2FC702966B28700CDFF41 /* Advanced */;
			targetProxy = 45F513ED297296F900FBD2FA /* PBXContainerItemProxy */;
		};
		45F514052976714E00FBD2FA /* PBXTargetDependency */ = {
			isa = PBXTargetDependency;
			target = 45D2FC702966B28700CDFF41 /* Advanced */;
			targetProxy = 45F514042976714E00FBD2FA /* PBXContainerItemProxy */;
		};
/* End PBXTargetDependency section */

/* Begin XCBuildConfiguration section */
		45D2FC7D2966B28800CDFF41 /* Debug */ = {
			isa = XCBuildConfiguration;
			buildSettings = {
				ALWAYS_SEARCH_USER_PATHS = NO;
				CLANG_ANALYZER_NONNULL = YES;
				CLANG_ANALYZER_NUMBER_OBJECT_CONVERSION = YES_AGGRESSIVE;
				CLANG_CXX_LANGUAGE_STANDARD = "gnu++20";
				CLANG_ENABLE_MODULES = YES;
				CLANG_ENABLE_OBJC_ARC = YES;
				CLANG_ENABLE_OBJC_WEAK = YES;
				CLANG_WARN_BLOCK_CAPTURE_AUTORELEASING = YES;
				CLANG_WARN_BOOL_CONVERSION = YES;
				CLANG_WARN_COMMA = YES;
				CLANG_WARN_CONSTANT_CONVERSION = YES;
				CLANG_WARN_DEPRECATED_OBJC_IMPLEMENTATIONS = YES;
				CLANG_WARN_DIRECT_OBJC_ISA_USAGE = YES_ERROR;
				CLANG_WARN_DOCUMENTATION_COMMENTS = YES;
				CLANG_WARN_EMPTY_BODY = YES;
				CLANG_WARN_ENUM_CONVERSION = YES;
				CLANG_WARN_INFINITE_RECURSION = YES;
				CLANG_WARN_INT_CONVERSION = YES;
				CLANG_WARN_NON_LITERAL_NULL_CONVERSION = YES;
				CLANG_WARN_OBJC_IMPLICIT_RETAIN_SELF = YES;
				CLANG_WARN_OBJC_LITERAL_CONVERSION = YES;
				CLANG_WARN_OBJC_ROOT_CLASS = YES_ERROR;
				CLANG_WARN_QUOTED_INCLUDE_IN_FRAMEWORK_HEADER = YES;
				CLANG_WARN_RANGE_LOOP_ANALYSIS = YES;
				CLANG_WARN_STRICT_PROTOTYPES = YES;
				CLANG_WARN_SUSPICIOUS_MOVE = YES;
				CLANG_WARN_UNGUARDED_AVAILABILITY = YES_AGGRESSIVE;
				CLANG_WARN_UNREACHABLE_CODE = YES;
				CLANG_WARN__DUPLICATE_METHOD_MATCH = YES;
				COPY_PHASE_STRIP = NO;
				DEBUG_INFORMATION_FORMAT = dwarf;
				ENABLE_STRICT_OBJC_MSGSEND = YES;
				ENABLE_TESTABILITY = YES;
				GCC_C_LANGUAGE_STANDARD = gnu11;
				GCC_DYNAMIC_NO_PIC = NO;
				GCC_NO_COMMON_BLOCKS = YES;
				GCC_OPTIMIZATION_LEVEL = 0;
				GCC_PREPROCESSOR_DEFINITIONS = (
					"DEBUG=1",
					"$(inherited)",
				);
				GCC_WARN_64_TO_32_BIT_CONVERSION = YES;
				GCC_WARN_ABOUT_RETURN_TYPE = YES_ERROR;
				GCC_WARN_UNDECLARED_SELECTOR = YES;
				GCC_WARN_UNINITIALIZED_AUTOS = YES_AGGRESSIVE;
				GCC_WARN_UNUSED_FUNCTION = YES;
				GCC_WARN_UNUSED_VARIABLE = YES;
				IPHONEOS_DEPLOYMENT_TARGET = 16.2;
				MTL_ENABLE_DEBUG_INFO = INCLUDE_SOURCE;
				MTL_FAST_MATH = YES;
				ONLY_ACTIVE_ARCH = YES;
				SDKROOT = iphoneos;
				SWIFT_ACTIVE_COMPILATION_CONDITIONS = DEBUG;
				SWIFT_OPTIMIZATION_LEVEL = "-Onone";
			};
			name = Debug;
		};
		45D2FC7E2966B28800CDFF41 /* Release */ = {
			isa = XCBuildConfiguration;
			buildSettings = {
				ALWAYS_SEARCH_USER_PATHS = NO;
				CLANG_ANALYZER_NONNULL = YES;
				CLANG_ANALYZER_NUMBER_OBJECT_CONVERSION = YES_AGGRESSIVE;
				CLANG_CXX_LANGUAGE_STANDARD = "gnu++20";
				CLANG_ENABLE_MODULES = YES;
				CLANG_ENABLE_OBJC_ARC = YES;
				CLANG_ENABLE_OBJC_WEAK = YES;
				CLANG_WARN_BLOCK_CAPTURE_AUTORELEASING = YES;
				CLANG_WARN_BOOL_CONVERSION = YES;
				CLANG_WARN_COMMA = YES;
				CLANG_WARN_CONSTANT_CONVERSION = YES;
				CLANG_WARN_DEPRECATED_OBJC_IMPLEMENTATIONS = YES;
				CLANG_WARN_DIRECT_OBJC_ISA_USAGE = YES_ERROR;
				CLANG_WARN_DOCUMENTATION_COMMENTS = YES;
				CLANG_WARN_EMPTY_BODY = YES;
				CLANG_WARN_ENUM_CONVERSION = YES;
				CLANG_WARN_INFINITE_RECURSION = YES;
				CLANG_WARN_INT_CONVERSION = YES;
				CLANG_WARN_NON_LITERAL_NULL_CONVERSION = YES;
				CLANG_WARN_OBJC_IMPLICIT_RETAIN_SELF = YES;
				CLANG_WARN_OBJC_LITERAL_CONVERSION = YES;
				CLANG_WARN_OBJC_ROOT_CLASS = YES_ERROR;
				CLANG_WARN_QUOTED_INCLUDE_IN_FRAMEWORK_HEADER = YES;
				CLANG_WARN_RANGE_LOOP_ANALYSIS = YES;
				CLANG_WARN_STRICT_PROTOTYPES = YES;
				CLANG_WARN_SUSPICIOUS_MOVE = YES;
				CLANG_WARN_UNGUARDED_AVAILABILITY = YES_AGGRESSIVE;
				CLANG_WARN_UNREACHABLE_CODE = YES;
				CLANG_WARN__DUPLICATE_METHOD_MATCH = YES;
				COPY_PHASE_STRIP = NO;
				DEBUG_INFORMATION_FORMAT = "dwarf-with-dsym";
				ENABLE_NS_ASSERTIONS = NO;
				ENABLE_STRICT_OBJC_MSGSEND = YES;
				GCC_C_LANGUAGE_STANDARD = gnu11;
				GCC_NO_COMMON_BLOCKS = YES;
				GCC_WARN_64_TO_32_BIT_CONVERSION = YES;
				GCC_WARN_ABOUT_RETURN_TYPE = YES_ERROR;
				GCC_WARN_UNDECLARED_SELECTOR = YES;
				GCC_WARN_UNINITIALIZED_AUTOS = YES_AGGRESSIVE;
				GCC_WARN_UNUSED_FUNCTION = YES;
				GCC_WARN_UNUSED_VARIABLE = YES;
				IPHONEOS_DEPLOYMENT_TARGET = 16.2;
				MTL_ENABLE_DEBUG_INFO = NO;
				MTL_FAST_MATH = YES;
				SDKROOT = iphoneos;
				SWIFT_COMPILATION_MODE = wholemodule;
				SWIFT_OPTIMIZATION_LEVEL = "-O";
				VALIDATE_PRODUCT = YES;
			};
			name = Release;
		};
		45D2FC802966B28800CDFF41 /* Debug */ = {
			isa = XCBuildConfiguration;
			buildSettings = {
				ASSETCATALOG_COMPILER_APPICON_NAME = AppIcon;
				ASSETCATALOG_COMPILER_GLOBAL_ACCENT_COLOR_NAME = AccentColor;
				CODE_SIGN_ENTITLEMENTS = Advanced/Advanced.entitlements;
				CODE_SIGN_STYLE = Automatic;
				CURRENT_PROJECT_VERSION = 1;
				DEVELOPMENT_ASSET_PATHS = "\"Advanced/Preview Content\"";
				DEVELOPMENT_TEAM = 433LH3TNXX;
				ENABLE_PREVIEWS = YES;
				GENERATE_INFOPLIST_FILE = YES;
				INFOPLIST_KEY_UIApplicationSceneManifest_Generation = YES;
				INFOPLIST_KEY_UIApplicationSupportsIndirectInputEvents = YES;
				INFOPLIST_KEY_UILaunchScreen_Generation = YES;
				INFOPLIST_KEY_UISupportedInterfaceOrientations_iPad = "UIInterfaceOrientationPortrait UIInterfaceOrientationPortraitUpsideDown UIInterfaceOrientationLandscapeLeft UIInterfaceOrientationLandscapeRight";
				INFOPLIST_KEY_UISupportedInterfaceOrientations_iPhone = "UIInterfaceOrientationPortrait UIInterfaceOrientationLandscapeLeft UIInterfaceOrientationLandscapeRight";
				IPHONEOS_DEPLOYMENT_TARGET = 16.0;
				LD_RUNPATH_SEARCH_PATHS = (
					"$(inherited)",
					"@executable_path/Frameworks",
				);
				MARKETING_VERSION = 1.0;
				PRODUCT_BUNDLE_IDENTIFIER = com.yeonBlue.Advanced;
				PRODUCT_NAME = "$(TARGET_NAME)";
				SWIFT_EMIT_LOC_STRINGS = YES;
				SWIFT_VERSION = 5.0;
				TARGETED_DEVICE_FAMILY = "1,2";
			};
			name = Debug;
		};
		45D2FC812966B28800CDFF41 /* Release */ = {
			isa = XCBuildConfiguration;
			buildSettings = {
				ASSETCATALOG_COMPILER_APPICON_NAME = AppIcon;
				ASSETCATALOG_COMPILER_GLOBAL_ACCENT_COLOR_NAME = AccentColor;
				CODE_SIGN_ENTITLEMENTS = Advanced/Advanced.entitlements;
				CODE_SIGN_STYLE = Automatic;
				CURRENT_PROJECT_VERSION = 1;
				DEVELOPMENT_ASSET_PATHS = "\"Advanced/Preview Content\"";
				DEVELOPMENT_TEAM = 433LH3TNXX;
				ENABLE_PREVIEWS = YES;
				GENERATE_INFOPLIST_FILE = YES;
				INFOPLIST_KEY_UIApplicationSceneManifest_Generation = YES;
				INFOPLIST_KEY_UIApplicationSupportsIndirectInputEvents = YES;
				INFOPLIST_KEY_UILaunchScreen_Generation = YES;
				INFOPLIST_KEY_UISupportedInterfaceOrientations_iPad = "UIInterfaceOrientationPortrait UIInterfaceOrientationPortraitUpsideDown UIInterfaceOrientationLandscapeLeft UIInterfaceOrientationLandscapeRight";
				INFOPLIST_KEY_UISupportedInterfaceOrientations_iPhone = "UIInterfaceOrientationPortrait UIInterfaceOrientationLandscapeLeft UIInterfaceOrientationLandscapeRight";
				IPHONEOS_DEPLOYMENT_TARGET = 16.0;
				LD_RUNPATH_SEARCH_PATHS = (
					"$(inherited)",
					"@executable_path/Frameworks",
				);
				MARKETING_VERSION = 1.0;
				PRODUCT_BUNDLE_IDENTIFIER = com.yeonBlue.Advanced;
				PRODUCT_NAME = "$(TARGET_NAME)";
				SWIFT_EMIT_LOC_STRINGS = YES;
				SWIFT_VERSION = 5.0;
				TARGETED_DEVICE_FAMILY = "1,2";
			};
			name = Release;
		};
		45F513F0297296F900FBD2FA /* Debug */ = {
			isa = XCBuildConfiguration;
			buildSettings = {
				BUNDLE_LOADER = "$(TEST_HOST)";
				CODE_SIGN_STYLE = Automatic;
				CURRENT_PROJECT_VERSION = 1;
				DEVELOPMENT_TEAM = 433LH3TNXX;
				GENERATE_INFOPLIST_FILE = YES;
				IPHONEOS_DEPLOYMENT_TARGET = 16.0;
				MARKETING_VERSION = 1.0;
				PRODUCT_BUNDLE_IDENTIFIER = "com.yeonBlue.Advanced-Tests";
				PRODUCT_NAME = "$(TARGET_NAME)";
				SWIFT_EMIT_LOC_STRINGS = NO;
				SWIFT_VERSION = 5.0;
				TARGETED_DEVICE_FAMILY = "1,2";
				TEST_HOST = "$(BUILT_PRODUCTS_DIR)/Advanced.app/$(BUNDLE_EXECUTABLE_FOLDER_PATH)/Advanced";
			};
			name = Debug;
		};
		45F513F1297296F900FBD2FA /* Release */ = {
			isa = XCBuildConfiguration;
			buildSettings = {
				BUNDLE_LOADER = "$(TEST_HOST)";
				CODE_SIGN_STYLE = Automatic;
				CURRENT_PROJECT_VERSION = 1;
				DEVELOPMENT_TEAM = 433LH3TNXX;
				GENERATE_INFOPLIST_FILE = YES;
				IPHONEOS_DEPLOYMENT_TARGET = 16.0;
				MARKETING_VERSION = 1.0;
				PRODUCT_BUNDLE_IDENTIFIER = "com.yeonBlue.Advanced-Tests";
				PRODUCT_NAME = "$(TARGET_NAME)";
				SWIFT_EMIT_LOC_STRINGS = NO;
				SWIFT_VERSION = 5.0;
				TARGETED_DEVICE_FAMILY = "1,2";
				TEST_HOST = "$(BUILT_PRODUCTS_DIR)/Advanced.app/$(BUNDLE_EXECUTABLE_FOLDER_PATH)/Advanced";
			};
			name = Release;
		};
		45F514072976714E00FBD2FA /* Debug */ = {
			isa = XCBuildConfiguration;
			buildSettings = {
				CODE_SIGN_STYLE = Automatic;
				CURRENT_PROJECT_VERSION = 1;
				DEVELOPMENT_TEAM = 433LH3TNXX;
				GENERATE_INFOPLIST_FILE = YES;
				IPHONEOS_DEPLOYMENT_TARGET = 16.0;
				MARKETING_VERSION = 1.0;
				PRODUCT_BUNDLE_IDENTIFIER = "com.yeonBlue.Advanced-UITests";
				PRODUCT_NAME = "$(TARGET_NAME)";
				SWIFT_EMIT_LOC_STRINGS = NO;
				SWIFT_VERSION = 5.0;
				TARGETED_DEVICE_FAMILY = "1,2";
				TEST_TARGET_NAME = Advanced;
			};
			name = Debug;
		};
		45F514082976714E00FBD2FA /* Release */ = {
			isa = XCBuildConfiguration;
			buildSettings = {
				CODE_SIGN_STYLE = Automatic;
				CURRENT_PROJECT_VERSION = 1;
				DEVELOPMENT_TEAM = 433LH3TNXX;
				GENERATE_INFOPLIST_FILE = YES;
				IPHONEOS_DEPLOYMENT_TARGET = 16.0;
				MARKETING_VERSION = 1.0;
				PRODUCT_BUNDLE_IDENTIFIER = "com.yeonBlue.Advanced-UITests";
				PRODUCT_NAME = "$(TARGET_NAME)";
				SWIFT_EMIT_LOC_STRINGS = NO;
				SWIFT_VERSION = 5.0;
				TARGETED_DEVICE_FAMILY = "1,2";
				TEST_TARGET_NAME = Advanced;
			};
			name = Release;
		};
/* End XCBuildConfiguration section */

/* Begin XCConfigurationList section */
		45D2FC6C2966B28600CDFF41 /* Build configuration list for PBXProject "Advanced" */ = {
			isa = XCConfigurationList;
			buildConfigurations = (
				45D2FC7D2966B28800CDFF41 /* Debug */,
				45D2FC7E2966B28800CDFF41 /* Release */,
			);
			defaultConfigurationIsVisible = 0;
			defaultConfigurationName = Release;
		};
		45D2FC7F2966B28800CDFF41 /* Build configuration list for PBXNativeTarget "Advanced" */ = {
			isa = XCConfigurationList;
			buildConfigurations = (
				45D2FC802966B28800CDFF41 /* Debug */,
				45D2FC812966B28800CDFF41 /* Release */,
			);
			defaultConfigurationIsVisible = 0;
			defaultConfigurationName = Release;
		};
		45F513EF297296F900FBD2FA /* Build configuration list for PBXNativeTarget "Advanced_Tests" */ = {
			isa = XCConfigurationList;
			buildConfigurations = (
				45F513F0297296F900FBD2FA /* Debug */,
				45F513F1297296F900FBD2FA /* Release */,
			);
			defaultConfigurationIsVisible = 0;
			defaultConfigurationName = Release;
		};
		45F514062976714E00FBD2FA /* Build configuration list for PBXNativeTarget "Advanced_UITests" */ = {
			isa = XCConfigurationList;
			buildConfigurations = (
				45F514072976714E00FBD2FA /* Debug */,
				45F514082976714E00FBD2FA /* Release */,
			);
			defaultConfigurationIsVisible = 0;
			defaultConfigurationName = Release;
		};
/* End XCConfigurationList section */
	};
	rootObject = 45D2FC692966B28600CDFF41 /* Project object */;
}
