// !$*UTF8*$!
{
	archiveVersion = 1;
	classes = {
	};
	objectVersion = 56;
	objects = {

/* Begin PBXBuildFile section */
		45D2FC932967BA2700CDFF41 /* CryptoApp.swift in Sources */ = {isa = PBXBuildFile; fileRef = 45D2FC922967BA2700CDFF41 /* CryptoApp.swift */; };
		45D2FC952967BA2700CDFF41 /* ContentView.swift in Sources */ = {isa = PBXBuildFile; fileRef = 45D2FC942967BA2700CDFF41 /* ContentView.swift */; };
		45D2FC972967BA2800CDFF41 /* Assets.xcassets in Resources */ = {isa = PBXBuildFile; fileRef = 45D2FC962967BA2800CDFF41 /* Assets.xcassets */; };
		45D2FC9A2967BA2800CDFF41 /* Preview Assets.xcassets in Resources */ = {isa = PBXBuildFile; fileRef = 45D2FC992967BA2800CDFF41 /* Preview Assets.xcassets */; };
		45D2FCA42967BD0100CDFF41 /* Color.swift in Sources */ = {isa = PBXBuildFile; fileRef = 45D2FCA32967BD0100CDFF41 /* Color.swift */; };
		45D2FCAA2967C11000CDFF41 /* HomeView.swift in Sources */ = {isa = PBXBuildFile; fileRef = 45D2FCA92967C11000CDFF41 /* HomeView.swift */; };
		45D2FCAE2967C21F00CDFF41 /* CircleButtonView.swift in Sources */ = {isa = PBXBuildFile; fileRef = 45D2FCAD2967C21F00CDFF41 /* CircleButtonView.swift */; };
		45D2FCB02967EE1A00CDFF41 /* CircleButtonAnimationView.swift in Sources */ = {isa = PBXBuildFile; fileRef = 45D2FCAF2967EE1A00CDFF41 /* CircleButtonAnimationView.swift */; };
		45D2FCB32967F21300CDFF41 /* CoinModel.swift in Sources */ = {isa = PBXBuildFile; fileRef = 45D2FCB22967F21300CDFF41 /* CoinModel.swift */; };
		45E1EA222968FA65000ED236 /* CoinRowView.swift in Sources */ = {isa = PBXBuildFile; fileRef = 45E1EA212968FA65000ED236 /* CoinRowView.swift */; };
		45E1EA242968FAF0000ED236 /* PreviewProvider.swift in Sources */ = {isa = PBXBuildFile; fileRef = 45E1EA232968FAF0000ED236 /* PreviewProvider.swift */; };
		45E1EA262969021E000ED236 /* Double.swift in Sources */ = {isa = PBXBuildFile; fileRef = 45E1EA252969021E000ED236 /* Double.swift */; };
		45E1EA28296935CD000ED236 /* HomeViewModel.swift in Sources */ = {isa = PBXBuildFile; fileRef = 45E1EA27296935CD000ED236 /* HomeViewModel.swift */; };
		45E1EA2B29693FA4000ED236 /* CoinDataService.swift in Sources */ = {isa = PBXBuildFile; fileRef = 45E1EA2A29693FA4000ED236 /* CoinDataService.swift */; };
		45E1EA2E296960A2000ED236 /* NetworkingManager.swift in Sources */ = {isa = PBXBuildFile; fileRef = 45E1EA2D296960A2000ED236 /* NetworkingManager.swift */; };
		45E1EA3129696A73000ED236 /* CoinImageView.swift in Sources */ = {isa = PBXBuildFile; fileRef = 45E1EA3029696A73000ED236 /* CoinImageView.swift */; };
		45E1EA3329696B8A000ED236 /* CoinImageService.swift in Sources */ = {isa = PBXBuildFile; fileRef = 45E1EA3229696B8A000ED236 /* CoinImageService.swift */; };
		45E1EA3529699E23000ED236 /* CoinImageViewModel.swift in Sources */ = {isa = PBXBuildFile; fileRef = 45E1EA3429699E23000ED236 /* CoinImageViewModel.swift */; };
		45E1EA37296A7DCC000ED236 /* LocalFileManager.swift in Sources */ = {isa = PBXBuildFile; fileRef = 45E1EA36296A7DCC000ED236 /* LocalFileManager.swift */; };
		45E1EA39296A8662000ED236 /* SearchBarView.swift in Sources */ = {isa = PBXBuildFile; fileRef = 45E1EA38296A8662000ED236 /* SearchBarView.swift */; };
		45E1EA3B296AB23F000ED236 /* UIApplication.swift in Sources */ = {isa = PBXBuildFile; fileRef = 45E1EA3A296AB23F000ED236 /* UIApplication.swift */; };
/* End PBXBuildFile section */

/* Begin PBXFileReference section */
		45D2FC8F2967BA2700CDFF41 /* Crypto.app */ = {isa = PBXFileReference; explicitFileType = wrapper.application; includeInIndex = 0; path = Crypto.app; sourceTree = BUILT_PRODUCTS_DIR; };
		45D2FC922967BA2700CDFF41 /* CryptoApp.swift */ = {isa = PBXFileReference; lastKnownFileType = sourcecode.swift; path = CryptoApp.swift; sourceTree = "<group>"; };
		45D2FC942967BA2700CDFF41 /* ContentView.swift */ = {isa = PBXFileReference; lastKnownFileType = sourcecode.swift; path = ContentView.swift; sourceTree = "<group>"; };
		45D2FC962967BA2800CDFF41 /* Assets.xcassets */ = {isa = PBXFileReference; lastKnownFileType = folder.assetcatalog; path = Assets.xcassets; sourceTree = "<group>"; };
		45D2FC992967BA2800CDFF41 /* Preview Assets.xcassets */ = {isa = PBXFileReference; lastKnownFileType = folder.assetcatalog; path = "Preview Assets.xcassets"; sourceTree = "<group>"; };
		45D2FCA32967BD0100CDFF41 /* Color.swift */ = {isa = PBXFileReference; lastKnownFileType = sourcecode.swift; path = Color.swift; sourceTree = "<group>"; };
		45D2FCA92967C11000CDFF41 /* HomeView.swift */ = {isa = PBXFileReference; lastKnownFileType = sourcecode.swift; path = HomeView.swift; sourceTree = "<group>"; };
		45D2FCAD2967C21F00CDFF41 /* CircleButtonView.swift */ = {isa = PBXFileReference; lastKnownFileType = sourcecode.swift; path = CircleButtonView.swift; sourceTree = "<group>"; };
		45D2FCAF2967EE1A00CDFF41 /* CircleButtonAnimationView.swift */ = {isa = PBXFileReference; lastKnownFileType = sourcecode.swift; path = CircleButtonAnimationView.swift; sourceTree = "<group>"; };
		45D2FCB22967F21300CDFF41 /* CoinModel.swift */ = {isa = PBXFileReference; lastKnownFileType = sourcecode.swift; path = CoinModel.swift; sourceTree = "<group>"; };
		45E1EA212968FA65000ED236 /* CoinRowView.swift */ = {isa = PBXFileReference; lastKnownFileType = sourcecode.swift; path = CoinRowView.swift; sourceTree = "<group>"; };
		45E1EA232968FAF0000ED236 /* PreviewProvider.swift */ = {isa = PBXFileReference; lastKnownFileType = sourcecode.swift; path = PreviewProvider.swift; sourceTree = "<group>"; };
		45E1EA252969021E000ED236 /* Double.swift */ = {isa = PBXFileReference; lastKnownFileType = sourcecode.swift; path = Double.swift; sourceTree = "<group>"; };
		45E1EA27296935CD000ED236 /* HomeViewModel.swift */ = {isa = PBXFileReference; lastKnownFileType = sourcecode.swift; path = HomeViewModel.swift; sourceTree = "<group>"; };
		45E1EA2A29693FA4000ED236 /* CoinDataService.swift */ = {isa = PBXFileReference; lastKnownFileType = sourcecode.swift; path = CoinDataService.swift; sourceTree = "<group>"; };
		45E1EA2D296960A2000ED236 /* NetworkingManager.swift */ = {isa = PBXFileReference; lastKnownFileType = sourcecode.swift; path = NetworkingManager.swift; sourceTree = "<group>"; };
		45E1EA3029696A73000ED236 /* CoinImageView.swift */ = {isa = PBXFileReference; lastKnownFileType = sourcecode.swift; path = CoinImageView.swift; sourceTree = "<group>"; };
		45E1EA3229696B8A000ED236 /* CoinImageService.swift */ = {isa = PBXFileReference; lastKnownFileType = sourcecode.swift; path = CoinImageService.swift; sourceTree = "<group>"; };
		45E1EA3429699E23000ED236 /* CoinImageViewModel.swift */ = {isa = PBXFileReference; lastKnownFileType = sourcecode.swift; path = CoinImageViewModel.swift; sourceTree = "<group>"; };
		45E1EA36296A7DCC000ED236 /* LocalFileManager.swift */ = {isa = PBXFileReference; lastKnownFileType = sourcecode.swift; path = LocalFileManager.swift; sourceTree = "<group>"; };
		45E1EA38296A8662000ED236 /* SearchBarView.swift */ = {isa = PBXFileReference; lastKnownFileType = sourcecode.swift; path = SearchBarView.swift; sourceTree = "<group>"; };
		45E1EA3A296AB23F000ED236 /* UIApplication.swift */ = {isa = PBXFileReference; lastKnownFileType = sourcecode.swift; path = UIApplication.swift; sourceTree = "<group>"; };
/* End PBXFileReference section */

/* Begin PBXFrameworksBuildPhase section */
		45D2FC8C2967BA2700CDFF41 /* Frameworks */ = {
			isa = PBXFrameworksBuildPhase;
			buildActionMask = 2147483647;
			files = (
			);
			runOnlyForDeploymentPostprocessing = 0;
		};
/* End PBXFrameworksBuildPhase section */

/* Begin PBXGroup section */
		45D2FC862967BA2600CDFF41 = {
			isa = PBXGroup;
			children = (
				45D2FC912967BA2700CDFF41 /* Crypto */,
				45D2FC902967BA2700CDFF41 /* Products */,
			);
			sourceTree = "<group>";
		};
		45D2FC902967BA2700CDFF41 /* Products */ = {
			isa = PBXGroup;
			children = (
				45D2FC8F2967BA2700CDFF41 /* Crypto.app */,
			);
			name = Products;
			sourceTree = "<group>";
		};
		45D2FC912967BA2700CDFF41 /* Crypto */ = {
			isa = PBXGroup;
			children = (
				45D2FC922967BA2700CDFF41 /* CryptoApp.swift */,
				45E1EA2C29695DFE000ED236 /* Utils */,
				45D2FCA22967BCED00CDFF41 /* Extension */,
				45E1EA2929693F85000ED236 /* Services */,
				45D2FCB12967F20100CDFF41 /* Models */,
				45D2FCA52967C0C800CDFF41 /* Core */,
				45D2FC942967BA2700CDFF41 /* ContentView.swift */,
				45D2FC962967BA2800CDFF41 /* Assets.xcassets */,
				45D2FC982967BA2800CDFF41 /* Preview Content */,
			);
			path = Crypto;
			sourceTree = "<group>";
		};
		45D2FC982967BA2800CDFF41 /* Preview Content */ = {
			isa = PBXGroup;
			children = (
				45D2FC992967BA2800CDFF41 /* Preview Assets.xcassets */,
			);
			path = "Preview Content";
			sourceTree = "<group>";
		};
		45D2FCA22967BCED00CDFF41 /* Extension */ = {
			isa = PBXGroup;
			children = (
				45D2FCA32967BD0100CDFF41 /* Color.swift */,
				45E1EA232968FAF0000ED236 /* PreviewProvider.swift */,
				45E1EA252969021E000ED236 /* Double.swift */,
				45E1EA3A296AB23F000ED236 /* UIApplication.swift */,
			);
			path = Extension;
			sourceTree = "<group>";
		};
		45D2FCA52967C0C800CDFF41 /* Core */ = {
			isa = PBXGroup;
			children = (
				45D2FCAB2967C20000CDFF41 /* Components */,
				45D2FCA62967C0D100CDFF41 /* Home */,
			);
			name = Core;
			path = "책ㄷ";
			sourceTree = "<group>";
		};
		45D2FCA62967C0D100CDFF41 /* Home */ = {
			isa = PBXGroup;
			children = (
				45D2FCA82967C0E100CDFF41 /* ViewModels */,
				45D2FCA72967C0DC00CDFF41 /* Views */,
			);
			path = Home;
			sourceTree = "<group>";
		};
		45D2FCA72967C0DC00CDFF41 /* Views */ = {
			isa = PBXGroup;
			children = (
				45D2FCA92967C11000CDFF41 /* HomeView.swift */,
				45E1EA212968FA65000ED236 /* CoinRowView.swift */,
			);
			path = Views;
			sourceTree = "<group>";
		};
		45D2FCA82967C0E100CDFF41 /* ViewModels */ = {
			isa = PBXGroup;
			children = (
				45E1EA27296935CD000ED236 /* HomeViewModel.swift */,
			);
			path = ViewModels;
			sourceTree = "<group>";
		};
		45D2FCAB2967C20000CDFF41 /* Components */ = {
			isa = PBXGroup;
			children = (
				45E1EA2F29696A66000ED236 /* CoinImage */,
				45D2FCAC2967C21000CDFF41 /* CircleButton */,
				45E1EA38296A8662000ED236 /* SearchBarView.swift */,
			);
			path = Components;
			sourceTree = "<group>";
		};
		45D2FCAC2967C21000CDFF41 /* CircleButton */ = {
			isa = PBXGroup;
			children = (
				45D2FCAD2967C21F00CDFF41 /* CircleButtonView.swift */,
				45D2FCAF2967EE1A00CDFF41 /* CircleButtonAnimationView.swift */,
			);
			path = CircleButton;
			sourceTree = "<group>";
		};
		45D2FCB12967F20100CDFF41 /* Models */ = {
			isa = PBXGroup;
			children = (
				45D2FCB22967F21300CDFF41 /* CoinModel.swift */,
			);
			path = Models;
			sourceTree = "<group>";
		};
		45E1EA2929693F85000ED236 /* Services */ = {
			isa = PBXGroup;
			children = (
				45E1EA2A29693FA4000ED236 /* CoinDataService.swift */,
				45E1EA3229696B8A000ED236 /* CoinImageService.swift */,
			);
			path = Services;
			sourceTree = "<group>";
		};
		45E1EA2C29695DFE000ED236 /* Utils */ = {
			isa = PBXGroup;
			children = (
				45E1EA2D296960A2000ED236 /* NetworkingManager.swift */,
				45E1EA36296A7DCC000ED236 /* LocalFileManager.swift */,
			);
			path = Utils;
			sourceTree = "<group>";
		};
		45E1EA2F29696A66000ED236 /* CoinImage */ = {
			isa = PBXGroup;
			children = (
				45E1EA3029696A73000ED236 /* CoinImageView.swift */,
				45E1EA3429699E23000ED236 /* CoinImageViewModel.swift */,
			);
			path = CoinImage;
			sourceTree = "<group>";
		};
/* End PBXGroup section */

/* Begin PBXNativeTarget section */
		45D2FC8E2967BA2700CDFF41 /* Crypto */ = {
			isa = PBXNativeTarget;
			buildConfigurationList = 45D2FC9D2967BA2800CDFF41 /* Build configuration list for PBXNativeTarget "Crypto" */;
			buildPhases = (
				45D2FC8B2967BA2700CDFF41 /* Sources */,
				45D2FC8C2967BA2700CDFF41 /* Frameworks */,
				45D2FC8D2967BA2700CDFF41 /* Resources */,
			);
			buildRules = (
			);
			dependencies = (
			);
			name = Crypto;
			productName = Crypto;
			productReference = 45D2FC8F2967BA2700CDFF41 /* Crypto.app */;
			productType = "com.apple.product-type.application";
		};
/* End PBXNativeTarget section */

/* Begin PBXProject section */
		45D2FC872967BA2600CDFF41 /* Project object */ = {
			isa = PBXProject;
			attributes = {
				BuildIndependentTargetsInParallel = 1;
				LastSwiftUpdateCheck = 1420;
				LastUpgradeCheck = 1420;
				TargetAttributes = {
					45D2FC8E2967BA2700CDFF41 = {
						CreatedOnToolsVersion = 14.2;
					};
				};
			};
			buildConfigurationList = 45D2FC8A2967BA2600CDFF41 /* Build configuration list for PBXProject "Crypto" */;
			compatibilityVersion = "Xcode 14.0";
			developmentRegion = en;
			hasScannedForEncodings = 0;
			knownRegions = (
				en,
				Base,
			);
			mainGroup = 45D2FC862967BA2600CDFF41;
			productRefGroup = 45D2FC902967BA2700CDFF41 /* Products */;
			projectDirPath = "";
			projectRoot = "";
			targets = (
				45D2FC8E2967BA2700CDFF41 /* Crypto */,
			);
		};
/* End PBXProject section */

/* Begin PBXResourcesBuildPhase section */
		45D2FC8D2967BA2700CDFF41 /* Resources */ = {
			isa = PBXResourcesBuildPhase;
			buildActionMask = 2147483647;
			files = (
				45D2FC9A2967BA2800CDFF41 /* Preview Assets.xcassets in Resources */,
				45D2FC972967BA2800CDFF41 /* Assets.xcassets in Resources */,
			);
			runOnlyForDeploymentPostprocessing = 0;
		};
/* End PBXResourcesBuildPhase section */

/* Begin PBXSourcesBuildPhase section */
		45D2FC8B2967BA2700CDFF41 /* Sources */ = {
			isa = PBXSourcesBuildPhase;
			buildActionMask = 2147483647;
			files = (
				45E1EA2B29693FA4000ED236 /* CoinDataService.swift in Sources */,
				45E1EA222968FA65000ED236 /* CoinRowView.swift in Sources */,
				45E1EA28296935CD000ED236 /* HomeViewModel.swift in Sources */,
				45D2FC952967BA2700CDFF41 /* ContentView.swift in Sources */,
				45E1EA37296A7DCC000ED236 /* LocalFileManager.swift in Sources */,
				45D2FCAA2967C11000CDFF41 /* HomeView.swift in Sources */,
				45E1EA3129696A73000ED236 /* CoinImageView.swift in Sources */,
				45D2FC932967BA2700CDFF41 /* CryptoApp.swift in Sources */,
				45E1EA3B296AB23F000ED236 /* UIApplication.swift in Sources */,
				45D2FCAE2967C21F00CDFF41 /* CircleButtonView.swift in Sources */,
				45D2FCA42967BD0100CDFF41 /* Color.swift in Sources */,
				45E1EA39296A8662000ED236 /* SearchBarView.swift in Sources */,
				45E1EA2E296960A2000ED236 /* NetworkingManager.swift in Sources */,
				45D2FCB02967EE1A00CDFF41 /* CircleButtonAnimationView.swift in Sources */,
				45E1EA3529699E23000ED236 /* CoinImageViewModel.swift in Sources */,
				45E1EA242968FAF0000ED236 /* PreviewProvider.swift in Sources */,
				45E1EA262969021E000ED236 /* Double.swift in Sources */,
				45E1EA3329696B8A000ED236 /* CoinImageService.swift in Sources */,
				45D2FCB32967F21300CDFF41 /* CoinModel.swift in Sources */,
			);
			runOnlyForDeploymentPostprocessing = 0;
		};
/* End PBXSourcesBuildPhase section */

/* Begin XCBuildConfiguration section */
		45D2FC9B2967BA2800CDFF41 /* Debug */ = {
			isa = XCBuildConfiguration;
			buildSettings = {
				ALWAYS_SEARCH_USER_PATHS = NO;
				CLANG_ANALYZER_NONNULL = YES;
				CLANG_ANALYZER_NUMBER_OBJECT_CONVERSION = YES_AGGRESSIVE;
				CLANG_CXX_LANGUAGE_STANDARD = "gnu++20";
				CLANG_ENABLE_MODULES = YES;
				CLANG_ENABLE_OBJC_ARC = YES;
				CLANG_ENABLE_OBJC_WEAK = YES;
				CLANG_WARN_BLOCK_CAPTURE_AUTORELEASING = YES;
				CLANG_WARN_BOOL_CONVERSION = YES;
				CLANG_WARN_COMMA = YES;
				CLANG_WARN_CONSTANT_CONVERSION = YES;
				CLANG_WARN_DEPRECATED_OBJC_IMPLEMENTATIONS = YES;
				CLANG_WARN_DIRECT_OBJC_ISA_USAGE = YES_ERROR;
				CLANG_WARN_DOCUMENTATION_COMMENTS = YES;
				CLANG_WARN_EMPTY_BODY = YES;
				CLANG_WARN_ENUM_CONVERSION = YES;
				CLANG_WARN_INFINITE_RECURSION = YES;
				CLANG_WARN_INT_CONVERSION = YES;
				CLANG_WARN_NON_LITERAL_NULL_CONVERSION = YES;
				CLANG_WARN_OBJC_IMPLICIT_RETAIN_SELF = YES;
				CLANG_WARN_OBJC_LITERAL_CONVERSION = YES;
				CLANG_WARN_OBJC_ROOT_CLASS = YES_ERROR;
				CLANG_WARN_QUOTED_INCLUDE_IN_FRAMEWORK_HEADER = YES;
				CLANG_WARN_RANGE_LOOP_ANALYSIS = YES;
				CLANG_WARN_STRICT_PROTOTYPES = YES;
				CLANG_WARN_SUSPICIOUS_MOVE = YES;
				CLANG_WARN_UNGUARDED_AVAILABILITY = YES_AGGRESSIVE;
				CLANG_WARN_UNREACHABLE_CODE = YES;
				CLANG_WARN__DUPLICATE_METHOD_MATCH = YES;
				COPY_PHASE_STRIP = NO;
				DEBUG_INFORMATION_FORMAT = dwarf;
				ENABLE_STRICT_OBJC_MSGSEND = YES;
				ENABLE_TESTABILITY = YES;
				GCC_C_LANGUAGE_STANDARD = gnu11;
				GCC_DYNAMIC_NO_PIC = NO;
				GCC_NO_COMMON_BLOCKS = YES;
				GCC_OPTIMIZATION_LEVEL = 0;
				GCC_PREPROCESSOR_DEFINITIONS = (
					"DEBUG=1",
					"$(inherited)",
				);
				GCC_WARN_64_TO_32_BIT_CONVERSION = YES;
				GCC_WARN_ABOUT_RETURN_TYPE = YES_ERROR;
				GCC_WARN_UNDECLARED_SELECTOR = YES;
				GCC_WARN_UNINITIALIZED_AUTOS = YES_AGGRESSIVE;
				GCC_WARN_UNUSED_FUNCTION = YES;
				GCC_WARN_UNUSED_VARIABLE = YES;
				IPHONEOS_DEPLOYMENT_TARGET = 16.2;
				MTL_ENABLE_DEBUG_INFO = INCLUDE_SOURCE;
				MTL_FAST_MATH = YES;
				ONLY_ACTIVE_ARCH = YES;
				SDKROOT = iphoneos;
				SWIFT_ACTIVE_COMPILATION_CONDITIONS = DEBUG;
				SWIFT_OPTIMIZATION_LEVEL = "-Onone";
			};
			name = Debug;
		};
		45D2FC9C2967BA2800CDFF41 /* Release */ = {
			isa = XCBuildConfiguration;
			buildSettings = {
				ALWAYS_SEARCH_USER_PATHS = NO;
				CLANG_ANALYZER_NONNULL = YES;
				CLANG_ANALYZER_NUMBER_OBJECT_CONVERSION = YES_AGGRESSIVE;
				CLANG_CXX_LANGUAGE_STANDARD = "gnu++20";
				CLANG_ENABLE_MODULES = YES;
				CLANG_ENABLE_OBJC_ARC = YES;
				CLANG_ENABLE_OBJC_WEAK = YES;
				CLANG_WARN_BLOCK_CAPTURE_AUTORELEASING = YES;
				CLANG_WARN_BOOL_CONVERSION = YES;
				CLANG_WARN_COMMA = YES;
				CLANG_WARN_CONSTANT_CONVERSION = YES;
				CLANG_WARN_DEPRECATED_OBJC_IMPLEMENTATIONS = YES;
				CLANG_WARN_DIRECT_OBJC_ISA_USAGE = YES_ERROR;
				CLANG_WARN_DOCUMENTATION_COMMENTS = YES;
				CLANG_WARN_EMPTY_BODY = YES;
				CLANG_WARN_ENUM_CONVERSION = YES;
				CLANG_WARN_INFINITE_RECURSION = YES;
				CLANG_WARN_INT_CONVERSION = YES;
				CLANG_WARN_NON_LITERAL_NULL_CONVERSION = YES;
				CLANG_WARN_OBJC_IMPLICIT_RETAIN_SELF = YES;
				CLANG_WARN_OBJC_LITERAL_CONVERSION = YES;
				CLANG_WARN_OBJC_ROOT_CLASS = YES_ERROR;
				CLANG_WARN_QUOTED_INCLUDE_IN_FRAMEWORK_HEADER = YES;
				CLANG_WARN_RANGE_LOOP_ANALYSIS = YES;
				CLANG_WARN_STRICT_PROTOTYPES = YES;
				CLANG_WARN_SUSPICIOUS_MOVE = YES;
				CLANG_WARN_UNGUARDED_AVAILABILITY = YES_AGGRESSIVE;
				CLANG_WARN_UNREACHABLE_CODE = YES;
				CLANG_WARN__DUPLICATE_METHOD_MATCH = YES;
				COPY_PHASE_STRIP = NO;
				DEBUG_INFORMATION_FORMAT = "dwarf-with-dsym";
				ENABLE_NS_ASSERTIONS = NO;
				ENABLE_STRICT_OBJC_MSGSEND = YES;
				GCC_C_LANGUAGE_STANDARD = gnu11;
				GCC_NO_COMMON_BLOCKS = YES;
				GCC_WARN_64_TO_32_BIT_CONVERSION = YES;
				GCC_WARN_ABOUT_RETURN_TYPE = YES_ERROR;
				GCC_WARN_UNDECLARED_SELECTOR = YES;
				GCC_WARN_UNINITIALIZED_AUTOS = YES_AGGRESSIVE;
				GCC_WARN_UNUSED_FUNCTION = YES;
				GCC_WARN_UNUSED_VARIABLE = YES;
				IPHONEOS_DEPLOYMENT_TARGET = 16.2;
				MTL_ENABLE_DEBUG_INFO = NO;
				MTL_FAST_MATH = YES;
				SDKROOT = iphoneos;
				SWIFT_COMPILATION_MODE = wholemodule;
				SWIFT_OPTIMIZATION_LEVEL = "-O";
				VALIDATE_PRODUCT = YES;
			};
			name = Release;
		};
		45D2FC9E2967BA2800CDFF41 /* Debug */ = {
			isa = XCBuildConfiguration;
			buildSettings = {
				ASSETCATALOG_COMPILER_APPICON_NAME = AppIcon;
				ASSETCATALOG_COMPILER_GLOBAL_ACCENT_COLOR_NAME = AccentColor;
				CODE_SIGN_STYLE = Automatic;
				CURRENT_PROJECT_VERSION = 1;
				DEVELOPMENT_ASSET_PATHS = "\"Crypto/Preview Content\"";
				DEVELOPMENT_TEAM = 433LH3TNXX;
				ENABLE_PREVIEWS = YES;
				GENERATE_INFOPLIST_FILE = YES;
				INFOPLIST_KEY_CFBundleDisplayName = "Crpyto Tracker";
				INFOPLIST_KEY_UIApplicationSceneManifest_Generation = YES;
				INFOPLIST_KEY_UIApplicationSupportsIndirectInputEvents = YES;
				INFOPLIST_KEY_UILaunchScreen_Generation = YES;
				INFOPLIST_KEY_UISupportedInterfaceOrientations = "UIInterfaceOrientationLandscapeRight UIInterfaceOrientationPortrait";
				INFOPLIST_KEY_UISupportedInterfaceOrientations_iPad = UIInterfaceOrientationPortrait;
				IPHONEOS_DEPLOYMENT_TARGET = 14.7;
				LD_RUNPATH_SEARCH_PATHS = (
					"$(inherited)",
					"@executable_path/Frameworks",
				);
				MARKETING_VERSION = 1.0;
				PRODUCT_BUNDLE_IDENTIFIER = com.yeonBlue.Crypto;
				PRODUCT_NAME = "$(TARGET_NAME)";
				SWIFT_EMIT_LOC_STRINGS = YES;
				SWIFT_VERSION = 5.0;
				TARGETED_DEVICE_FAMILY = "1,2";
			};
			name = Debug;
		};
		45D2FC9F2967BA2800CDFF41 /* Release */ = {
			isa = XCBuildConfiguration;
			buildSettings = {
				ASSETCATALOG_COMPILER_APPICON_NAME = AppIcon;
				ASSETCATALOG_COMPILER_GLOBAL_ACCENT_COLOR_NAME = AccentColor;
				CODE_SIGN_STYLE = Automatic;
				CURRENT_PROJECT_VERSION = 1;
				DEVELOPMENT_ASSET_PATHS = "\"Crypto/Preview Content\"";
				DEVELOPMENT_TEAM = 433LH3TNXX;
				ENABLE_PREVIEWS = YES;
				GENERATE_INFOPLIST_FILE = YES;
				INFOPLIST_KEY_CFBundleDisplayName = "Crpyto Tracker";
				INFOPLIST_KEY_UIApplicationSceneManifest_Generation = YES;
				INFOPLIST_KEY_UIApplicationSupportsIndirectInputEvents = YES;
				INFOPLIST_KEY_UILaunchScreen_Generation = YES;
				INFOPLIST_KEY_UISupportedInterfaceOrientations = "UIInterfaceOrientationLandscapeRight UIInterfaceOrientationPortrait";
				INFOPLIST_KEY_UISupportedInterfaceOrientations_iPad = UIInterfaceOrientationPortrait;
				IPHONEOS_DEPLOYMENT_TARGET = 14.7;
				LD_RUNPATH_SEARCH_PATHS = (
					"$(inherited)",
					"@executable_path/Frameworks",
				);
				MARKETING_VERSION = 1.0;
				PRODUCT_BUNDLE_IDENTIFIER = com.yeonBlue.Crypto;
				PRODUCT_NAME = "$(TARGET_NAME)";
				SWIFT_EMIT_LOC_STRINGS = YES;
				SWIFT_VERSION = 5.0;
				TARGETED_DEVICE_FAMILY = "1,2";
			};
			name = Release;
		};
/* End XCBuildConfiguration section */

/* Begin XCConfigurationList section */
		45D2FC8A2967BA2600CDFF41 /* Build configuration list for PBXProject "Crypto" */ = {
			isa = XCConfigurationList;
			buildConfigurations = (
				45D2FC9B2967BA2800CDFF41 /* Debug */,
				45D2FC9C2967BA2800CDFF41 /* Release */,
			);
			defaultConfigurationIsVisible = 0;
			defaultConfigurationName = Release;
		};
		45D2FC9D2967BA2800CDFF41 /* Build configuration list for PBXNativeTarget "Crypto" */ = {
			isa = XCConfigurationList;
			buildConfigurations = (
				45D2FC9E2967BA2800CDFF41 /* Debug */,
				45D2FC9F2967BA2800CDFF41 /* Release */,
			);
			defaultConfigurationIsVisible = 0;
			defaultConfigurationName = Release;
		};
/* End XCConfigurationList section */
	};
	rootObject = 45D2FC872967BA2600CDFF41 /* Project object */;
}
