// !$*UTF8*$!
{
	archiveVersion = 1;
	classes = {
	};
	objectVersion = 56;
	objects = {

/* Begin PBXBuildFile section */
		45748C47297BCFA600CBBF67 /* StocksApp.swift in Sources */ = {isa = PBXBuildFile; fileRef = 45748C46297BCFA600CBBF67 /* StocksApp.swift */; };
		45748C49297BCFA600CBBF67 /* MainListView.swift in Sources */ = {isa = PBXBuildFile; fileRef = 45748C48297BCFA600CBBF67 /* MainListView.swift */; };
		45748C4B297BCFA800CBBF67 /* Assets.xcassets in Resources */ = {isa = PBXBuildFile; fileRef = 45748C4A297BCFA800CBBF67 /* Assets.xcassets */; };
		45748C4E297BCFA800CBBF67 /* Preview Assets.xcassets in Resources */ = {isa = PBXBuildFile; fileRef = 45748C4D297BCFA800CBBF67 /* Preview Assets.xcassets */; };
		45748C5D297BD9BC00CBBF67 /* StocksAPI in Frameworks */ = {isa = PBXBuildFile; productRef = 45748C5C297BD9BC00CBBF67 /* StocksAPI */; };
		45748C60297BE1C700CBBF67 /* TickerListRowData.swift in Sources */ = {isa = PBXBuildFile; fileRef = 45748C5F297BE1C700CBBF67 /* TickerListRowData.swift */; };
		45748C63297C04DC00CBBF67 /* TickerListRowView.swift in Sources */ = {isa = PBXBuildFile; fileRef = 45748C62297C04DC00CBBF67 /* TickerListRowView.swift */; };
		45748C66297E459500CBBF67 /* EmptyStateView.swift in Sources */ = {isa = PBXBuildFile; fileRef = 45748C65297E459500CBBF67 /* EmptyStateView.swift */; };
		45748C68297E462800CBBF67 /* ErrorStateView.swift in Sources */ = {isa = PBXBuildFile; fileRef = 45748C67297E462800CBBF67 /* ErrorStateView.swift */; };
		45748C6A297E47B700CBBF67 /* LoadingStateView.swift in Sources */ = {isa = PBXBuildFile; fileRef = 45748C69297E47B700CBBF67 /* LoadingStateView.swift */; };
		45748C6D297E481E00CBBF67 /* AppViewModel.swift in Sources */ = {isa = PBXBuildFile; fileRef = 45748C6C297E481E00CBBF67 /* AppViewModel.swift */; };
		45748C70297E495200CBBF67 /* Stubs.swift in Sources */ = {isa = PBXBuildFile; fileRef = 45748C6F297E495200CBBF67 /* Stubs.swift */; };
		45748C72297E4A7100CBBF67 /* QuotesViewModel.swift in Sources */ = {isa = PBXBuildFile; fileRef = 45748C71297E4A7100CBBF67 /* QuotesViewModel.swift */; };
		45748C75297E4AD000CBBF67 /* Utils.swift in Sources */ = {isa = PBXBuildFile; fileRef = 45748C74297E4AD000CBBF67 /* Utils.swift */; };
		45748C78297E509A00CBBF67 /* Quote+Extension.swift in Sources */ = {isa = PBXBuildFile; fileRef = 45748C77297E509A00CBBF67 /* Quote+Extension.swift */; };
/* End PBXBuildFile section */

/* Begin PBXFileReference section */
		45748C43297BCFA600CBBF67 /* Stocks.app */ = {isa = PBXFileReference; explicitFileType = wrapper.application; includeInIndex = 0; path = Stocks.app; sourceTree = BUILT_PRODUCTS_DIR; };
		45748C46297BCFA600CBBF67 /* StocksApp.swift */ = {isa = PBXFileReference; lastKnownFileType = sourcecode.swift; path = StocksApp.swift; sourceTree = "<group>"; };
		45748C48297BCFA600CBBF67 /* MainListView.swift */ = {isa = PBXFileReference; lastKnownFileType = sourcecode.swift; path = MainListView.swift; sourceTree = "<group>"; };
		45748C4A297BCFA800CBBF67 /* Assets.xcassets */ = {isa = PBXFileReference; lastKnownFileType = folder.assetcatalog; path = Assets.xcassets; sourceTree = "<group>"; };
		45748C4D297BCFA800CBBF67 /* Preview Assets.xcassets */ = {isa = PBXFileReference; lastKnownFileType = folder.assetcatalog; path = "Preview Assets.xcassets"; sourceTree = "<group>"; };
		45748C5A297BD84900CBBF67 /* StocksAPI */ = {isa = PBXFileReference; lastKnownFileType = wrapper; name = StocksAPI; path = ../StocksAPI; sourceTree = "<group>"; };
		45748C5F297BE1C700CBBF67 /* TickerListRowData.swift */ = {isa = PBXFileReference; lastKnownFileType = sourcecode.swift; path = TickerListRowData.swift; sourceTree = "<group>"; };
		45748C62297C04DC00CBBF67 /* TickerListRowView.swift */ = {isa = PBXFileReference; lastKnownFileType = sourcecode.swift; path = TickerListRowView.swift; sourceTree = "<group>"; };
		45748C65297E459500CBBF67 /* EmptyStateView.swift */ = {isa = PBXFileReference; lastKnownFileType = sourcecode.swift; path = EmptyStateView.swift; sourceTree = "<group>"; };
		45748C67297E462800CBBF67 /* ErrorStateView.swift */ = {isa = PBXFileReference; lastKnownFileType = sourcecode.swift; path = ErrorStateView.swift; sourceTree = "<group>"; };
		45748C69297E47B700CBBF67 /* LoadingStateView.swift */ = {isa = PBXFileReference; lastKnownFileType = sourcecode.swift; path = LoadingStateView.swift; sourceTree = "<group>"; };
		45748C6C297E481E00CBBF67 /* AppViewModel.swift */ = {isa = PBXFileReference; lastKnownFileType = sourcecode.swift; path = AppViewModel.swift; sourceTree = "<group>"; };
		45748C6F297E495200CBBF67 /* Stubs.swift */ = {isa = PBXFileReference; lastKnownFileType = sourcecode.swift; path = Stubs.swift; sourceTree = "<group>"; };
		45748C71297E4A7100CBBF67 /* QuotesViewModel.swift */ = {isa = PBXFileReference; lastKnownFileType = sourcecode.swift; path = QuotesViewModel.swift; sourceTree = "<group>"; };
		45748C74297E4AD000CBBF67 /* Utils.swift */ = {isa = PBXFileReference; lastKnownFileType = sourcecode.swift; path = Utils.swift; sourceTree = "<group>"; };
		45748C77297E509A00CBBF67 /* Quote+Extension.swift */ = {isa = PBXFileReference; lastKnownFileType = sourcecode.swift; path = "Quote+Extension.swift"; sourceTree = "<group>"; };
/* End PBXFileReference section */

/* Begin PBXFrameworksBuildPhase section */
		45748C40297BCFA600CBBF67 /* Frameworks */ = {
			isa = PBXFrameworksBuildPhase;
			buildActionMask = 2147483647;
			files = (
				45748C5D297BD9BC00CBBF67 /* StocksAPI in Frameworks */,
			);
			runOnlyForDeploymentPostprocessing = 0;
		};
/* End PBXFrameworksBuildPhase section */

/* Begin PBXGroup section */
		45748C3A297BCFA600CBBF67 = {
			isa = PBXGroup;
			children = (
				45748C56297BD56A00CBBF67 /* Packages */,
				45748C45297BCFA600CBBF67 /* Stocks */,
				45748C44297BCFA600CBBF67 /* Products */,
				45748C5B297BD9BC00CBBF67 /* Frameworks */,
			);
			sourceTree = "<group>";
		};
		45748C44297BCFA600CBBF67 /* Products */ = {
			isa = PBXGroup;
			children = (
				45748C43297BCFA600CBBF67 /* Stocks.app */,
			);
			name = Products;
			sourceTree = "<group>";
		};
		45748C45297BCFA600CBBF67 /* Stocks */ = {
			isa = PBXGroup;
			children = (
				45748C46297BCFA600CBBF67 /* StocksApp.swift */,
				45748C76297E4B8A00CBBF67 /* Extensions */,
				45748C6E297E48EF00CBBF67 /* Mocks & Stubs */,
				45748C5E297BE1B800CBBF67 /* Models */,
				45748C6B297E47E600CBBF67 /* ViewModels */,
				45748C61297C04C800CBBF67 /* Views */,
				45748C73297E4AB700CBBF67 /* Utils */,
				45748C4A297BCFA800CBBF67 /* Assets.xcassets */,
				45748C4C297BCFA800CBBF67 /* Preview Content */,
			);
			path = Stocks;
			sourceTree = "<group>";
		};
		45748C4C297BCFA800CBBF67 /* Preview Content */ = {
			isa = PBXGroup;
			children = (
				45748C4D297BCFA800CBBF67 /* Preview Assets.xcassets */,
			);
			path = "Preview Content";
			sourceTree = "<group>";
		};
		45748C56297BD56A00CBBF67 /* Packages */ = {
			isa = PBXGroup;
			children = (
				45748C5A297BD84900CBBF67 /* StocksAPI */,
			);
			name = Packages;
			sourceTree = "<group>";
		};
		45748C5B297BD9BC00CBBF67 /* Frameworks */ = {
			isa = PBXGroup;
			children = (
			);
			name = Frameworks;
			sourceTree = "<group>";
		};
		45748C5E297BE1B800CBBF67 /* Models */ = {
			isa = PBXGroup;
			children = (
				45748C5F297BE1C700CBBF67 /* TickerListRowData.swift */,
			);
			path = Models;
			sourceTree = "<group>";
		};
		45748C61297C04C800CBBF67 /* Views */ = {
			isa = PBXGroup;
			children = (
				45748C48297BCFA600CBBF67 /* MainListView.swift */,
				45748C62297C04DC00CBBF67 /* TickerListRowView.swift */,
				45748C64297E458800CBBF67 /* Common */,
			);
			path = Views;
			sourceTree = "<group>";
		};
		45748C64297E458800CBBF67 /* Common */ = {
			isa = PBXGroup;
			children = (
				45748C65297E459500CBBF67 /* EmptyStateView.swift */,
				45748C67297E462800CBBF67 /* ErrorStateView.swift */,
				45748C69297E47B700CBBF67 /* LoadingStateView.swift */,
			);
			path = Common;
			sourceTree = "<group>";
		};
		45748C6B297E47E600CBBF67 /* ViewModels */ = {
			isa = PBXGroup;
			children = (
				45748C6C297E481E00CBBF67 /* AppViewModel.swift */,
				45748C71297E4A7100CBBF67 /* QuotesViewModel.swift */,
			);
			path = ViewModels;
			sourceTree = "<group>";
		};
		45748C6E297E48EF00CBBF67 /* Mocks & Stubs */ = {
			isa = PBXGroup;
			children = (
				45748C6F297E495200CBBF67 /* Stubs.swift */,
			);
			path = "Mocks & Stubs";
			sourceTree = "<group>";
		};
		45748C73297E4AB700CBBF67 /* Utils */ = {
			isa = PBXGroup;
			children = (
				45748C74297E4AD000CBBF67 /* Utils.swift */,
			);
			path = Utils;
			sourceTree = "<group>";
		};
		45748C76297E4B8A00CBBF67 /* Extensions */ = {
			isa = PBXGroup;
			children = (
				45748C77297E509A00CBBF67 /* Quote+Extension.swift */,
			);
			path = Extensions;
			sourceTree = "<group>";
		};
/* End PBXGroup section */

/* Begin PBXNativeTarget section */
		45748C42297BCFA600CBBF67 /* Stocks */ = {
			isa = PBXNativeTarget;
			buildConfigurationList = 45748C51297BCFA800CBBF67 /* Build configuration list for PBXNativeTarget "Stocks" */;
			buildPhases = (
				45748C3F297BCFA600CBBF67 /* Sources */,
				45748C40297BCFA600CBBF67 /* Frameworks */,
				45748C41297BCFA600CBBF67 /* Resources */,
			);
			buildRules = (
			);
			dependencies = (
			);
			name = Stocks;
			packageProductDependencies = (
				45748C5C297BD9BC00CBBF67 /* StocksAPI */,
			);
			productName = Stocks;
			productReference = 45748C43297BCFA600CBBF67 /* Stocks.app */;
			productType = "com.apple.product-type.application";
		};
/* End PBXNativeTarget section */

/* Begin PBXProject section */
		45748C3B297BCFA600CBBF67 /* Project object */ = {
			isa = PBXProject;
			attributes = {
				BuildIndependentTargetsInParallel = 1;
				LastSwiftUpdateCheck = 1420;
				LastUpgradeCheck = 1420;
				TargetAttributes = {
					45748C42297BCFA600CBBF67 = {
						CreatedOnToolsVersion = 14.2;
					};
				};
			};
			buildConfigurationList = 45748C3E297BCFA600CBBF67 /* Build configuration list for PBXProject "Stocks" */;
			compatibilityVersion = "Xcode 14.0";
			developmentRegion = en;
			hasScannedForEncodings = 0;
			knownRegions = (
				en,
				Base,
			);
			mainGroup = 45748C3A297BCFA600CBBF67;
			productRefGroup = 45748C44297BCFA600CBBF67 /* Products */;
			projectDirPath = "";
			projectRoot = "";
			targets = (
				45748C42297BCFA600CBBF67 /* Stocks */,
			);
		};
/* End PBXProject section */

/* Begin PBXResourcesBuildPhase section */
		45748C41297BCFA600CBBF67 /* Resources */ = {
			isa = PBXResourcesBuildPhase;
			buildActionMask = 2147483647;
			files = (
				45748C4E297BCFA800CBBF67 /* Preview Assets.xcassets in Resources */,
				45748C4B297BCFA800CBBF67 /* Assets.xcassets in Resources */,
			);
			runOnlyForDeploymentPostprocessing = 0;
		};
/* End PBXResourcesBuildPhase section */

/* Begin PBXSourcesBuildPhase section */
		45748C3F297BCFA600CBBF67 /* Sources */ = {
			isa = PBXSourcesBuildPhase;
			buildActionMask = 2147483647;
			files = (
				45748C70297E495200CBBF67 /* Stubs.swift in Sources */,
				45748C6A297E47B700CBBF67 /* LoadingStateView.swift in Sources */,
				45748C49297BCFA600CBBF67 /* MainListView.swift in Sources */,
				45748C72297E4A7100CBBF67 /* QuotesViewModel.swift in Sources */,
				45748C6D297E481E00CBBF67 /* AppViewModel.swift in Sources */,
				45748C47297BCFA600CBBF67 /* StocksApp.swift in Sources */,
				45748C78297E509A00CBBF67 /* Quote+Extension.swift in Sources */,
				45748C66297E459500CBBF67 /* EmptyStateView.swift in Sources */,
				45748C75297E4AD000CBBF67 /* Utils.swift in Sources */,
				45748C68297E462800CBBF67 /* ErrorStateView.swift in Sources */,
				45748C60297BE1C700CBBF67 /* TickerListRowData.swift in Sources */,
				45748C63297C04DC00CBBF67 /* TickerListRowView.swift in Sources */,
			);
			runOnlyForDeploymentPostprocessing = 0;
		};
/* End PBXSourcesBuildPhase section */

/* Begin XCBuildConfiguration section */
		45748C4F297BCFA800CBBF67 /* Debug */ = {
			isa = XCBuildConfiguration;
			buildSettings = {
				ALWAYS_SEARCH_USER_PATHS = NO;
				CLANG_ANALYZER_NONNULL = YES;
				CLANG_ANALYZER_NUMBER_OBJECT_CONVERSION = YES_AGGRESSIVE;
				CLANG_CXX_LANGUAGE_STANDARD = "gnu++20";
				CLANG_ENABLE_MODULES = YES;
				CLANG_ENABLE_OBJC_ARC = YES;
				CLANG_ENABLE_OBJC_WEAK = YES;
				CLANG_WARN_BLOCK_CAPTURE_AUTORELEASING = YES;
				CLANG_WARN_BOOL_CONVERSION = YES;
				CLANG_WARN_COMMA = YES;
				CLANG_WARN_CONSTANT_CONVERSION = YES;
				CLANG_WARN_DEPRECATED_OBJC_IMPLEMENTATIONS = YES;
				CLANG_WARN_DIRECT_OBJC_ISA_USAGE = YES_ERROR;
				CLANG_WARN_DOCUMENTATION_COMMENTS = YES;
				CLANG_WARN_EMPTY_BODY = YES;
				CLANG_WARN_ENUM_CONVERSION = YES;
				CLANG_WARN_INFINITE_RECURSION = YES;
				CLANG_WARN_INT_CONVERSION = YES;
				CLANG_WARN_NON_LITERAL_NULL_CONVERSION = YES;
				CLANG_WARN_OBJC_IMPLICIT_RETAIN_SELF = YES;
				CLANG_WARN_OBJC_LITERAL_CONVERSION = YES;
				CLANG_WARN_OBJC_ROOT_CLASS = YES_ERROR;
				CLANG_WARN_QUOTED_INCLUDE_IN_FRAMEWORK_HEADER = YES;
				CLANG_WARN_RANGE_LOOP_ANALYSIS = YES;
				CLANG_WARN_STRICT_PROTOTYPES = YES;
				CLANG_WARN_SUSPICIOUS_MOVE = YES;
				CLANG_WARN_UNGUARDED_AVAILABILITY = YES_AGGRESSIVE;
				CLANG_WARN_UNREACHABLE_CODE = YES;
				CLANG_WARN__DUPLICATE_METHOD_MATCH = YES;
				COPY_PHASE_STRIP = NO;
				DEBUG_INFORMATION_FORMAT = dwarf;
				ENABLE_STRICT_OBJC_MSGSEND = YES;
				ENABLE_TESTABILITY = YES;
				GCC_C_LANGUAGE_STANDARD = gnu11;
				GCC_DYNAMIC_NO_PIC = NO;
				GCC_NO_COMMON_BLOCKS = YES;
				GCC_OPTIMIZATION_LEVEL = 0;
				GCC_PREPROCESSOR_DEFINITIONS = (
					"DEBUG=1",
					"$(inherited)",
				);
				GCC_WARN_64_TO_32_BIT_CONVERSION = YES;
				GCC_WARN_ABOUT_RETURN_TYPE = YES_ERROR;
				GCC_WARN_UNDECLARED_SELECTOR = YES;
				GCC_WARN_UNINITIALIZED_AUTOS = YES_AGGRESSIVE;
				GCC_WARN_UNUSED_FUNCTION = YES;
				GCC_WARN_UNUSED_VARIABLE = YES;
				IPHONEOS_DEPLOYMENT_TARGET = 16.2;
				MTL_ENABLE_DEBUG_INFO = INCLUDE_SOURCE;
				MTL_FAST_MATH = YES;
				ONLY_ACTIVE_ARCH = YES;
				SDKROOT = iphoneos;
				SWIFT_ACTIVE_COMPILATION_CONDITIONS = DEBUG;
				SWIFT_OPTIMIZATION_LEVEL = "-Onone";
			};
			name = Debug;
		};
		45748C50297BCFA800CBBF67 /* Release */ = {
			isa = XCBuildConfiguration;
			buildSettings = {
				ALWAYS_SEARCH_USER_PATHS = NO;
				CLANG_ANALYZER_NONNULL = YES;
				CLANG_ANALYZER_NUMBER_OBJECT_CONVERSION = YES_AGGRESSIVE;
				CLANG_CXX_LANGUAGE_STANDARD = "gnu++20";
				CLANG_ENABLE_MODULES = YES;
				CLANG_ENABLE_OBJC_ARC = YES;
				CLANG_ENABLE_OBJC_WEAK = YES;
				CLANG_WARN_BLOCK_CAPTURE_AUTORELEASING = YES;
				CLANG_WARN_BOOL_CONVERSION = YES;
				CLANG_WARN_COMMA = YES;
				CLANG_WARN_CONSTANT_CONVERSION = YES;
				CLANG_WARN_DEPRECATED_OBJC_IMPLEMENTATIONS = YES;
				CLANG_WARN_DIRECT_OBJC_ISA_USAGE = YES_ERROR;
				CLANG_WARN_DOCUMENTATION_COMMENTS = YES;
				CLANG_WARN_EMPTY_BODY = YES;
				CLANG_WARN_ENUM_CONVERSION = YES;
				CLANG_WARN_INFINITE_RECURSION = YES;
				CLANG_WARN_INT_CONVERSION = YES;
				CLANG_WARN_NON_LITERAL_NULL_CONVERSION = YES;
				CLANG_WARN_OBJC_IMPLICIT_RETAIN_SELF = YES;
				CLANG_WARN_OBJC_LITERAL_CONVERSION = YES;
				CLANG_WARN_OBJC_ROOT_CLASS = YES_ERROR;
				CLANG_WARN_QUOTED_INCLUDE_IN_FRAMEWORK_HEADER = YES;
				CLANG_WARN_RANGE_LOOP_ANALYSIS = YES;
				CLANG_WARN_STRICT_PROTOTYPES = YES;
				CLANG_WARN_SUSPICIOUS_MOVE = YES;
				CLANG_WARN_UNGUARDED_AVAILABILITY = YES_AGGRESSIVE;
				CLANG_WARN_UNREACHABLE_CODE = YES;
				CLANG_WARN__DUPLICATE_METHOD_MATCH = YES;
				COPY_PHASE_STRIP = NO;
				DEBUG_INFORMATION_FORMAT = "dwarf-with-dsym";
				ENABLE_NS_ASSERTIONS = NO;
				ENABLE_STRICT_OBJC_MSGSEND = YES;
				GCC_C_LANGUAGE_STANDARD = gnu11;
				GCC_NO_COMMON_BLOCKS = YES;
				GCC_WARN_64_TO_32_BIT_CONVERSION = YES;
				GCC_WARN_ABOUT_RETURN_TYPE = YES_ERROR;
				GCC_WARN_UNDECLARED_SELECTOR = YES;
				GCC_WARN_UNINITIALIZED_AUTOS = YES_AGGRESSIVE;
				GCC_WARN_UNUSED_FUNCTION = YES;
				GCC_WARN_UNUSED_VARIABLE = YES;
				IPHONEOS_DEPLOYMENT_TARGET = 16.2;
				MTL_ENABLE_DEBUG_INFO = NO;
				MTL_FAST_MATH = YES;
				SDKROOT = iphoneos;
				SWIFT_COMPILATION_MODE = wholemodule;
				SWIFT_OPTIMIZATION_LEVEL = "-O";
				VALIDATE_PRODUCT = YES;
			};
			name = Release;
		};
		45748C52297BCFA800CBBF67 /* Debug */ = {
			isa = XCBuildConfiguration;
			buildSettings = {
				ASSETCATALOG_COMPILER_APPICON_NAME = AppIcon;
				ASSETCATALOG_COMPILER_GLOBAL_ACCENT_COLOR_NAME = AccentColor;
				CODE_SIGN_STYLE = Automatic;
				CURRENT_PROJECT_VERSION = 1;
				DEVELOPMENT_ASSET_PATHS = "\"Stocks/Preview Content\"";
				DEVELOPMENT_TEAM = 433LH3TNXX;
				ENABLE_PREVIEWS = YES;
				GENERATE_INFOPLIST_FILE = YES;
				INFOPLIST_KEY_CFBundleDisplayName = Stocks;
				INFOPLIST_KEY_UIApplicationSceneManifest_Generation = YES;
				INFOPLIST_KEY_UIApplicationSupportsIndirectInputEvents = YES;
				INFOPLIST_KEY_UILaunchScreen_Generation = YES;
				INFOPLIST_KEY_UISupportedInterfaceOrientations_iPad = "UIInterfaceOrientationPortrait UIInterfaceOrientationPortraitUpsideDown UIInterfaceOrientationLandscapeLeft UIInterfaceOrientationLandscapeRight";
				INFOPLIST_KEY_UISupportedInterfaceOrientations_iPhone = "UIInterfaceOrientationPortrait UIInterfaceOrientationLandscapeLeft UIInterfaceOrientationLandscapeRight";
				IPHONEOS_DEPLOYMENT_TARGET = 16.0;
				LD_RUNPATH_SEARCH_PATHS = (
					"$(inherited)",
					"@executable_path/Frameworks",
				);
				MARKETING_VERSION = 1.0;
				PRODUCT_BUNDLE_IDENTIFIER = com.yeonBlue.Stocks;
				PRODUCT_NAME = "$(TARGET_NAME)";
				SWIFT_EMIT_LOC_STRINGS = YES;
				SWIFT_VERSION = 5.0;
				TARGETED_DEVICE_FAMILY = "1,2";
			};
			name = Debug;
		};
		45748C53297BCFA800CBBF67 /* Release */ = {
			isa = XCBuildConfiguration;
			buildSettings = {
				ASSETCATALOG_COMPILER_APPICON_NAME = AppIcon;
				ASSETCATALOG_COMPILER_GLOBAL_ACCENT_COLOR_NAME = AccentColor;
				CODE_SIGN_STYLE = Automatic;
				CURRENT_PROJECT_VERSION = 1;
				DEVELOPMENT_ASSET_PATHS = "\"Stocks/Preview Content\"";
				DEVELOPMENT_TEAM = 433LH3TNXX;
				ENABLE_PREVIEWS = YES;
				GENERATE_INFOPLIST_FILE = YES;
				INFOPLIST_KEY_CFBundleDisplayName = Stocks;
				INFOPLIST_KEY_UIApplicationSceneManifest_Generation = YES;
				INFOPLIST_KEY_UIApplicationSupportsIndirectInputEvents = YES;
				INFOPLIST_KEY_UILaunchScreen_Generation = YES;
				INFOPLIST_KEY_UISupportedInterfaceOrientations_iPad = "UIInterfaceOrientationPortrait UIInterfaceOrientationPortraitUpsideDown UIInterfaceOrientationLandscapeLeft UIInterfaceOrientationLandscapeRight";
				INFOPLIST_KEY_UISupportedInterfaceOrientations_iPhone = "UIInterfaceOrientationPortrait UIInterfaceOrientationLandscapeLeft UIInterfaceOrientationLandscapeRight";
				IPHONEOS_DEPLOYMENT_TARGET = 16.0;
				LD_RUNPATH_SEARCH_PATHS = (
					"$(inherited)",
					"@executable_path/Frameworks",
				);
				MARKETING_VERSION = 1.0;
				PRODUCT_BUNDLE_IDENTIFIER = com.yeonBlue.Stocks;
				PRODUCT_NAME = "$(TARGET_NAME)";
				SWIFT_EMIT_LOC_STRINGS = YES;
				SWIFT_VERSION = 5.0;
				TARGETED_DEVICE_FAMILY = "1,2";
			};
			name = Release;
		};
/* End XCBuildConfiguration section */

/* Begin XCConfigurationList section */
		45748C3E297BCFA600CBBF67 /* Build configuration list for PBXProject "Stocks" */ = {
			isa = XCConfigurationList;
			buildConfigurations = (
				45748C4F297BCFA800CBBF67 /* Debug */,
				45748C50297BCFA800CBBF67 /* Release */,
			);
			defaultConfigurationIsVisible = 0;
			defaultConfigurationName = Release;
		};
		45748C51297BCFA800CBBF67 /* Build configuration list for PBXNativeTarget "Stocks" */ = {
			isa = XCConfigurationList;
			buildConfigurations = (
				45748C52297BCFA800CBBF67 /* Debug */,
				45748C53297BCFA800CBBF67 /* Release */,
			);
			defaultConfigurationIsVisible = 0;
			defaultConfigurationName = Release;
		};
/* End XCConfigurationList section */

/* Begin XCSwiftPackageProductDependency section */
		45748C5C297BD9BC00CBBF67 /* StocksAPI */ = {
			isa = XCSwiftPackageProductDependency;
			productName = StocksAPI;
		};
/* End XCSwiftPackageProductDependency section */
	};
	rootObject = 45748C3B297BCFA600CBBF67 /* Project object */;
}
