// !$*UTF8*$!
{
	archiveVersion = 1;
	classes = {
	};
	objectVersion = 56;
	objects = {

/* Begin PBXBuildFile section */
		4520057A29CBE760001B09D6 /* GoogleSignIn in Frameworks */ = {isa = PBXBuildFile; productRef = 4520057929CBE760001B09D6 /* GoogleSignIn */; };
		4520057C29CBE760001B09D6 /* GoogleSignInSwift in Frameworks */ = {isa = PBXBuildFile; productRef = 4520057B29CBE760001B09D6 /* GoogleSignInSwift */; };
		4520058029CBEA42001B09D6 /* Utils.swift in Sources */ = {isa = PBXBuildFile; fileRef = 4520057F29CBEA42001B09D6 /* Utils.swift */; };
		4520058229CBF8A3001B09D6 /* SignInGoogleHelper.swift in Sources */ = {isa = PBXBuildFile; fileRef = 4520058129CBF8A3001B09D6 /* SignInGoogleHelper.swift */; };
		4520058529CD96E3001B09D6 /* SignInAppleHelper.swift in Sources */ = {isa = PBXBuildFile; fileRef = 4520058429CD96E3001B09D6 /* SignInAppleHelper.swift */; };
		45412FD829C2E65400B527FC /* FirebasePracticeApp.swift in Sources */ = {isa = PBXBuildFile; fileRef = 45412FD729C2E65400B527FC /* FirebasePracticeApp.swift */; };
		45412FDA29C2E65400B527FC /* ContentView.swift in Sources */ = {isa = PBXBuildFile; fileRef = 45412FD929C2E65400B527FC /* ContentView.swift */; };
		45412FDC29C2E65700B527FC /* Assets.xcassets in Resources */ = {isa = PBXBuildFile; fileRef = 45412FDB29C2E65700B527FC /* Assets.xcassets */; };
		45412FDF29C2E65700B527FC /* Preview Assets.xcassets in Resources */ = {isa = PBXBuildFile; fileRef = 45412FDE29C2E65700B527FC /* Preview Assets.xcassets */; };
		45412FE629C2FDCB00B527FC /* GoogleService-Info.plist in Resources */ = {isa = PBXBuildFile; fileRef = 45412FE529C2FDCB00B527FC /* GoogleService-Info.plist */; };
		45412FE929C3005000B527FC /* FirebaseAnalytics in Frameworks */ = {isa = PBXBuildFile; productRef = 45412FE829C3005000B527FC /* FirebaseAnalytics */; };
		45412FEB29C3005000B527FC /* FirebaseAnalyticsSwift in Frameworks */ = {isa = PBXBuildFile; productRef = 45412FEA29C3005000B527FC /* FirebaseAnalyticsSwift */; };
		45412FEE29C3033900B527FC /* FirebaseAuth in Frameworks */ = {isa = PBXBuildFile; productRef = 45412FED29C3033900B527FC /* FirebaseAuth */; };
		45412FF129C303F300B527FC /* AuthenticationView.swift in Sources */ = {isa = PBXBuildFile; fileRef = 45412FF029C303F300B527FC /* AuthenticationView.swift */; };
		45412FF329C304C200B527FC /* SignInEmailView.swift in Sources */ = {isa = PBXBuildFile; fileRef = 45412FF229C304C200B527FC /* SignInEmailView.swift */; };
		45412FF529C3061300B527FC /* AuthManager.swift in Sources */ = {isa = PBXBuildFile; fileRef = 45412FF429C3061300B527FC /* AuthManager.swift */; };
		45412FF729C309E000B527FC /* RootView.swift in Sources */ = {isa = PBXBuildFile; fileRef = 45412FF629C309E000B527FC /* RootView.swift */; };
		45412FF929C30D7800B527FC /* SettingsView.swift in Sources */ = {isa = PBXBuildFile; fileRef = 45412FF829C30D7800B527FC /* SettingsView.swift */; };
/* End PBXBuildFile section */

/* Begin PBXFileReference section */
		4520057D29CBE795001B09D6 /* Info.plist */ = {isa = PBXFileReference; lastKnownFileType = text.plist; path = Info.plist; sourceTree = "<group>"; };
		4520057F29CBEA42001B09D6 /* Utils.swift */ = {isa = PBXFileReference; lastKnownFileType = sourcecode.swift; path = Utils.swift; sourceTree = "<group>"; };
		4520058129CBF8A3001B09D6 /* SignInGoogleHelper.swift */ = {isa = PBXFileReference; lastKnownFileType = sourcecode.swift; path = SignInGoogleHelper.swift; sourceTree = "<group>"; };
		4520058329CC3DDD001B09D6 /* FirebasePractice.entitlements */ = {isa = PBXFileReference; lastKnownFileType = text.plist.entitlements; path = FirebasePractice.entitlements; sourceTree = "<group>"; };
		4520058429CD96E3001B09D6 /* SignInAppleHelper.swift */ = {isa = PBXFileReference; lastKnownFileType = sourcecode.swift; path = SignInAppleHelper.swift; sourceTree = "<group>"; };
		45412FD429C2E65400B527FC /* FirebasePractice.app */ = {isa = PBXFileReference; explicitFileType = wrapper.application; includeInIndex = 0; path = FirebasePractice.app; sourceTree = BUILT_PRODUCTS_DIR; };
		45412FD729C2E65400B527FC /* FirebasePracticeApp.swift */ = {isa = PBXFileReference; lastKnownFileType = sourcecode.swift; path = FirebasePracticeApp.swift; sourceTree = "<group>"; };
		45412FD929C2E65400B527FC /* ContentView.swift */ = {isa = PBXFileReference; lastKnownFileType = sourcecode.swift; path = ContentView.swift; sourceTree = "<group>"; };
		45412FDB29C2E65700B527FC /* Assets.xcassets */ = {isa = PBXFileReference; lastKnownFileType = folder.assetcatalog; path = Assets.xcassets; sourceTree = "<group>"; };
		45412FDE29C2E65700B527FC /* Preview Assets.xcassets */ = {isa = PBXFileReference; lastKnownFileType = folder.assetcatalog; path = "Preview Assets.xcassets"; sourceTree = "<group>"; };
		45412FE529C2FDCB00B527FC /* GoogleService-Info.plist */ = {isa = PBXFileReference; fileEncoding = 4; lastKnownFileType = text.plist.xml; path = "GoogleService-Info.plist"; sourceTree = "<group>"; };
		45412FF029C303F300B527FC /* AuthenticationView.swift */ = {isa = PBXFileReference; lastKnownFileType = sourcecode.swift; path = AuthenticationView.swift; sourceTree = "<group>"; };
		45412FF229C304C200B527FC /* SignInEmailView.swift */ = {isa = PBXFileReference; lastKnownFileType = sourcecode.swift; path = SignInEmailView.swift; sourceTree = "<group>"; };
		45412FF429C3061300B527FC /* AuthManager.swift */ = {isa = PBXFileReference; lastKnownFileType = sourcecode.swift; path = AuthManager.swift; sourceTree = "<group>"; };
		45412FF629C309E000B527FC /* RootView.swift */ = {isa = PBXFileReference; lastKnownFileType = sourcecode.swift; path = RootView.swift; sourceTree = "<group>"; };
		45412FF829C30D7800B527FC /* SettingsView.swift */ = {isa = PBXFileReference; lastKnownFileType = sourcecode.swift; path = SettingsView.swift; sourceTree = "<group>"; };
/* End PBXFileReference section */

/* Begin PBXFrameworksBuildPhase section */
		45412FD129C2E65400B527FC /* Frameworks */ = {
			isa = PBXFrameworksBuildPhase;
			buildActionMask = 2147483647;
			files = (
				4520057C29CBE760001B09D6 /* GoogleSignInSwift in Frameworks */,
				45412FEB29C3005000B527FC /* FirebaseAnalyticsSwift in Frameworks */,
				4520057A29CBE760001B09D6 /* GoogleSignIn in Frameworks */,
				45412FEE29C3033900B527FC /* FirebaseAuth in Frameworks */,
				45412FE929C3005000B527FC /* FirebaseAnalytics in Frameworks */,
			);
			runOnlyForDeploymentPostprocessing = 0;
		};
/* End PBXFrameworksBuildPhase section */

/* Begin PBXGroup section */
		4520057E29CBEA2F001B09D6 /* Utils */ = {
			isa = PBXGroup;
			children = (
				4520057F29CBEA42001B09D6 /* Utils.swift */,
			);
			path = Utils;
			sourceTree = "<group>";
		};
		45412FCB29C2E65400B527FC = {
			isa = PBXGroup;
			children = (
				45412FD629C2E65400B527FC /* FirebasePractice */,
				45412FD529C2E65400B527FC /* Products */,
				45412FEC29C3033900B527FC /* Frameworks */,
			);
			sourceTree = "<group>";
		};
		45412FD529C2E65400B527FC /* Products */ = {
			isa = PBXGroup;
			children = (
				45412FD429C2E65400B527FC /* FirebasePractice.app */,
			);
			name = Products;
			sourceTree = "<group>";
		};
		45412FD629C2E65400B527FC /* FirebasePractice */ = {
			isa = PBXGroup;
			children = (
				4520058329CC3DDD001B09D6 /* FirebasePractice.entitlements */,
				4520057D29CBE795001B09D6 /* Info.plist */,
				45412FD729C2E65400B527FC /* FirebasePracticeApp.swift */,
				45412FD929C2E65400B527FC /* ContentView.swift */,
				4520057E29CBEA2F001B09D6 /* Utils */,
				45412FEF29C303DC00B527FC /* Auth */,
				45412FE529C2FDCB00B527FC /* GoogleService-Info.plist */,
				45412FDB29C2E65700B527FC /* Assets.xcassets */,
				45412FDD29C2E65700B527FC /* Preview Content */,
			);
			path = FirebasePractice;
			sourceTree = "<group>";
		};
		45412FDD29C2E65700B527FC /* Preview Content */ = {
			isa = PBXGroup;
			children = (
				45412FDE29C2E65700B527FC /* Preview Assets.xcassets */,
			);
			path = "Preview Content";
			sourceTree = "<group>";
		};
		45412FEC29C3033900B527FC /* Frameworks */ = {
			isa = PBXGroup;
			children = (
			);
			name = Frameworks;
			sourceTree = "<group>";
		};
		45412FEF29C303DC00B527FC /* Auth */ = {
			isa = PBXGroup;
			children = (
				45412FF629C309E000B527FC /* RootView.swift */,
				45412FF029C303F300B527FC /* AuthenticationView.swift */,
				45412FF229C304C200B527FC /* SignInEmailView.swift */,
				45412FF429C3061300B527FC /* AuthManager.swift */,
				45412FF829C30D7800B527FC /* SettingsView.swift */,
				4520058129CBF8A3001B09D6 /* SignInGoogleHelper.swift */,
				4520058429CD96E3001B09D6 /* SignInAppleHelper.swift */,
			);
			path = Auth;
			sourceTree = "<group>";
		};
/* End PBXGroup section */

/* Begin PBXNativeTarget section */
		45412FD329C2E65400B527FC /* FirebasePractice */ = {
			isa = PBXNativeTarget;
			buildConfigurationList = 45412FE229C2E65700B527FC /* Build configuration list for PBXNativeTarget "FirebasePractice" */;
			buildPhases = (
				45412FD029C2E65400B527FC /* Sources */,
				45412FD129C2E65400B527FC /* Frameworks */,
				45412FD229C2E65400B527FC /* Resources */,
			);
			buildRules = (
			);
			dependencies = (
			);
			name = FirebasePractice;
			packageProductDependencies = (
				45412FE829C3005000B527FC /* FirebaseAnalytics */,
				45412FEA29C3005000B527FC /* FirebaseAnalyticsSwift */,
				45412FED29C3033900B527FC /* FirebaseAuth */,
				4520057929CBE760001B09D6 /* GoogleSignIn */,
				4520057B29CBE760001B09D6 /* GoogleSignInSwift */,
			);
			productName = FirebasePractice;
			productReference = 45412FD429C2E65400B527FC /* FirebasePractice.app */;
			productType = "com.apple.product-type.application";
		};
/* End PBXNativeTarget section */

/* Begin PBXProject section */
		45412FCC29C2E65400B527FC /* Project object */ = {
			isa = PBXProject;
			attributes = {
				BuildIndependentTargetsInParallel = 1;
				LastSwiftUpdateCheck = 1420;
				LastUpgradeCheck = 1420;
				TargetAttributes = {
					45412FD329C2E65400B527FC = {
						CreatedOnToolsVersion = 14.2;
					};
				};
			};
			buildConfigurationList = 45412FCF29C2E65400B527FC /* Build configuration list for PBXProject "FirebasePractice" */;
			compatibilityVersion = "Xcode 14.0";
			developmentRegion = en;
			hasScannedForEncodings = 0;
			knownRegions = (
				en,
				Base,
			);
			mainGroup = 45412FCB29C2E65400B527FC;
			packageReferences = (
				45412FE729C3005000B527FC /* XCRemoteSwiftPackageReference "firebase-ios-sdk" */,
				4520057829CBE760001B09D6 /* XCRemoteSwiftPackageReference "GoogleSignIn-iOS" */,
			);
			productRefGroup = 45412FD529C2E65400B527FC /* Products */;
			projectDirPath = "";
			projectRoot = "";
			targets = (
				45412FD329C2E65400B527FC /* FirebasePractice */,
			);
		};
/* End PBXProject section */

/* Begin PBXResourcesBuildPhase section */
		45412FD229C2E65400B527FC /* Resources */ = {
			isa = PBXResourcesBuildPhase;
			buildActionMask = 2147483647;
			files = (
				45412FDF29C2E65700B527FC /* Preview Assets.xcassets in Resources */,
				45412FDC29C2E65700B527FC /* Assets.xcassets in Resources */,
				45412FE629C2FDCB00B527FC /* GoogleService-Info.plist in Resources */,
			);
			runOnlyForDeploymentPostprocessing = 0;
		};
/* End PBXResourcesBuildPhase section */

/* Begin PBXSourcesBuildPhase section */
		45412FD029C2E65400B527FC /* Sources */ = {
			isa = PBXSourcesBuildPhase;
			buildActionMask = 2147483647;
			files = (
				45412FF929C30D7800B527FC /* SettingsView.swift in Sources */,
				45412FDA29C2E65400B527FC /* ContentView.swift in Sources */,
				45412FD829C2E65400B527FC /* FirebasePracticeApp.swift in Sources */,
				45412FF729C309E000B527FC /* RootView.swift in Sources */,
				4520058229CBF8A3001B09D6 /* SignInGoogleHelper.swift in Sources */,
				45412FF129C303F300B527FC /* AuthenticationView.swift in Sources */,
				45412FF329C304C200B527FC /* SignInEmailView.swift in Sources */,
				45412FF529C3061300B527FC /* AuthManager.swift in Sources */,
				4520058529CD96E3001B09D6 /* SignInAppleHelper.swift in Sources */,
				4520058029CBEA42001B09D6 /* Utils.swift in Sources */,
			);
			runOnlyForDeploymentPostprocessing = 0;
		};
/* End PBXSourcesBuildPhase section */

/* Begin XCBuildConfiguration section */
		45412FE029C2E65700B527FC /* Debug */ = {
			isa = XCBuildConfiguration;
			buildSettings = {
				ALWAYS_SEARCH_USER_PATHS = NO;
				CLANG_ANALYZER_NONNULL = YES;
				CLANG_ANALYZER_NUMBER_OBJECT_CONVERSION = YES_AGGRESSIVE;
				CLANG_CXX_LANGUAGE_STANDARD = "gnu++20";
				CLANG_ENABLE_MODULES = YES;
				CLANG_ENABLE_OBJC_ARC = YES;
				CLANG_ENABLE_OBJC_WEAK = YES;
				CLANG_WARN_BLOCK_CAPTURE_AUTORELEASING = YES;
				CLANG_WARN_BOOL_CONVERSION = YES;
				CLANG_WARN_COMMA = YES;
				CLANG_WARN_CONSTANT_CONVERSION = YES;
				CLANG_WARN_DEPRECATED_OBJC_IMPLEMENTATIONS = YES;
				CLANG_WARN_DIRECT_OBJC_ISA_USAGE = YES_ERROR;
				CLANG_WARN_DOCUMENTATION_COMMENTS = YES;
				CLANG_WARN_EMPTY_BODY = YES;
				CLANG_WARN_ENUM_CONVERSION = YES;
				CLANG_WARN_INFINITE_RECURSION = YES;
				CLANG_WARN_INT_CONVERSION = YES;
				CLANG_WARN_NON_LITERAL_NULL_CONVERSION = YES;
				CLANG_WARN_OBJC_IMPLICIT_RETAIN_SELF = YES;
				CLANG_WARN_OBJC_LITERAL_CONVERSION = YES;
				CLANG_WARN_OBJC_ROOT_CLASS = YES_ERROR;
				CLANG_WARN_QUOTED_INCLUDE_IN_FRAMEWORK_HEADER = YES;
				CLANG_WARN_RANGE_LOOP_ANALYSIS = YES;
				CLANG_WARN_STRICT_PROTOTYPES = YES;
				CLANG_WARN_SUSPICIOUS_MOVE = YES;
				CLANG_WARN_UNGUARDED_AVAILABILITY = YES_AGGRESSIVE;
				CLANG_WARN_UNREACHABLE_CODE = YES;
				CLANG_WARN__DUPLICATE_METHOD_MATCH = YES;
				COPY_PHASE_STRIP = NO;
				DEBUG_INFORMATION_FORMAT = dwarf;
				ENABLE_STRICT_OBJC_MSGSEND = YES;
				ENABLE_TESTABILITY = YES;
				GCC_C_LANGUAGE_STANDARD = gnu11;
				GCC_DYNAMIC_NO_PIC = NO;
				GCC_NO_COMMON_BLOCKS = YES;
				GCC_OPTIMIZATION_LEVEL = 0;
				GCC_PREPROCESSOR_DEFINITIONS = (
					"DEBUG=1",
					"$(inherited)",
				);
				GCC_WARN_64_TO_32_BIT_CONVERSION = YES;
				GCC_WARN_ABOUT_RETURN_TYPE = YES_ERROR;
				GCC_WARN_UNDECLARED_SELECTOR = YES;
				GCC_WARN_UNINITIALIZED_AUTOS = YES_AGGRESSIVE;
				GCC_WARN_UNUSED_FUNCTION = YES;
				GCC_WARN_UNUSED_VARIABLE = YES;
				IPHONEOS_DEPLOYMENT_TARGET = 16.2;
				MTL_ENABLE_DEBUG_INFO = INCLUDE_SOURCE;
				MTL_FAST_MATH = YES;
				ONLY_ACTIVE_ARCH = YES;
				SDKROOT = iphoneos;
				SWIFT_ACTIVE_COMPILATION_CONDITIONS = DEBUG;
				SWIFT_OPTIMIZATION_LEVEL = "-Onone";
			};
			name = Debug;
		};
		45412FE129C2E65700B527FC /* Release */ = {
			isa = XCBuildConfiguration;
			buildSettings = {
				ALWAYS_SEARCH_USER_PATHS = NO;
				CLANG_ANALYZER_NONNULL = YES;
				CLANG_ANALYZER_NUMBER_OBJECT_CONVERSION = YES_AGGRESSIVE;
				CLANG_CXX_LANGUAGE_STANDARD = "gnu++20";
				CLANG_ENABLE_MODULES = YES;
				CLANG_ENABLE_OBJC_ARC = YES;
				CLANG_ENABLE_OBJC_WEAK = YES;
				CLANG_WARN_BLOCK_CAPTURE_AUTORELEASING = YES;
				CLANG_WARN_BOOL_CONVERSION = YES;
				CLANG_WARN_COMMA = YES;
				CLANG_WARN_CONSTANT_CONVERSION = YES;
				CLANG_WARN_DEPRECATED_OBJC_IMPLEMENTATIONS = YES;
				CLANG_WARN_DIRECT_OBJC_ISA_USAGE = YES_ERROR;
				CLANG_WARN_DOCUMENTATION_COMMENTS = YES;
				CLANG_WARN_EMPTY_BODY = YES;
				CLANG_WARN_ENUM_CONVERSION = YES;
				CLANG_WARN_INFINITE_RECURSION = YES;
				CLANG_WARN_INT_CONVERSION = YES;
				CLANG_WARN_NON_LITERAL_NULL_CONVERSION = YES;
				CLANG_WARN_OBJC_IMPLICIT_RETAIN_SELF = YES;
				CLANG_WARN_OBJC_LITERAL_CONVERSION = YES;
				CLANG_WARN_OBJC_ROOT_CLASS = YES_ERROR;
				CLANG_WARN_QUOTED_INCLUDE_IN_FRAMEWORK_HEADER = YES;
				CLANG_WARN_RANGE_LOOP_ANALYSIS = YES;
				CLANG_WARN_STRICT_PROTOTYPES = YES;
				CLANG_WARN_SUSPICIOUS_MOVE = YES;
				CLANG_WARN_UNGUARDED_AVAILABILITY = YES_AGGRESSIVE;
				CLANG_WARN_UNREACHABLE_CODE = YES;
				CLANG_WARN__DUPLICATE_METHOD_MATCH = YES;
				COPY_PHASE_STRIP = NO;
				DEBUG_INFORMATION_FORMAT = "dwarf-with-dsym";
				ENABLE_NS_ASSERTIONS = NO;
				ENABLE_STRICT_OBJC_MSGSEND = YES;
				GCC_C_LANGUAGE_STANDARD = gnu11;
				GCC_NO_COMMON_BLOCKS = YES;
				GCC_WARN_64_TO_32_BIT_CONVERSION = YES;
				GCC_WARN_ABOUT_RETURN_TYPE = YES_ERROR;
				GCC_WARN_UNDECLARED_SELECTOR = YES;
				GCC_WARN_UNINITIALIZED_AUTOS = YES_AGGRESSIVE;
				GCC_WARN_UNUSED_FUNCTION = YES;
				GCC_WARN_UNUSED_VARIABLE = YES;
				IPHONEOS_DEPLOYMENT_TARGET = 16.2;
				MTL_ENABLE_DEBUG_INFO = NO;
				MTL_FAST_MATH = YES;
				SDKROOT = iphoneos;
				SWIFT_COMPILATION_MODE = wholemodule;
				SWIFT_OPTIMIZATION_LEVEL = "-O";
				VALIDATE_PRODUCT = YES;
			};
			name = Release;
		};
		45412FE329C2E65700B527FC /* Debug */ = {
			isa = XCBuildConfiguration;
			buildSettings = {
				ASSETCATALOG_COMPILER_APPICON_NAME = AppIcon;
				ASSETCATALOG_COMPILER_GLOBAL_ACCENT_COLOR_NAME = AccentColor;
				CODE_SIGN_ENTITLEMENTS = FirebasePractice/FirebasePractice.entitlements;
				CODE_SIGN_STYLE = Automatic;
				CURRENT_PROJECT_VERSION = 1;
				DEVELOPMENT_ASSET_PATHS = "\"FirebasePractice/Preview Content\"";
				DEVELOPMENT_TEAM = 433LH3TNXX;
				ENABLE_PREVIEWS = YES;
				GENERATE_INFOPLIST_FILE = YES;
				INFOPLIST_FILE = FirebasePractice/Info.plist;
				INFOPLIST_KEY_UIApplicationSceneManifest_Generation = YES;
				INFOPLIST_KEY_UIApplicationSupportsIndirectInputEvents = YES;
				INFOPLIST_KEY_UILaunchScreen_Generation = YES;
				INFOPLIST_KEY_UISupportedInterfaceOrientations_iPad = "UIInterfaceOrientationPortrait UIInterfaceOrientationPortraitUpsideDown UIInterfaceOrientationLandscapeLeft UIInterfaceOrientationLandscapeRight";
				INFOPLIST_KEY_UISupportedInterfaceOrientations_iPhone = "UIInterfaceOrientationPortrait UIInterfaceOrientationLandscapeLeft UIInterfaceOrientationLandscapeRight";
				LD_RUNPATH_SEARCH_PATHS = (
					"$(inherited)",
					"@executable_path/Frameworks",
				);
				MARKETING_VERSION = 1.0;
				PRODUCT_BUNDLE_IDENTIFIER = com.yeonBlue.FirebasePractice;
				PRODUCT_NAME = "$(TARGET_NAME)";
				SWIFT_EMIT_LOC_STRINGS = YES;
				SWIFT_VERSION = 5.0;
				TARGETED_DEVICE_FAMILY = "1,2";
			};
			name = Debug;
		};
		45412FE429C2E65700B527FC /* Release */ = {
			isa = XCBuildConfiguration;
			buildSettings = {
				ASSETCATALOG_COMPILER_APPICON_NAME = AppIcon;
				ASSETCATALOG_COMPILER_GLOBAL_ACCENT_COLOR_NAME = AccentColor;
				CODE_SIGN_ENTITLEMENTS = FirebasePractice/FirebasePractice.entitlements;
				CODE_SIGN_STYLE = Automatic;
				CURRENT_PROJECT_VERSION = 1;
				DEVELOPMENT_ASSET_PATHS = "\"FirebasePractice/Preview Content\"";
				DEVELOPMENT_TEAM = 433LH3TNXX;
				ENABLE_PREVIEWS = YES;
				GENERATE_INFOPLIST_FILE = YES;
				INFOPLIST_FILE = FirebasePractice/Info.plist;
				INFOPLIST_KEY_UIApplicationSceneManifest_Generation = YES;
				INFOPLIST_KEY_UIApplicationSupportsIndirectInputEvents = YES;
				INFOPLIST_KEY_UILaunchScreen_Generation = YES;
				INFOPLIST_KEY_UISupportedInterfaceOrientations_iPad = "UIInterfaceOrientationPortrait UIInterfaceOrientationPortraitUpsideDown UIInterfaceOrientationLandscapeLeft UIInterfaceOrientationLandscapeRight";
				INFOPLIST_KEY_UISupportedInterfaceOrientations_iPhone = "UIInterfaceOrientationPortrait UIInterfaceOrientationLandscapeLeft UIInterfaceOrientationLandscapeRight";
				LD_RUNPATH_SEARCH_PATHS = (
					"$(inherited)",
					"@executable_path/Frameworks",
				);
				MARKETING_VERSION = 1.0;
				PRODUCT_BUNDLE_IDENTIFIER = com.yeonBlue.FirebasePractice;
				PRODUCT_NAME = "$(TARGET_NAME)";
				SWIFT_EMIT_LOC_STRINGS = YES;
				SWIFT_VERSION = 5.0;
				TARGETED_DEVICE_FAMILY = "1,2";
			};
			name = Release;
		};
/* End XCBuildConfiguration section */

/* Begin XCConfigurationList section */
		45412FCF29C2E65400B527FC /* Build configuration list for PBXProject "FirebasePractice" */ = {
			isa = XCConfigurationList;
			buildConfigurations = (
				45412FE029C2E65700B527FC /* Debug */,
				45412FE129C2E65700B527FC /* Release */,
			);
			defaultConfigurationIsVisible = 0;
			defaultConfigurationName = Release;
		};
		45412FE229C2E65700B527FC /* Build configuration list for PBXNativeTarget "FirebasePractice" */ = {
			isa = XCConfigurationList;
			buildConfigurations = (
				45412FE329C2E65700B527FC /* Debug */,
				45412FE429C2E65700B527FC /* Release */,
			);
			defaultConfigurationIsVisible = 0;
			defaultConfigurationName = Release;
		};
/* End XCConfigurationList section */

/* Begin XCRemoteSwiftPackageReference section */
		4520057829CBE760001B09D6 /* XCRemoteSwiftPackageReference "GoogleSignIn-iOS" */ = {
			isa = XCRemoteSwiftPackageReference;
			repositoryURL = "https://github.com/google/GoogleSignIn-iOS";
			requirement = {
				kind = upToNextMajorVersion;
				minimumVersion = 7.0.0;
			};
		};
		45412FE729C3005000B527FC /* XCRemoteSwiftPackageReference "firebase-ios-sdk" */ = {
			isa = XCRemoteSwiftPackageReference;
			repositoryURL = "https://github.com/firebase/firebase-ios-sdk";
			requirement = {
				kind = exactVersion;
				version = 10.4.0;
			};
		};
/* End XCRemoteSwiftPackageReference section */

/* Begin XCSwiftPackageProductDependency section */
		4520057929CBE760001B09D6 /* GoogleSignIn */ = {
			isa = XCSwiftPackageProductDependency;
			package = 4520057829CBE760001B09D6 /* XCRemoteSwiftPackageReference "GoogleSignIn-iOS" */;
			productName = GoogleSignIn;
		};
		4520057B29CBE760001B09D6 /* GoogleSignInSwift */ = {
			isa = XCSwiftPackageProductDependency;
			package = 4520057829CBE760001B09D6 /* XCRemoteSwiftPackageReference "GoogleSignIn-iOS" */;
			productName = GoogleSignInSwift;
		};
		45412FE829C3005000B527FC /* FirebaseAnalytics */ = {
			isa = XCSwiftPackageProductDependency;
			package = 45412FE729C3005000B527FC /* XCRemoteSwiftPackageReference "firebase-ios-sdk" */;
			productName = FirebaseAnalytics;
		};
		45412FEA29C3005000B527FC /* FirebaseAnalyticsSwift */ = {
			isa = XCSwiftPackageProductDependency;
			package = 45412FE729C3005000B527FC /* XCRemoteSwiftPackageReference "firebase-ios-sdk" */;
			productName = FirebaseAnalyticsSwift;
		};
		45412FED29C3033900B527FC /* FirebaseAuth */ = {
			isa = XCSwiftPackageProductDependency;
			package = 45412FE729C3005000B527FC /* XCRemoteSwiftPackageReference "firebase-ios-sdk" */;
			productName = FirebaseAuth;
		};
/* End XCSwiftPackageProductDependency section */
	};
	rootObject = 45412FCC29C2E65400B527FC /* Project object */;
}
