// !$*UTF8*$!
{
	archiveVersion = 1;
	classes = {
	};
	objectVersion = 56;
	objects = {

/* Begin PBXBuildFile section */
		4510AAB52990A3E70068FDE9 /* MapAppApp.swift in Sources */ = {isa = PBXBuildFile; fileRef = 4510AAB42990A3E70068FDE9 /* MapAppApp.swift */; };
		4510AAB72990A3E70068FDE9 /* ContentView.swift in Sources */ = {isa = PBXBuildFile; fileRef = 4510AAB62990A3E70068FDE9 /* ContentView.swift */; };
		4510AABC2990A3E90068FDE9 /* Preview Assets.xcassets in Resources */ = {isa = PBXBuildFile; fileRef = 4510AABB2990A3E90068FDE9 /* Preview Assets.xcassets */; };
		4510AAC32990A49F0068FDE9 /* Assets.xcassets in Resources */ = {isa = PBXBuildFile; fileRef = 4510AAC22990A49F0068FDE9 /* Assets.xcassets */; };
		4510AAC82990A8A30068FDE9 /* Location.swift in Sources */ = {isa = PBXBuildFile; fileRef = 4510AAC72990A8A30068FDE9 /* Location.swift */; };
		4510AACB2990A9450068FDE9 /* LocationsDataService.swift in Sources */ = {isa = PBXBuildFile; fileRef = 4510AACA2990A9450068FDE9 /* LocationsDataService.swift */; };
		4510AACD2990EF3D0068FDE9 /* LocationsView.swift in Sources */ = {isa = PBXBuildFile; fileRef = 4510AACC2990EF3D0068FDE9 /* LocationsView.swift */; };
		4510AACF2990F13B0068FDE9 /* LocationsViewModel.swift in Sources */ = {isa = PBXBuildFile; fileRef = 4510AACE2990F13B0068FDE9 /* LocationsViewModel.swift */; };
		4510AAD12991E1530068FDE9 /* LocationsListView.swift in Sources */ = {isa = PBXBuildFile; fileRef = 4510AAD02991E1530068FDE9 /* LocationsListView.swift */; };
		4510AAD32991F1C30068FDE9 /* LocationPreviewView.swift in Sources */ = {isa = PBXBuildFile; fileRef = 4510AAD22991F1C30068FDE9 /* LocationPreviewView.swift */; };
		4510AAD52991FDE70068FDE9 /* LocationMapAnnotationView.swift in Sources */ = {isa = PBXBuildFile; fileRef = 4510AAD42991FDE70068FDE9 /* LocationMapAnnotationView.swift */; };
		4510AAD7299386C40068FDE9 /* LocationDetailView.swift in Sources */ = {isa = PBXBuildFile; fileRef = 4510AAD6299386C40068FDE9 /* LocationDetailView.swift */; };
/* End PBXBuildFile section */

/* Begin PBXFileReference section */
		4510AAB12990A3E70068FDE9 /* MapApp.app */ = {isa = PBXFileReference; explicitFileType = wrapper.application; includeInIndex = 0; path = MapApp.app; sourceTree = BUILT_PRODUCTS_DIR; };
		4510AAB42990A3E70068FDE9 /* MapAppApp.swift */ = {isa = PBXFileReference; lastKnownFileType = sourcecode.swift; path = MapAppApp.swift; sourceTree = "<group>"; };
		4510AAB62990A3E70068FDE9 /* ContentView.swift */ = {isa = PBXFileReference; lastKnownFileType = sourcecode.swift; path = ContentView.swift; sourceTree = "<group>"; };
		4510AABB2990A3E90068FDE9 /* Preview Assets.xcassets */ = {isa = PBXFileReference; lastKnownFileType = folder.assetcatalog; path = "Preview Assets.xcassets"; sourceTree = "<group>"; };
		4510AAC22990A49F0068FDE9 /* Assets.xcassets */ = {isa = PBXFileReference; lastKnownFileType = folder.assetcatalog; path = Assets.xcassets; sourceTree = "<group>"; };
		4510AAC72990A8A30068FDE9 /* Location.swift */ = {isa = PBXFileReference; lastKnownFileType = sourcecode.swift; path = Location.swift; sourceTree = "<group>"; };
		4510AACA2990A9450068FDE9 /* LocationsDataService.swift */ = {isa = PBXFileReference; fileEncoding = 4; lastKnownFileType = sourcecode.swift; path = LocationsDataService.swift; sourceTree = "<group>"; };
		4510AACC2990EF3D0068FDE9 /* LocationsView.swift */ = {isa = PBXFileReference; lastKnownFileType = sourcecode.swift; path = LocationsView.swift; sourceTree = "<group>"; };
		4510AACE2990F13B0068FDE9 /* LocationsViewModel.swift */ = {isa = PBXFileReference; lastKnownFileType = sourcecode.swift; path = LocationsViewModel.swift; sourceTree = "<group>"; };
		4510AAD02991E1530068FDE9 /* LocationsListView.swift */ = {isa = PBXFileReference; lastKnownFileType = sourcecode.swift; path = LocationsListView.swift; sourceTree = "<group>"; };
		4510AAD22991F1C30068FDE9 /* LocationPreviewView.swift */ = {isa = PBXFileReference; lastKnownFileType = sourcecode.swift; path = LocationPreviewView.swift; sourceTree = "<group>"; };
		4510AAD42991FDE70068FDE9 /* LocationMapAnnotationView.swift */ = {isa = PBXFileReference; lastKnownFileType = sourcecode.swift; path = LocationMapAnnotationView.swift; sourceTree = "<group>"; };
		4510AAD6299386C40068FDE9 /* LocationDetailView.swift */ = {isa = PBXFileReference; lastKnownFileType = sourcecode.swift; path = LocationDetailView.swift; sourceTree = "<group>"; };
/* End PBXFileReference section */

/* Begin PBXFrameworksBuildPhase section */
		4510AAAE2990A3E70068FDE9 /* Frameworks */ = {
			isa = PBXFrameworksBuildPhase;
			buildActionMask = 2147483647;
			files = (
			);
			runOnlyForDeploymentPostprocessing = 0;
		};
/* End PBXFrameworksBuildPhase section */

/* Begin PBXGroup section */
		4510AAA82990A3E70068FDE9 = {
			isa = PBXGroup;
			children = (
				4510AAB32990A3E70068FDE9 /* MapApp */,
				4510AAB22990A3E70068FDE9 /* Products */,
			);
			sourceTree = "<group>";
		};
		4510AAB22990A3E70068FDE9 /* Products */ = {
			isa = PBXGroup;
			children = (
				4510AAB12990A3E70068FDE9 /* MapApp.app */,
			);
			name = Products;
			sourceTree = "<group>";
		};
		4510AAB32990A3E70068FDE9 /* MapApp */ = {
			isa = PBXGroup;
			children = (
				4510AAB42990A3E70068FDE9 /* MapAppApp.swift */,
				4510AAC92990A9340068FDE9 /* DataService */,
				4510AAC62990A8970068FDE9 /* Models */,
				4510AAC52990A88E0068FDE9 /* ViewModels */,
				4510AAC42990A8840068FDE9 /* Views */,
				4510AAB62990A3E70068FDE9 /* ContentView.swift */,
				4510AAC22990A49F0068FDE9 /* Assets.xcassets */,
				4510AABA2990A3E90068FDE9 /* Preview Content */,
			);
			path = MapApp;
			sourceTree = "<group>";
		};
		4510AABA2990A3E90068FDE9 /* Preview Content */ = {
			isa = PBXGroup;
			children = (
				4510AABB2990A3E90068FDE9 /* Preview Assets.xcassets */,
			);
			path = "Preview Content";
			sourceTree = "<group>";
		};
		4510AAC42990A8840068FDE9 /* Views */ = {
			isa = PBXGroup;
			children = (
				4510AACC2990EF3D0068FDE9 /* LocationsView.swift */,
				4510AAD02991E1530068FDE9 /* LocationsListView.swift */,
				4510AAD22991F1C30068FDE9 /* LocationPreviewView.swift */,
				4510AAD42991FDE70068FDE9 /* LocationMapAnnotationView.swift */,
				4510AAD6299386C40068FDE9 /* LocationDetailView.swift */,
			);
			path = Views;
			sourceTree = "<group>";
		};
		4510AAC52990A88E0068FDE9 /* ViewModels */ = {
			isa = PBXGroup;
			children = (
				4510AACE2990F13B0068FDE9 /* LocationsViewModel.swift */,
			);
			path = ViewModels;
			sourceTree = "<group>";
		};
		4510AAC62990A8970068FDE9 /* Models */ = {
			isa = PBXGroup;
			children = (
				4510AAC72990A8A30068FDE9 /* Location.swift */,
			);
			path = Models;
			sourceTree = "<group>";
		};
		4510AAC92990A9340068FDE9 /* DataService */ = {
			isa = PBXGroup;
			children = (
				4510AACA2990A9450068FDE9 /* LocationsDataService.swift */,
			);
			path = DataService;
			sourceTree = "<group>";
		};
/* End PBXGroup section */

/* Begin PBXNativeTarget section */
		4510AAB02990A3E70068FDE9 /* MapApp */ = {
			isa = PBXNativeTarget;
			buildConfigurationList = 4510AABF2990A3E90068FDE9 /* Build configuration list for PBXNativeTarget "MapApp" */;
			buildPhases = (
				4510AAAD2990A3E70068FDE9 /* Sources */,
				4510AAAE2990A3E70068FDE9 /* Frameworks */,
				4510AAAF2990A3E70068FDE9 /* Resources */,
			);
			buildRules = (
			);
			dependencies = (
			);
			name = MapApp;
			productName = MapApp;
			productReference = 4510AAB12990A3E70068FDE9 /* MapApp.app */;
			productType = "com.apple.product-type.application";
		};
/* End PBXNativeTarget section */

/* Begin PBXProject section */
		4510AAA92990A3E70068FDE9 /* Project object */ = {
			isa = PBXProject;
			attributes = {
				BuildIndependentTargetsInParallel = 1;
				LastSwiftUpdateCheck = 1420;
				LastUpgradeCheck = 1420;
				TargetAttributes = {
					4510AAB02990A3E70068FDE9 = {
						CreatedOnToolsVersion = 14.2;
					};
				};
			};
			buildConfigurationList = 4510AAAC2990A3E70068FDE9 /* Build configuration list for PBXProject "MapApp" */;
			compatibilityVersion = "Xcode 14.0";
			developmentRegion = en;
			hasScannedForEncodings = 0;
			knownRegions = (
				en,
				Base,
			);
			mainGroup = 4510AAA82990A3E70068FDE9;
			productRefGroup = 4510AAB22990A3E70068FDE9 /* Products */;
			projectDirPath = "";
			projectRoot = "";
			targets = (
				4510AAB02990A3E70068FDE9 /* MapApp */,
			);
		};
/* End PBXProject section */

/* Begin PBXResourcesBuildPhase section */
		4510AAAF2990A3E70068FDE9 /* Resources */ = {
			isa = PBXResourcesBuildPhase;
			buildActionMask = 2147483647;
			files = (
				4510AABC2990A3E90068FDE9 /* Preview Assets.xcassets in Resources */,
				4510AAC32990A49F0068FDE9 /* Assets.xcassets in Resources */,
			);
			runOnlyForDeploymentPostprocessing = 0;
		};
/* End PBXResourcesBuildPhase section */

/* Begin PBXSourcesBuildPhase section */
		4510AAAD2990A3E70068FDE9 /* Sources */ = {
			isa = PBXSourcesBuildPhase;
			buildActionMask = 2147483647;
			files = (
				4510AACB2990A9450068FDE9 /* LocationsDataService.swift in Sources */,
				4510AAD52991FDE70068FDE9 /* LocationMapAnnotationView.swift in Sources */,
				4510AAD12991E1530068FDE9 /* LocationsListView.swift in Sources */,
				4510AAD32991F1C30068FDE9 /* LocationPreviewView.swift in Sources */,
				4510AACF2990F13B0068FDE9 /* LocationsViewModel.swift in Sources */,
				4510AAB72990A3E70068FDE9 /* ContentView.swift in Sources */,
				4510AACD2990EF3D0068FDE9 /* LocationsView.swift in Sources */,
				4510AAC82990A8A30068FDE9 /* Location.swift in Sources */,
				4510AAD7299386C40068FDE9 /* LocationDetailView.swift in Sources */,
				4510AAB52990A3E70068FDE9 /* MapAppApp.swift in Sources */,
			);
			runOnlyForDeploymentPostprocessing = 0;
		};
/* End PBXSourcesBuildPhase section */

/* Begin XCBuildConfiguration section */
		4510AABD2990A3E90068FDE9 /* Debug */ = {
			isa = XCBuildConfiguration;
			buildSettings = {
				ALWAYS_SEARCH_USER_PATHS = NO;
				CLANG_ANALYZER_NONNULL = YES;
				CLANG_ANALYZER_NUMBER_OBJECT_CONVERSION = YES_AGGRESSIVE;
				CLANG_CXX_LANGUAGE_STANDARD = "gnu++20";
				CLANG_ENABLE_MODULES = YES;
				CLANG_ENABLE_OBJC_ARC = YES;
				CLANG_ENABLE_OBJC_WEAK = YES;
				CLANG_WARN_BLOCK_CAPTURE_AUTORELEASING = YES;
				CLANG_WARN_BOOL_CONVERSION = YES;
				CLANG_WARN_COMMA = YES;
				CLANG_WARN_CONSTANT_CONVERSION = YES;
				CLANG_WARN_DEPRECATED_OBJC_IMPLEMENTATIONS = YES;
				CLANG_WARN_DIRECT_OBJC_ISA_USAGE = YES_ERROR;
				CLANG_WARN_DOCUMENTATION_COMMENTS = YES;
				CLANG_WARN_EMPTY_BODY = YES;
				CLANG_WARN_ENUM_CONVERSION = YES;
				CLANG_WARN_INFINITE_RECURSION = YES;
				CLANG_WARN_INT_CONVERSION = YES;
				CLANG_WARN_NON_LITERAL_NULL_CONVERSION = YES;
				CLANG_WARN_OBJC_IMPLICIT_RETAIN_SELF = YES;
				CLANG_WARN_OBJC_LITERAL_CONVERSION = YES;
				CLANG_WARN_OBJC_ROOT_CLASS = YES_ERROR;
				CLANG_WARN_QUOTED_INCLUDE_IN_FRAMEWORK_HEADER = YES;
				CLANG_WARN_RANGE_LOOP_ANALYSIS = YES;
				CLANG_WARN_STRICT_PROTOTYPES = YES;
				CLANG_WARN_SUSPICIOUS_MOVE = YES;
				CLANG_WARN_UNGUARDED_AVAILABILITY = YES_AGGRESSIVE;
				CLANG_WARN_UNREACHABLE_CODE = YES;
				CLANG_WARN__DUPLICATE_METHOD_MATCH = YES;
				COPY_PHASE_STRIP = NO;
				DEBUG_INFORMATION_FORMAT = dwarf;
				ENABLE_STRICT_OBJC_MSGSEND = YES;
				ENABLE_TESTABILITY = YES;
				GCC_C_LANGUAGE_STANDARD = gnu11;
				GCC_DYNAMIC_NO_PIC = NO;
				GCC_NO_COMMON_BLOCKS = YES;
				GCC_OPTIMIZATION_LEVEL = 0;
				GCC_PREPROCESSOR_DEFINITIONS = (
					"DEBUG=1",
					"$(inherited)",
				);
				GCC_WARN_64_TO_32_BIT_CONVERSION = YES;
				GCC_WARN_ABOUT_RETURN_TYPE = YES_ERROR;
				GCC_WARN_UNDECLARED_SELECTOR = YES;
				GCC_WARN_UNINITIALIZED_AUTOS = YES_AGGRESSIVE;
				GCC_WARN_UNUSED_FUNCTION = YES;
				GCC_WARN_UNUSED_VARIABLE = YES;
				IPHONEOS_DEPLOYMENT_TARGET = 16.2;
				MTL_ENABLE_DEBUG_INFO = INCLUDE_SOURCE;
				MTL_FAST_MATH = YES;
				ONLY_ACTIVE_ARCH = YES;
				SDKROOT = iphoneos;
				SWIFT_ACTIVE_COMPILATION_CONDITIONS = DEBUG;
				SWIFT_OPTIMIZATION_LEVEL = "-Onone";
			};
			name = Debug;
		};
		4510AABE2990A3E90068FDE9 /* Release */ = {
			isa = XCBuildConfiguration;
			buildSettings = {
				ALWAYS_SEARCH_USER_PATHS = NO;
				CLANG_ANALYZER_NONNULL = YES;
				CLANG_ANALYZER_NUMBER_OBJECT_CONVERSION = YES_AGGRESSIVE;
				CLANG_CXX_LANGUAGE_STANDARD = "gnu++20";
				CLANG_ENABLE_MODULES = YES;
				CLANG_ENABLE_OBJC_ARC = YES;
				CLANG_ENABLE_OBJC_WEAK = YES;
				CLANG_WARN_BLOCK_CAPTURE_AUTORELEASING = YES;
				CLANG_WARN_BOOL_CONVERSION = YES;
				CLANG_WARN_COMMA = YES;
				CLANG_WARN_CONSTANT_CONVERSION = YES;
				CLANG_WARN_DEPRECATED_OBJC_IMPLEMENTATIONS = YES;
				CLANG_WARN_DIRECT_OBJC_ISA_USAGE = YES_ERROR;
				CLANG_WARN_DOCUMENTATION_COMMENTS = YES;
				CLANG_WARN_EMPTY_BODY = YES;
				CLANG_WARN_ENUM_CONVERSION = YES;
				CLANG_WARN_INFINITE_RECURSION = YES;
				CLANG_WARN_INT_CONVERSION = YES;
				CLANG_WARN_NON_LITERAL_NULL_CONVERSION = YES;
				CLANG_WARN_OBJC_IMPLICIT_RETAIN_SELF = YES;
				CLANG_WARN_OBJC_LITERAL_CONVERSION = YES;
				CLANG_WARN_OBJC_ROOT_CLASS = YES_ERROR;
				CLANG_WARN_QUOTED_INCLUDE_IN_FRAMEWORK_HEADER = YES;
				CLANG_WARN_RANGE_LOOP_ANALYSIS = YES;
				CLANG_WARN_STRICT_PROTOTYPES = YES;
				CLANG_WARN_SUSPICIOUS_MOVE = YES;
				CLANG_WARN_UNGUARDED_AVAILABILITY = YES_AGGRESSIVE;
				CLANG_WARN_UNREACHABLE_CODE = YES;
				CLANG_WARN__DUPLICATE_METHOD_MATCH = YES;
				COPY_PHASE_STRIP = NO;
				DEBUG_INFORMATION_FORMAT = "dwarf-with-dsym";
				ENABLE_NS_ASSERTIONS = NO;
				ENABLE_STRICT_OBJC_MSGSEND = YES;
				GCC_C_LANGUAGE_STANDARD = gnu11;
				GCC_NO_COMMON_BLOCKS = YES;
				GCC_WARN_64_TO_32_BIT_CONVERSION = YES;
				GCC_WARN_ABOUT_RETURN_TYPE = YES_ERROR;
				GCC_WARN_UNDECLARED_SELECTOR = YES;
				GCC_WARN_UNINITIALIZED_AUTOS = YES_AGGRESSIVE;
				GCC_WARN_UNUSED_FUNCTION = YES;
				GCC_WARN_UNUSED_VARIABLE = YES;
				IPHONEOS_DEPLOYMENT_TARGET = 16.2;
				MTL_ENABLE_DEBUG_INFO = NO;
				MTL_FAST_MATH = YES;
				SDKROOT = iphoneos;
				SWIFT_COMPILATION_MODE = wholemodule;
				SWIFT_OPTIMIZATION_LEVEL = "-O";
				VALIDATE_PRODUCT = YES;
			};
			name = Release;
		};
		4510AAC02990A3E90068FDE9 /* Debug */ = {
			isa = XCBuildConfiguration;
			buildSettings = {
				ASSETCATALOG_COMPILER_APPICON_NAME = AppIcon;
				ASSETCATALOG_COMPILER_GLOBAL_ACCENT_COLOR_NAME = AccentColor;
				CODE_SIGN_STYLE = Automatic;
				CURRENT_PROJECT_VERSION = 1;
				DEVELOPMENT_ASSET_PATHS = "\"MapApp/Preview Content\"";
				DEVELOPMENT_TEAM = 433LH3TNXX;
				ENABLE_PREVIEWS = YES;
				GENERATE_INFOPLIST_FILE = YES;
				INFOPLIST_KEY_UIApplicationSceneManifest_Generation = YES;
				INFOPLIST_KEY_UIApplicationSupportsIndirectInputEvents = YES;
				INFOPLIST_KEY_UILaunchScreen_Generation = YES;
				INFOPLIST_KEY_UISupportedInterfaceOrientations_iPad = "UIInterfaceOrientationPortrait UIInterfaceOrientationPortraitUpsideDown UIInterfaceOrientationLandscapeLeft UIInterfaceOrientationLandscapeRight";
				INFOPLIST_KEY_UISupportedInterfaceOrientations_iPhone = "UIInterfaceOrientationPortrait UIInterfaceOrientationLandscapeLeft UIInterfaceOrientationLandscapeRight";
				IPHONEOS_DEPLOYMENT_TARGET = 15.0;
				LD_RUNPATH_SEARCH_PATHS = (
					"$(inherited)",
					"@executable_path/Frameworks",
				);
				MARKETING_VERSION = 1.0;
				PRODUCT_BUNDLE_IDENTIFIER = com.yeonBlue.MapApp;
				PRODUCT_NAME = "$(TARGET_NAME)";
				SWIFT_EMIT_LOC_STRINGS = YES;
				SWIFT_VERSION = 5.0;
				TARGETED_DEVICE_FAMILY = "1,2";
			};
			name = Debug;
		};
		4510AAC12990A3E90068FDE9 /* Release */ = {
			isa = XCBuildConfiguration;
			buildSettings = {
				ASSETCATALOG_COMPILER_APPICON_NAME = AppIcon;
				ASSETCATALOG_COMPILER_GLOBAL_ACCENT_COLOR_NAME = AccentColor;
				CODE_SIGN_STYLE = Automatic;
				CURRENT_PROJECT_VERSION = 1;
				DEVELOPMENT_ASSET_PATHS = "\"MapApp/Preview Content\"";
				DEVELOPMENT_TEAM = 433LH3TNXX;
				ENABLE_PREVIEWS = YES;
				GENERATE_INFOPLIST_FILE = YES;
				INFOPLIST_KEY_UIApplicationSceneManifest_Generation = YES;
				INFOPLIST_KEY_UIApplicationSupportsIndirectInputEvents = YES;
				INFOPLIST_KEY_UILaunchScreen_Generation = YES;
				INFOPLIST_KEY_UISupportedInterfaceOrientations_iPad = "UIInterfaceOrientationPortrait UIInterfaceOrientationPortraitUpsideDown UIInterfaceOrientationLandscapeLeft UIInterfaceOrientationLandscapeRight";
				INFOPLIST_KEY_UISupportedInterfaceOrientations_iPhone = "UIInterfaceOrientationPortrait UIInterfaceOrientationLandscapeLeft UIInterfaceOrientationLandscapeRight";
				IPHONEOS_DEPLOYMENT_TARGET = 15.0;
				LD_RUNPATH_SEARCH_PATHS = (
					"$(inherited)",
					"@executable_path/Frameworks",
				);
				MARKETING_VERSION = 1.0;
				PRODUCT_BUNDLE_IDENTIFIER = com.yeonBlue.MapApp;
				PRODUCT_NAME = "$(TARGET_NAME)";
				SWIFT_EMIT_LOC_STRINGS = YES;
				SWIFT_VERSION = 5.0;
				TARGETED_DEVICE_FAMILY = "1,2";
			};
			name = Release;
		};
/* End XCBuildConfiguration section */

/* Begin XCConfigurationList section */
		4510AAAC2990A3E70068FDE9 /* Build configuration list for PBXProject "MapApp" */ = {
			isa = XCConfigurationList;
			buildConfigurations = (
				4510AABD2990A3E90068FDE9 /* Debug */,
				4510AABE2990A3E90068FDE9 /* Release */,
			);
			defaultConfigurationIsVisible = 0;
			defaultConfigurationName = Release;
		};
		4510AABF2990A3E90068FDE9 /* Build configuration list for PBXNativeTarget "MapApp" */ = {
			isa = XCConfigurationList;
			buildConfigurations = (
				4510AAC02990A3E90068FDE9 /* Debug */,
				4510AAC12990A3E90068FDE9 /* Release */,
			);
			defaultConfigurationIsVisible = 0;
			defaultConfigurationName = Release;
		};
/* End XCConfigurationList section */
	};
	rootObject = 4510AAA92990A3E70068FDE9 /* Project object */;
}
