// !$*UTF8*$!
{
	archiveVersion = 1;
	classes = {
	};
	objectVersion = 56;
	objects = {

/* Begin PBXBuildFile section */
		45748C91297EB6AB00CBBF67 /* AppDelegate.swift in Sources */ = {isa = PBXBuildFile; fileRef = 45748C90297EB6AB00CBBF67 /* AppDelegate.swift */; };
		45748C93297EB6AB00CBBF67 /* SceneDelegate.swift in Sources */ = {isa = PBXBuildFile; fileRef = 45748C92297EB6AB00CBBF67 /* SceneDelegate.swift */; };
		45748C95297EB6AB00CBBF67 /* RMTabBarController.swift in Sources */ = {isa = PBXBuildFile; fileRef = 45748C94297EB6AB00CBBF67 /* RMTabBarController.swift */; };
		45748C9A297EB6AD00CBBF67 /* Assets.xcassets in Resources */ = {isa = PBXBuildFile; fileRef = 45748C99297EB6AD00CBBF67 /* Assets.xcassets */; };
		45748C9D297EB6AD00CBBF67 /* LaunchScreen.storyboard in Resources */ = {isa = PBXBuildFile; fileRef = 45748C9B297EB6AD00CBBF67 /* LaunchScreen.storyboard */; };
		45748CAC297EBA0800CBBF67 /* RMLocation.swift in Sources */ = {isa = PBXBuildFile; fileRef = 45748CAB297EBA0800CBBF67 /* RMLocation.swift */; };
		45748CAE297EBA0F00CBBF67 /* RMEpisode.swift in Sources */ = {isa = PBXBuildFile; fileRef = 45748CAD297EBA0F00CBBF67 /* RMEpisode.swift */; };
		45748CB0297EBA1D00CBBF67 /* RMCharacter.swift in Sources */ = {isa = PBXBuildFile; fileRef = 45748CAF297EBA1D00CBBF67 /* RMCharacter.swift */; };
		45748CB3297EBA8900CBBF67 /* RMCharacterViewController.swift in Sources */ = {isa = PBXBuildFile; fileRef = 45748CB2297EBA8900CBBF67 /* RMCharacterViewController.swift */; };
		45748CB5297EBA9900CBBF67 /* RMEpisodeViewController.swift in Sources */ = {isa = PBXBuildFile; fileRef = 45748CB4297EBA9900CBBF67 /* RMEpisodeViewController.swift */; };
		45748CB7297EBAC200CBBF67 /* RMLocationViewController.swift in Sources */ = {isa = PBXBuildFile; fileRef = 45748CB6297EBAC200CBBF67 /* RMLocationViewController.swift */; };
		45748CB9297EBACF00CBBF67 /* RMSettingsViewController.swift in Sources */ = {isa = PBXBuildFile; fileRef = 45748CB8297EBACF00CBBF67 /* RMSettingsViewController.swift */; };
		45748CBB297F69BE00CBBF67 /* RMService.swift in Sources */ = {isa = PBXBuildFile; fileRef = 45748CBA297F69BE00CBBF67 /* RMService.swift */; };
		45748CBD297F69CB00CBBF67 /* RMRequest.swift in Sources */ = {isa = PBXBuildFile; fileRef = 45748CBC297F69CB00CBBF67 /* RMRequest.swift */; };
		45748CBF297F6A3300CBBF67 /* RMEndPoint.swift in Sources */ = {isa = PBXBuildFile; fileRef = 45748CBE297F6A3300CBBF67 /* RMEndPoint.swift */; };
/* End PBXBuildFile section */

/* Begin PBXFileReference section */
		45748C8D297EB6AB00CBBF67 /* RickAndMorty.app */ = {isa = PBXFileReference; explicitFileType = wrapper.application; includeInIndex = 0; path = RickAndMorty.app; sourceTree = BUILT_PRODUCTS_DIR; };
		45748C90297EB6AB00CBBF67 /* AppDelegate.swift */ = {isa = PBXFileReference; lastKnownFileType = sourcecode.swift; path = AppDelegate.swift; sourceTree = "<group>"; };
		45748C92297EB6AB00CBBF67 /* SceneDelegate.swift */ = {isa = PBXFileReference; lastKnownFileType = sourcecode.swift; path = SceneDelegate.swift; sourceTree = "<group>"; };
		45748C94297EB6AB00CBBF67 /* RMTabBarController.swift */ = {isa = PBXFileReference; lastKnownFileType = sourcecode.swift; path = RMTabBarController.swift; sourceTree = "<group>"; };
		45748C99297EB6AD00CBBF67 /* Assets.xcassets */ = {isa = PBXFileReference; lastKnownFileType = folder.assetcatalog; path = Assets.xcassets; sourceTree = "<group>"; };
		45748C9C297EB6AD00CBBF67 /* Base */ = {isa = PBXFileReference; lastKnownFileType = file.storyboard; name = Base; path = Base.lproj/LaunchScreen.storyboard; sourceTree = "<group>"; };
		45748C9E297EB6AD00CBBF67 /* Info.plist */ = {isa = PBXFileReference; lastKnownFileType = text.plist.xml; path = Info.plist; sourceTree = "<group>"; };
		45748CAB297EBA0800CBBF67 /* RMLocation.swift */ = {isa = PBXFileReference; lastKnownFileType = sourcecode.swift; path = RMLocation.swift; sourceTree = "<group>"; };
		45748CAD297EBA0F00CBBF67 /* RMEpisode.swift */ = {isa = PBXFileReference; lastKnownFileType = sourcecode.swift; path = RMEpisode.swift; sourceTree = "<group>"; };
		45748CAF297EBA1D00CBBF67 /* RMCharacter.swift */ = {isa = PBXFileReference; lastKnownFileType = sourcecode.swift; path = RMCharacter.swift; sourceTree = "<group>"; };
		45748CB2297EBA8900CBBF67 /* RMCharacterViewController.swift */ = {isa = PBXFileReference; lastKnownFileType = sourcecode.swift; path = RMCharacterViewController.swift; sourceTree = "<group>"; };
		45748CB4297EBA9900CBBF67 /* RMEpisodeViewController.swift */ = {isa = PBXFileReference; lastKnownFileType = sourcecode.swift; path = RMEpisodeViewController.swift; sourceTree = "<group>"; };
		45748CB6297EBAC200CBBF67 /* RMLocationViewController.swift */ = {isa = PBXFileReference; lastKnownFileType = sourcecode.swift; path = RMLocationViewController.swift; sourceTree = "<group>"; };
		45748CB8297EBACF00CBBF67 /* RMSettingsViewController.swift */ = {isa = PBXFileReference; lastKnownFileType = sourcecode.swift; path = RMSettingsViewController.swift; sourceTree = "<group>"; };
		45748CBA297F69BE00CBBF67 /* RMService.swift */ = {isa = PBXFileReference; lastKnownFileType = sourcecode.swift; path = RMService.swift; sourceTree = "<group>"; };
		45748CBC297F69CB00CBBF67 /* RMRequest.swift */ = {isa = PBXFileReference; lastKnownFileType = sourcecode.swift; path = RMRequest.swift; sourceTree = "<group>"; };
		45748CBE297F6A3300CBBF67 /* RMEndPoint.swift */ = {isa = PBXFileReference; lastKnownFileType = sourcecode.swift; path = RMEndPoint.swift; sourceTree = "<group>"; };
/* End PBXFileReference section */

/* Begin PBXFrameworksBuildPhase section */
		45748C8A297EB6AB00CBBF67 /* Frameworks */ = {
			isa = PBXFrameworksBuildPhase;
			buildActionMask = 2147483647;
			files = (
			);
			runOnlyForDeploymentPostprocessing = 0;
		};
/* End PBXFrameworksBuildPhase section */

/* Begin PBXGroup section */
		45748C84297EB6AB00CBBF67 = {
			isa = PBXGroup;
			children = (
				45748C8F297EB6AB00CBBF67 /* RickAndMorty */,
				45748C8E297EB6AB00CBBF67 /* Products */,
			);
			sourceTree = "<group>";
		};
		45748C8E297EB6AB00CBBF67 /* Products */ = {
			isa = PBXGroup;
			children = (
				45748C8D297EB6AB00CBBF67 /* RickAndMorty.app */,
			);
			name = Products;
			sourceTree = "<group>";
		};
		45748C8F297EB6AB00CBBF67 /* RickAndMorty */ = {
			isa = PBXGroup;
			children = (
				45748CAA297EB98300CBBF67 /* Resources */,
				45748CA9297EB96B00CBBF67 /* APIClient */,
				45748CA8297EB95E00CBBF67 /* Managers */,
				45748CA7297EB95900CBBF67 /* Models */,
				45748CA6297EB95300CBBF67 /* ViewModels */,
				45748CA5297EB94E00CBBF67 /* Views */,
				45748CA4297EB94400CBBF67 /* Controllers */,
				45748C9E297EB6AD00CBBF67 /* Info.plist */,
			);
			path = RickAndMorty;
			sourceTree = "<group>";
		};
		45748CA4297EB94400CBBF67 /* Controllers */ = {
			isa = PBXGroup;
			children = (
				45748CB1297EBA5F00CBBF67 /* Core */,
			);
			path = Controllers;
			sourceTree = "<group>";
		};
		45748CA5297EB94E00CBBF67 /* Views */ = {
			isa = PBXGroup;
			children = (
			);
			path = Views;
			sourceTree = "<group>";
		};
		45748CA6297EB95300CBBF67 /* ViewModels */ = {
			isa = PBXGroup;
			children = (
			);
			path = ViewModels;
			sourceTree = "<group>";
		};
		45748CA7297EB95900CBBF67 /* Models */ = {
			isa = PBXGroup;
			children = (
				45748CAB297EBA0800CBBF67 /* RMLocation.swift */,
				45748CAD297EBA0F00CBBF67 /* RMEpisode.swift */,
				45748CAF297EBA1D00CBBF67 /* RMCharacter.swift */,
			);
			path = Models;
			sourceTree = "<group>";
		};
		45748CA8297EB95E00CBBF67 /* Managers */ = {
			isa = PBXGroup;
			children = (
			);
			path = Managers;
			sourceTree = "<group>";
		};
		45748CA9297EB96B00CBBF67 /* APIClient */ = {
			isa = PBXGroup;
			children = (
				45748CBA297F69BE00CBBF67 /* RMService.swift */,
				45748CBC297F69CB00CBBF67 /* RMRequest.swift */,
				45748CBE297F6A3300CBBF67 /* RMEndPoint.swift */,
			);
			path = APIClient;
			sourceTree = "<group>";
		};
		45748CAA297EB98300CBBF67 /* Resources */ = {
			isa = PBXGroup;
			children = (
				45748C99297EB6AD00CBBF67 /* Assets.xcassets */,
				45748C9B297EB6AD00CBBF67 /* LaunchScreen.storyboard */,
				45748C90297EB6AB00CBBF67 /* AppDelegate.swift */,
				45748C92297EB6AB00CBBF67 /* SceneDelegate.swift */,
			);
			path = Resources;
			sourceTree = "<group>";
		};
		45748CB1297EBA5F00CBBF67 /* Core */ = {
			isa = PBXGroup;
			children = (
				45748C94297EB6AB00CBBF67 /* RMTabBarController.swift */,
				45748CB2297EBA8900CBBF67 /* RMCharacterViewController.swift */,
				45748CB4297EBA9900CBBF67 /* RMEpisodeViewController.swift */,
				45748CB6297EBAC200CBBF67 /* RMLocationViewController.swift */,
				45748CB8297EBACF00CBBF67 /* RMSettingsViewController.swift */,
			);
			path = Core;
			sourceTree = "<group>";
		};
/* End PBXGroup section */

/* Begin PBXNativeTarget section */
		45748C8C297EB6AB00CBBF67 /* RickAndMorty */ = {
			isa = PBXNativeTarget;
			buildConfigurationList = 45748CA1297EB6AD00CBBF67 /* Build configuration list for PBXNativeTarget "RickAndMorty" */;
			buildPhases = (
				45748C89297EB6AB00CBBF67 /* Sources */,
				45748C8A297EB6AB00CBBF67 /* Frameworks */,
				45748C8B297EB6AB00CBBF67 /* Resources */,
			);
			buildRules = (
			);
			dependencies = (
			);
			name = RickAndMorty;
			productName = RickAndMorty;
			productReference = 45748C8D297EB6AB00CBBF67 /* RickAndMorty.app */;
			productType = "com.apple.product-type.application";
		};
/* End PBXNativeTarget section */

/* Begin PBXProject section */
		45748C85297EB6AB00CBBF67 /* Project object */ = {
			isa = PBXProject;
			attributes = {
				BuildIndependentTargetsInParallel = 1;
				LastSwiftUpdateCheck = 1420;
				LastUpgradeCheck = 1420;
				TargetAttributes = {
					45748C8C297EB6AB00CBBF67 = {
						CreatedOnToolsVersion = 14.2;
					};
				};
			};
			buildConfigurationList = 45748C88297EB6AB00CBBF67 /* Build configuration list for PBXProject "RickAndMorty" */;
			compatibilityVersion = "Xcode 14.0";
			developmentRegion = en;
			hasScannedForEncodings = 0;
			knownRegions = (
				en,
				Base,
			);
			mainGroup = 45748C84297EB6AB00CBBF67;
			productRefGroup = 45748C8E297EB6AB00CBBF67 /* Products */;
			projectDirPath = "";
			projectRoot = "";
			targets = (
				45748C8C297EB6AB00CBBF67 /* RickAndMorty */,
			);
		};
/* End PBXProject section */

/* Begin PBXResourcesBuildPhase section */
		45748C8B297EB6AB00CBBF67 /* Resources */ = {
			isa = PBXResourcesBuildPhase;
			buildActionMask = 2147483647;
			files = (
				45748C9D297EB6AD00CBBF67 /* LaunchScreen.storyboard in Resources */,
				45748C9A297EB6AD00CBBF67 /* Assets.xcassets in Resources */,
			);
			runOnlyForDeploymentPostprocessing = 0;
		};
/* End PBXResourcesBuildPhase section */

/* Begin PBXSourcesBuildPhase section */
		45748C89297EB6AB00CBBF67 /* Sources */ = {
			isa = PBXSourcesBuildPhase;
			buildActionMask = 2147483647;
			files = (
				45748CB7297EBAC200CBBF67 /* RMLocationViewController.swift in Sources */,
				45748CB0297EBA1D00CBBF67 /* RMCharacter.swift in Sources */,
				45748C95297EB6AB00CBBF67 /* RMTabBarController.swift in Sources */,
				45748C91297EB6AB00CBBF67 /* AppDelegate.swift in Sources */,
				45748CAE297EBA0F00CBBF67 /* RMEpisode.swift in Sources */,
				45748C93297EB6AB00CBBF67 /* SceneDelegate.swift in Sources */,
				45748CB9297EBACF00CBBF67 /* RMSettingsViewController.swift in Sources */,
				45748CBF297F6A3300CBBF67 /* RMEndPoint.swift in Sources */,
				45748CBB297F69BE00CBBF67 /* RMService.swift in Sources */,
				45748CAC297EBA0800CBBF67 /* RMLocation.swift in Sources */,
				45748CB3297EBA8900CBBF67 /* RMCharacterViewController.swift in Sources */,
				45748CBD297F69CB00CBBF67 /* RMRequest.swift in Sources */,
				45748CB5297EBA9900CBBF67 /* RMEpisodeViewController.swift in Sources */,
			);
			runOnlyForDeploymentPostprocessing = 0;
		};
/* End PBXSourcesBuildPhase section */

/* Begin PBXVariantGroup section */
		45748C9B297EB6AD00CBBF67 /* LaunchScreen.storyboard */ = {
			isa = PBXVariantGroup;
			children = (
				45748C9C297EB6AD00CBBF67 /* Base */,
			);
			name = LaunchScreen.storyboard;
			sourceTree = "<group>";
		};
/* End PBXVariantGroup section */

/* Begin XCBuildConfiguration section */
		45748C9F297EB6AD00CBBF67 /* Debug */ = {
			isa = XCBuildConfiguration;
			buildSettings = {
				ALWAYS_SEARCH_USER_PATHS = NO;
				CLANG_ANALYZER_NONNULL = YES;
				CLANG_ANALYZER_NUMBER_OBJECT_CONVERSION = YES_AGGRESSIVE;
				CLANG_CXX_LANGUAGE_STANDARD = "gnu++20";
				CLANG_ENABLE_MODULES = YES;
				CLANG_ENABLE_OBJC_ARC = YES;
				CLANG_ENABLE_OBJC_WEAK = YES;
				CLANG_WARN_BLOCK_CAPTURE_AUTORELEASING = YES;
				CLANG_WARN_BOOL_CONVERSION = YES;
				CLANG_WARN_COMMA = YES;
				CLANG_WARN_CONSTANT_CONVERSION = YES;
				CLANG_WARN_DEPRECATED_OBJC_IMPLEMENTATIONS = YES;
				CLANG_WARN_DIRECT_OBJC_ISA_USAGE = YES_ERROR;
				CLANG_WARN_DOCUMENTATION_COMMENTS = YES;
				CLANG_WARN_EMPTY_BODY = YES;
				CLANG_WARN_ENUM_CONVERSION = YES;
				CLANG_WARN_INFINITE_RECURSION = YES;
				CLANG_WARN_INT_CONVERSION = YES;
				CLANG_WARN_NON_LITERAL_NULL_CONVERSION = YES;
				CLANG_WARN_OBJC_IMPLICIT_RETAIN_SELF = YES;
				CLANG_WARN_OBJC_LITERAL_CONVERSION = YES;
				CLANG_WARN_OBJC_ROOT_CLASS = YES_ERROR;
				CLANG_WARN_QUOTED_INCLUDE_IN_FRAMEWORK_HEADER = YES;
				CLANG_WARN_RANGE_LOOP_ANALYSIS = YES;
				CLANG_WARN_STRICT_PROTOTYPES = YES;
				CLANG_WARN_SUSPICIOUS_MOVE = YES;
				CLANG_WARN_UNGUARDED_AVAILABILITY = YES_AGGRESSIVE;
				CLANG_WARN_UNREACHABLE_CODE = YES;
				CLANG_WARN__DUPLICATE_METHOD_MATCH = YES;
				COPY_PHASE_STRIP = NO;
				DEBUG_INFORMATION_FORMAT = dwarf;
				ENABLE_STRICT_OBJC_MSGSEND = YES;
				ENABLE_TESTABILITY = YES;
				GCC_C_LANGUAGE_STANDARD = gnu11;
				GCC_DYNAMIC_NO_PIC = NO;
				GCC_NO_COMMON_BLOCKS = YES;
				GCC_OPTIMIZATION_LEVEL = 0;
				GCC_PREPROCESSOR_DEFINITIONS = (
					"DEBUG=1",
					"$(inherited)",
				);
				GCC_WARN_64_TO_32_BIT_CONVERSION = YES;
				GCC_WARN_ABOUT_RETURN_TYPE = YES_ERROR;
				GCC_WARN_UNDECLARED_SELECTOR = YES;
				GCC_WARN_UNINITIALIZED_AUTOS = YES_AGGRESSIVE;
				GCC_WARN_UNUSED_FUNCTION = YES;
				GCC_WARN_UNUSED_VARIABLE = YES;
				IPHONEOS_DEPLOYMENT_TARGET = 16.2;
				MTL_ENABLE_DEBUG_INFO = INCLUDE_SOURCE;
				MTL_FAST_MATH = YES;
				ONLY_ACTIVE_ARCH = YES;
				SDKROOT = iphoneos;
				SWIFT_ACTIVE_COMPILATION_CONDITIONS = DEBUG;
				SWIFT_OPTIMIZATION_LEVEL = "-Onone";
			};
			name = Debug;
		};
		45748CA0297EB6AD00CBBF67 /* Release */ = {
			isa = XCBuildConfiguration;
			buildSettings = {
				ALWAYS_SEARCH_USER_PATHS = NO;
				CLANG_ANALYZER_NONNULL = YES;
				CLANG_ANALYZER_NUMBER_OBJECT_CONVERSION = YES_AGGRESSIVE;
				CLANG_CXX_LANGUAGE_STANDARD = "gnu++20";
				CLANG_ENABLE_MODULES = YES;
				CLANG_ENABLE_OBJC_ARC = YES;
				CLANG_ENABLE_OBJC_WEAK = YES;
				CLANG_WARN_BLOCK_CAPTURE_AUTORELEASING = YES;
				CLANG_WARN_BOOL_CONVERSION = YES;
				CLANG_WARN_COMMA = YES;
				CLANG_WARN_CONSTANT_CONVERSION = YES;
				CLANG_WARN_DEPRECATED_OBJC_IMPLEMENTATIONS = YES;
				CLANG_WARN_DIRECT_OBJC_ISA_USAGE = YES_ERROR;
				CLANG_WARN_DOCUMENTATION_COMMENTS = YES;
				CLANG_WARN_EMPTY_BODY = YES;
				CLANG_WARN_ENUM_CONVERSION = YES;
				CLANG_WARN_INFINITE_RECURSION = YES;
				CLANG_WARN_INT_CONVERSION = YES;
				CLANG_WARN_NON_LITERAL_NULL_CONVERSION = YES;
				CLANG_WARN_OBJC_IMPLICIT_RETAIN_SELF = YES;
				CLANG_WARN_OBJC_LITERAL_CONVERSION = YES;
				CLANG_WARN_OBJC_ROOT_CLASS = YES_ERROR;
				CLANG_WARN_QUOTED_INCLUDE_IN_FRAMEWORK_HEADER = YES;
				CLANG_WARN_RANGE_LOOP_ANALYSIS = YES;
				CLANG_WARN_STRICT_PROTOTYPES = YES;
				CLANG_WARN_SUSPICIOUS_MOVE = YES;
				CLANG_WARN_UNGUARDED_AVAILABILITY = YES_AGGRESSIVE;
				CLANG_WARN_UNREACHABLE_CODE = YES;
				CLANG_WARN__DUPLICATE_METHOD_MATCH = YES;
				COPY_PHASE_STRIP = NO;
				DEBUG_INFORMATION_FORMAT = "dwarf-with-dsym";
				ENABLE_NS_ASSERTIONS = NO;
				ENABLE_STRICT_OBJC_MSGSEND = YES;
				GCC_C_LANGUAGE_STANDARD = gnu11;
				GCC_NO_COMMON_BLOCKS = YES;
				GCC_WARN_64_TO_32_BIT_CONVERSION = YES;
				GCC_WARN_ABOUT_RETURN_TYPE = YES_ERROR;
				GCC_WARN_UNDECLARED_SELECTOR = YES;
				GCC_WARN_UNINITIALIZED_AUTOS = YES_AGGRESSIVE;
				GCC_WARN_UNUSED_FUNCTION = YES;
				GCC_WARN_UNUSED_VARIABLE = YES;
				IPHONEOS_DEPLOYMENT_TARGET = 16.2;
				MTL_ENABLE_DEBUG_INFO = NO;
				MTL_FAST_MATH = YES;
				SDKROOT = iphoneos;
				SWIFT_COMPILATION_MODE = wholemodule;
				SWIFT_OPTIMIZATION_LEVEL = "-O";
				VALIDATE_PRODUCT = YES;
			};
			name = Release;
		};
		45748CA2297EB6AD00CBBF67 /* Debug */ = {
			isa = XCBuildConfiguration;
			buildSettings = {
				ASSETCATALOG_COMPILER_APPICON_NAME = AppIcon;
				ASSETCATALOG_COMPILER_GLOBAL_ACCENT_COLOR_NAME = AccentColor;
				CODE_SIGN_STYLE = Automatic;
				CURRENT_PROJECT_VERSION = 1;
				DEVELOPMENT_TEAM = 433LH3TNXX;
				GENERATE_INFOPLIST_FILE = YES;
				INFOPLIST_FILE = RickAndMorty/Info.plist;
				INFOPLIST_KEY_UIApplicationSupportsIndirectInputEvents = YES;
				INFOPLIST_KEY_UILaunchStoryboardName = LaunchScreen;
				INFOPLIST_KEY_UISupportedInterfaceOrientations_iPad = "UIInterfaceOrientationPortrait UIInterfaceOrientationPortraitUpsideDown UIInterfaceOrientationLandscapeLeft UIInterfaceOrientationLandscapeRight";
				INFOPLIST_KEY_UISupportedInterfaceOrientations_iPhone = "UIInterfaceOrientationPortrait UIInterfaceOrientationLandscapeLeft UIInterfaceOrientationLandscapeRight";
				IPHONEOS_DEPLOYMENT_TARGET = 16.0;
				LD_RUNPATH_SEARCH_PATHS = (
					"$(inherited)",
					"@executable_path/Frameworks",
				);
				MARKETING_VERSION = 1.0;
				PRODUCT_BUNDLE_IDENTIFIER = com.yeonBlue.RickAndMorty;
				PRODUCT_NAME = "$(TARGET_NAME)";
				SWIFT_EMIT_LOC_STRINGS = YES;
				SWIFT_VERSION = 5.0;
				TARGETED_DEVICE_FAMILY = "1,2";
			};
			name = Debug;
		};
		45748CA3297EB6AD00CBBF67 /* Release */ = {
			isa = XCBuildConfiguration;
			buildSettings = {
				ASSETCATALOG_COMPILER_APPICON_NAME = AppIcon;
				ASSETCATALOG_COMPILER_GLOBAL_ACCENT_COLOR_NAME = AccentColor;
				CODE_SIGN_STYLE = Automatic;
				CURRENT_PROJECT_VERSION = 1;
				DEVELOPMENT_TEAM = 433LH3TNXX;
				GENERATE_INFOPLIST_FILE = YES;
				INFOPLIST_FILE = RickAndMorty/Info.plist;
				INFOPLIST_KEY_UIApplicationSupportsIndirectInputEvents = YES;
				INFOPLIST_KEY_UILaunchStoryboardName = LaunchScreen;
				INFOPLIST_KEY_UISupportedInterfaceOrientations_iPad = "UIInterfaceOrientationPortrait UIInterfaceOrientationPortraitUpsideDown UIInterfaceOrientationLandscapeLeft UIInterfaceOrientationLandscapeRight";
				INFOPLIST_KEY_UISupportedInterfaceOrientations_iPhone = "UIInterfaceOrientationPortrait UIInterfaceOrientationLandscapeLeft UIInterfaceOrientationLandscapeRight";
				IPHONEOS_DEPLOYMENT_TARGET = 16.0;
				LD_RUNPATH_SEARCH_PATHS = (
					"$(inherited)",
					"@executable_path/Frameworks",
				);
				MARKETING_VERSION = 1.0;
				PRODUCT_BUNDLE_IDENTIFIER = com.yeonBlue.RickAndMorty;
				PRODUCT_NAME = "$(TARGET_NAME)";
				SWIFT_EMIT_LOC_STRINGS = YES;
				SWIFT_VERSION = 5.0;
				TARGETED_DEVICE_FAMILY = "1,2";
			};
			name = Release;
		};
/* End XCBuildConfiguration section */

/* Begin XCConfigurationList section */
		45748C88297EB6AB00CBBF67 /* Build configuration list for PBXProject "RickAndMorty" */ = {
			isa = XCConfigurationList;
			buildConfigurations = (
				45748C9F297EB6AD00CBBF67 /* Debug */,
				45748CA0297EB6AD00CBBF67 /* Release */,
			);
			defaultConfigurationIsVisible = 0;
			defaultConfigurationName = Release;
		};
		45748CA1297EB6AD00CBBF67 /* Build configuration list for PBXNativeTarget "RickAndMorty" */ = {
			isa = XCConfigurationList;
			buildConfigurations = (
				45748CA2297EB6AD00CBBF67 /* Debug */,
				45748CA3297EB6AD00CBBF67 /* Release */,
			);
			defaultConfigurationIsVisible = 0;
			defaultConfigurationName = Release;
		};
/* End XCConfigurationList section */
	};
	rootObject = 45748C85297EB6AB00CBBF67 /* Project object */;
}
