// !$*UTF8*$!
{
	archiveVersion = 1;
	classes = {
	};
	objectVersion = 56;
	objects = {

/* Begin PBXBuildFile section */
		452F256629AC6B5400C1CA50 /* PresentDismissTransition.swift in Sources */ = {isa = PBXBuildFile; fileRef = 452F256529AC6B5400C1CA50 /* PresentDismissTransition.swift */; };
		452F256829AC6D7300C1CA50 /* CustomSettingsView.swift in Sources */ = {isa = PBXBuildFile; fileRef = 452F256729AC6D7300C1CA50 /* CustomSettingsView.swift */; };
		452F256B29ACCD9100C1CA50 /* ParallaxEffect.swift in Sources */ = {isa = PBXBuildFile; fileRef = 452F256A29ACCD9100C1CA50 /* ParallaxEffect.swift */; };
		452F256F29ACD3B200C1CA50 /* elevatorChime.m4a in Resources */ = {isa = PBXBuildFile; fileRef = 452F256E29ACD3B000C1CA50 /* elevatorChime.m4a */; };
		452F257029ACD3B500C1CA50 /* doorsOpenClose.m4a in Resources */ = {isa = PBXBuildFile; fileRef = 452F256D29ACD3B000C1CA50 /* doorsOpenClose.m4a */; };
		452F257229ACD3D300C1CA50 /* Elevator.swift in Sources */ = {isa = PBXBuildFile; fileRef = 452F257129ACD3D300C1CA50 /* Elevator.swift */; };
		452F257429ADDBFE00C1CA50 /* ElevatorViewModel.swift in Sources */ = {isa = PBXBuildFile; fileRef = 452F257329ADDBFE00C1CA50 /* ElevatorViewModel.swift */; };
		452F257629ADE47200C1CA50 /* ElevatorAndPeopleView.swift in Sources */ = {isa = PBXBuildFile; fileRef = 452F257529ADE47200C1CA50 /* ElevatorAndPeopleView.swift */; };
		452F257929ADF8F000C1CA50 /* SwingingGirl.swift in Sources */ = {isa = PBXBuildFile; fileRef = 452F257829ADF8F000C1CA50 /* SwingingGirl.swift */; };
		45FC88FA29A60A4F005E7EE7 /* SwiftUIAnimationApp.swift in Sources */ = {isa = PBXBuildFile; fileRef = 45FC88F929A60A4F005E7EE7 /* SwiftUIAnimationApp.swift */; };
		45FC88FC29A60A4F005E7EE7 /* ContentView.swift in Sources */ = {isa = PBXBuildFile; fileRef = 45FC88FB29A60A4F005E7EE7 /* ContentView.swift */; };
		45FC88FE29A60A51005E7EE7 /* Assets.xcassets in Resources */ = {isa = PBXBuildFile; fileRef = 45FC88FD29A60A51005E7EE7 /* Assets.xcassets */; };
		45FC890129A60A51005E7EE7 /* Preview Assets.xcassets in Resources */ = {isa = PBXBuildFile; fileRef = 45FC890029A60A51005E7EE7 /* Preview Assets.xcassets */; };
		45FC890929A6EF30005E7EE7 /* AnimatingCircles.swift in Sources */ = {isa = PBXBuildFile; fileRef = 45FC890829A6EF30005E7EE7 /* AnimatingCircles.swift */; };
		45FC890C29A6F33B005E7EE7 /* RecordPlayer.swift in Sources */ = {isa = PBXBuildFile; fileRef = 45FC890B29A6F33B005E7EE7 /* RecordPlayer.swift */; };
		45FC890E29A6F3B9005E7EE7 /* RecordPlayerBox.swift in Sources */ = {isa = PBXBuildFile; fileRef = 45FC890D29A6F3B9005E7EE7 /* RecordPlayerBox.swift */; };
		45FC891029A6F4DB005E7EE7 /* RecordView.swift in Sources */ = {isa = PBXBuildFile; fileRef = 45FC890F29A6F4DB005E7EE7 /* RecordView.swift */; };
		45FC891229A6F632005E7EE7 /* ArmView.swift in Sources */ = {isa = PBXBuildFile; fileRef = 45FC891129A6F632005E7EE7 /* ArmView.swift */; };
		45FC891429A6FD05005E7EE7 /* PlaySound.swift in Sources */ = {isa = PBXBuildFile; fileRef = 45FC891329A6FD05005E7EE7 /* PlaySound.swift */; };
		45FC891629A6FED7005E7EE7 /* music.m4a in Resources */ = {isa = PBXBuildFile; fileRef = 45FC891529A6FDB7005E7EE7 /* music.m4a */; };
		45FC891929A70BC2005E7EE7 /* HueRotation.swift in Sources */ = {isa = PBXBuildFile; fileRef = 45FC891829A70BC2005E7EE7 /* HueRotation.swift */; };
		45FC891D29A712C5005E7EE7 /* BreathingFlower.swift in Sources */ = {isa = PBXBuildFile; fileRef = 45FC891C29A712C5005E7EE7 /* BreathingFlower.swift */; };
		45FC891F29A89984005E7EE7 /* PetalView.swift in Sources */ = {isa = PBXBuildFile; fileRef = 45FC891E29A89984005E7EE7 /* PetalView.swift */; };
		45FC892129A89EBE005E7EE7 /* SnowView.swift in Sources */ = {isa = PBXBuildFile; fileRef = 45FC892029A89EBE005E7EE7 /* SnowView.swift */; };
		45FC892429A8A873005E7EE7 /* FlyingEagle.swift in Sources */ = {isa = PBXBuildFile; fileRef = 45FC892329A8A873005E7EE7 /* FlyingEagle.swift */; };
		45FC892829A8DB61005E7EE7 /* SpriteAnimation.swift in Sources */ = {isa = PBXBuildFile; fileRef = 45FC892729A8DB61005E7EE7 /* SpriteAnimation.swift */; };
		45FC892C29A8E816005E7EE7 /* HueRotation2.swift in Sources */ = {isa = PBXBuildFile; fileRef = 45FC892B29A8E816005E7EE7 /* HueRotation2.swift */; };
/* End PBXBuildFile section */

/* Begin PBXFileReference section */
		452F256529AC6B5400C1CA50 /* PresentDismissTransition.swift */ = {isa = PBXFileReference; lastKnownFileType = sourcecode.swift; path = PresentDismissTransition.swift; sourceTree = "<group>"; };
		452F256729AC6D7300C1CA50 /* CustomSettingsView.swift */ = {isa = PBXFileReference; lastKnownFileType = sourcecode.swift; path = CustomSettingsView.swift; sourceTree = "<group>"; };
		452F256A29ACCD9100C1CA50 /* ParallaxEffect.swift */ = {isa = PBXFileReference; lastKnownFileType = sourcecode.swift; path = ParallaxEffect.swift; sourceTree = "<group>"; };
		452F256D29ACD3B000C1CA50 /* doorsOpenClose.m4a */ = {isa = PBXFileReference; lastKnownFileType = file; path = doorsOpenClose.m4a; sourceTree = "<group>"; };
		452F256E29ACD3B000C1CA50 /* elevatorChime.m4a */ = {isa = PBXFileReference; lastKnownFileType = file; path = elevatorChime.m4a; sourceTree = "<group>"; };
		452F257129ACD3D300C1CA50 /* Elevator.swift */ = {isa = PBXFileReference; lastKnownFileType = sourcecode.swift; path = Elevator.swift; sourceTree = "<group>"; };
		452F257329ADDBFE00C1CA50 /* ElevatorViewModel.swift */ = {isa = PBXFileReference; lastKnownFileType = sourcecode.swift; path = ElevatorViewModel.swift; sourceTree = "<group>"; };
		452F257529ADE47200C1CA50 /* ElevatorAndPeopleView.swift */ = {isa = PBXFileReference; lastKnownFileType = sourcecode.swift; path = ElevatorAndPeopleView.swift; sourceTree = "<group>"; };
		452F257829ADF8F000C1CA50 /* SwingingGirl.swift */ = {isa = PBXFileReference; lastKnownFileType = sourcecode.swift; path = SwingingGirl.swift; sourceTree = "<group>"; };
		45FC88F629A60A4F005E7EE7 /* SwiftUIAnimation.app */ = {isa = PBXFileReference; explicitFileType = wrapper.application; includeInIndex = 0; path = SwiftUIAnimation.app; sourceTree = BUILT_PRODUCTS_DIR; };
		45FC88F929A60A4F005E7EE7 /* SwiftUIAnimationApp.swift */ = {isa = PBXFileReference; lastKnownFileType = sourcecode.swift; path = SwiftUIAnimationApp.swift; sourceTree = "<group>"; };
		45FC88FB29A60A4F005E7EE7 /* ContentView.swift */ = {isa = PBXFileReference; lastKnownFileType = sourcecode.swift; path = ContentView.swift; sourceTree = "<group>"; };
		45FC88FD29A60A51005E7EE7 /* Assets.xcassets */ = {isa = PBXFileReference; lastKnownFileType = folder.assetcatalog; path = Assets.xcassets; sourceTree = "<group>"; };
		45FC890029A60A51005E7EE7 /* Preview Assets.xcassets */ = {isa = PBXFileReference; lastKnownFileType = folder.assetcatalog; path = "Preview Assets.xcassets"; sourceTree = "<group>"; };
		45FC890829A6EF30005E7EE7 /* AnimatingCircles.swift */ = {isa = PBXFileReference; lastKnownFileType = sourcecode.swift; path = AnimatingCircles.swift; sourceTree = "<group>"; };
		45FC890B29A6F33B005E7EE7 /* RecordPlayer.swift */ = {isa = PBXFileReference; lastKnownFileType = sourcecode.swift; path = RecordPlayer.swift; sourceTree = "<group>"; };
		45FC890D29A6F3B9005E7EE7 /* RecordPlayerBox.swift */ = {isa = PBXFileReference; lastKnownFileType = sourcecode.swift; path = RecordPlayerBox.swift; sourceTree = "<group>"; };
		45FC890F29A6F4DB005E7EE7 /* RecordView.swift */ = {isa = PBXFileReference; lastKnownFileType = sourcecode.swift; path = RecordView.swift; sourceTree = "<group>"; };
		45FC891129A6F632005E7EE7 /* ArmView.swift */ = {isa = PBXFileReference; lastKnownFileType = sourcecode.swift; path = ArmView.swift; sourceTree = "<group>"; };
		45FC891329A6FD05005E7EE7 /* PlaySound.swift */ = {isa = PBXFileReference; lastKnownFileType = sourcecode.swift; path = PlaySound.swift; sourceTree = "<group>"; };
		45FC891529A6FDB7005E7EE7 /* music.m4a */ = {isa = PBXFileReference; lastKnownFileType = file; path = music.m4a; sourceTree = "<group>"; };
		45FC891829A70BC2005E7EE7 /* HueRotation.swift */ = {isa = PBXFileReference; lastKnownFileType = sourcecode.swift; path = HueRotation.swift; sourceTree = "<group>"; };
		45FC891C29A712C5005E7EE7 /* BreathingFlower.swift */ = {isa = PBXFileReference; lastKnownFileType = sourcecode.swift; path = BreathingFlower.swift; sourceTree = "<group>"; };
		45FC891E29A89984005E7EE7 /* PetalView.swift */ = {isa = PBXFileReference; lastKnownFileType = sourcecode.swift; path = PetalView.swift; sourceTree = "<group>"; };
		45FC892029A89EBE005E7EE7 /* SnowView.swift */ = {isa = PBXFileReference; lastKnownFileType = sourcecode.swift; path = SnowView.swift; sourceTree = "<group>"; };
		45FC892329A8A873005E7EE7 /* FlyingEagle.swift */ = {isa = PBXFileReference; lastKnownFileType = sourcecode.swift; path = FlyingEagle.swift; sourceTree = "<group>"; };
		45FC892729A8DB61005E7EE7 /* SpriteAnimation.swift */ = {isa = PBXFileReference; lastKnownFileType = sourcecode.swift; path = SpriteAnimation.swift; sourceTree = "<group>"; };
		45FC892B29A8E816005E7EE7 /* HueRotation2.swift */ = {isa = PBXFileReference; lastKnownFileType = sourcecode.swift; path = HueRotation2.swift; sourceTree = "<group>"; };
/* End PBXFileReference section */

/* Begin PBXFrameworksBuildPhase section */
		45FC88F329A60A4F005E7EE7 /* Frameworks */ = {
			isa = PBXFrameworksBuildPhase;
			buildActionMask = 2147483647;
			files = (
			);
			runOnlyForDeploymentPostprocessing = 0;
		};
/* End PBXFrameworksBuildPhase section */

/* Begin PBXGroup section */
		452F256429AC6AEB00C1CA50 /* 8. PresentDismissTransitionNew Group */ = {
			isa = PBXGroup;
			children = (
				452F256529AC6B5400C1CA50 /* PresentDismissTransition.swift */,
				452F256729AC6D7300C1CA50 /* CustomSettingsView.swift */,
			);
			path = "8. PresentDismissTransitionNew Group";
			sourceTree = "<group>";
		};
		452F256929ACCD6B00C1CA50 /* 9. ParallaxEffect */ = {
			isa = PBXGroup;
			children = (
				452F256A29ACCD9100C1CA50 /* ParallaxEffect.swift */,
			);
			path = "9. ParallaxEffect";
			sourceTree = "<group>";
		};
		452F256C29ACD36800C1CA50 /* 10. Elevator */ = {
			isa = PBXGroup;
			children = (
				452F257129ACD3D300C1CA50 /* Elevator.swift */,
				452F257529ADE47200C1CA50 /* ElevatorAndPeopleView.swift */,
				452F257329ADDBFE00C1CA50 /* ElevatorViewModel.swift */,
				452F256D29ACD3B000C1CA50 /* doorsOpenClose.m4a */,
				452F256E29ACD3B000C1CA50 /* elevatorChime.m4a */,
			);
			path = "10. Elevator";
			sourceTree = "<group>";
		};
		452F257729ADF8D800C1CA50 /* 11. SwingingGirl */ = {
			isa = PBXGroup;
			children = (
				452F257829ADF8F000C1CA50 /* SwingingGirl.swift */,
			);
			path = "11. SwingingGirl";
			sourceTree = "<group>";
		};
		458F5D8B29B03B0200C591AC /* 12. TwinkleStars */ = {
			isa = PBXGroup;
			children = (
			);
			path = "12. TwinkleStars";
			sourceTree = "<group>";
		};
		45FC88ED29A60A4F005E7EE7 = {
			isa = PBXGroup;
			children = (
				45FC88F829A60A4F005E7EE7 /* SwiftUIAnimation */,
				45FC88F729A60A4F005E7EE7 /* Products */,
			);
			sourceTree = "<group>";
		};
		45FC88F729A60A4F005E7EE7 /* Products */ = {
			isa = PBXGroup;
			children = (
				45FC88F629A60A4F005E7EE7 /* SwiftUIAnimation.app */,
			);
			name = Products;
			sourceTree = "<group>";
		};
		45FC88F829A60A4F005E7EE7 /* SwiftUIAnimation */ = {
			isa = PBXGroup;
			children = (
				45FC88F929A60A4F005E7EE7 /* SwiftUIAnimationApp.swift */,
				45FC88FB29A60A4F005E7EE7 /* ContentView.swift */,
				45FC891329A6FD05005E7EE7 /* PlaySound.swift */,
				45FC890729A60D09005E7EE7 /* 1. Animating Circles */,
				45FC890A29A6F31A005E7EE7 /* 2. RecordPlayer */,
				45FC891729A6FF63005E7EE7 /* 3. HueRotation */,
				45FC891B29A7120A005E7EE7 /* 4. BreathingFlower */,
				45FC892229A8A74A005E7EE7 /* 5. FlyingEagle */,
				45FC892529A8DABB005E7EE7 /* 6. SpriteKitAnimation */,
				45FC892A29A8E7A3005E7EE7 /* 7. HueRotation2 */,
				452F256429AC6AEB00C1CA50 /* 8. PresentDismissTransitionNew Group */,
				452F256929ACCD6B00C1CA50 /* 9. ParallaxEffect */,
				452F256C29ACD36800C1CA50 /* 10. Elevator */,
				452F257729ADF8D800C1CA50 /* 11. SwingingGirl */,
				458F5D8B29B03B0200C591AC /* 12. TwinkleStars */,
				45FC88FD29A60A51005E7EE7 /* Assets.xcassets */,
				45FC88FF29A60A51005E7EE7 /* Preview Content */,
			);
			path = SwiftUIAnimation;
			sourceTree = "<group>";
		};
		45FC88FF29A60A51005E7EE7 /* Preview Content */ = {
			isa = PBXGroup;
			children = (
				45FC890029A60A51005E7EE7 /* Preview Assets.xcassets */,
			);
			path = "Preview Content";
			sourceTree = "<group>";
		};
		45FC890729A60D09005E7EE7 /* 1. Animating Circles */ = {
			isa = PBXGroup;
			children = (
				45FC890829A6EF30005E7EE7 /* AnimatingCircles.swift */,
			);
			path = "1. Animating Circles";
			sourceTree = "<group>";
		};
		45FC890A29A6F31A005E7EE7 /* 2. RecordPlayer */ = {
			isa = PBXGroup;
			children = (
				45FC890B29A6F33B005E7EE7 /* RecordPlayer.swift */,
				45FC890D29A6F3B9005E7EE7 /* RecordPlayerBox.swift */,
				45FC890F29A6F4DB005E7EE7 /* RecordView.swift */,
				45FC891129A6F632005E7EE7 /* ArmView.swift */,
				45FC891529A6FDB7005E7EE7 /* music.m4a */,
			);
			path = "2. RecordPlayer";
			sourceTree = "<group>";
		};
		45FC891729A6FF63005E7EE7 /* 3. HueRotation */ = {
			isa = PBXGroup;
			children = (
				45FC891829A70BC2005E7EE7 /* HueRotation.swift */,
			);
			path = "3. HueRotation";
			sourceTree = "<group>";
		};
		45FC891B29A7120A005E7EE7 /* 4. BreathingFlower */ = {
			isa = PBXGroup;
			children = (
				45FC891C29A712C5005E7EE7 /* BreathingFlower.swift */,
				45FC891E29A89984005E7EE7 /* PetalView.swift */,
				45FC892029A89EBE005E7EE7 /* SnowView.swift */,
			);
			path = "4. BreathingFlower";
			sourceTree = "<group>";
		};
		45FC892229A8A74A005E7EE7 /* 5. FlyingEagle */ = {
			isa = PBXGroup;
			children = (
				45FC892329A8A873005E7EE7 /* FlyingEagle.swift */,
			);
			path = "5. FlyingEagle";
			sourceTree = "<group>";
		};
		45FC892529A8DABB005E7EE7 /* 6. SpriteKitAnimation */ = {
			isa = PBXGroup;
			children = (
				45FC892729A8DB61005E7EE7 /* SpriteAnimation.swift */,
			);
			path = "6. SpriteKitAnimation";
			sourceTree = "<group>";
		};
		45FC892A29A8E7A3005E7EE7 /* 7. HueRotation2 */ = {
			isa = PBXGroup;
			children = (
				45FC892B29A8E816005E7EE7 /* HueRotation2.swift */,
			);
			path = "7. HueRotation2";
			sourceTree = "<group>";
		};
/* End PBXGroup section */

/* Begin PBXNativeTarget section */
		45FC88F529A60A4F005E7EE7 /* SwiftUIAnimation */ = {
			isa = PBXNativeTarget;
			buildConfigurationList = 45FC890429A60A51005E7EE7 /* Build configuration list for PBXNativeTarget "SwiftUIAnimation" */;
			buildPhases = (
				45FC88F229A60A4F005E7EE7 /* Sources */,
				45FC88F329A60A4F005E7EE7 /* Frameworks */,
				45FC88F429A60A4F005E7EE7 /* Resources */,
			);
			buildRules = (
			);
			dependencies = (
			);
			name = SwiftUIAnimation;
			productName = SwiftUIAnimation;
			productReference = 45FC88F629A60A4F005E7EE7 /* SwiftUIAnimation.app */;
			productType = "com.apple.product-type.application";
		};
/* End PBXNativeTarget section */

/* Begin PBXProject section */
		45FC88EE29A60A4F005E7EE7 /* Project object */ = {
			isa = PBXProject;
			attributes = {
				BuildIndependentTargetsInParallel = 1;
				LastSwiftUpdateCheck = 1420;
				LastUpgradeCheck = 1420;
				TargetAttributes = {
					45FC88F529A60A4F005E7EE7 = {
						CreatedOnToolsVersion = 14.2;
					};
				};
			};
			buildConfigurationList = 45FC88F129A60A4F005E7EE7 /* Build configuration list for PBXProject "SwiftUIAnimation" */;
			compatibilityVersion = "Xcode 14.0";
			developmentRegion = en;
			hasScannedForEncodings = 0;
			knownRegions = (
				en,
				Base,
			);
			mainGroup = 45FC88ED29A60A4F005E7EE7;
			productRefGroup = 45FC88F729A60A4F005E7EE7 /* Products */;
			projectDirPath = "";
			projectRoot = "";
			targets = (
				45FC88F529A60A4F005E7EE7 /* SwiftUIAnimation */,
			);
		};
/* End PBXProject section */

/* Begin PBXResourcesBuildPhase section */
		45FC88F429A60A4F005E7EE7 /* Resources */ = {
			isa = PBXResourcesBuildPhase;
			buildActionMask = 2147483647;
			files = (
				45FC890129A60A51005E7EE7 /* Preview Assets.xcassets in Resources */,
				452F256F29ACD3B200C1CA50 /* elevatorChime.m4a in Resources */,
				45FC88FE29A60A51005E7EE7 /* Assets.xcassets in Resources */,
				452F257029ACD3B500C1CA50 /* doorsOpenClose.m4a in Resources */,
				45FC891629A6FED7005E7EE7 /* music.m4a in Resources */,
			);
			runOnlyForDeploymentPostprocessing = 0;
		};
/* End PBXResourcesBuildPhase section */

/* Begin PBXSourcesBuildPhase section */
		45FC88F229A60A4F005E7EE7 /* Sources */ = {
			isa = PBXSourcesBuildPhase;
			buildActionMask = 2147483647;
			files = (
				45FC88FC29A60A4F005E7EE7 /* ContentView.swift in Sources */,
				452F256629AC6B5400C1CA50 /* PresentDismissTransition.swift in Sources */,
				45FC891429A6FD05005E7EE7 /* PlaySound.swift in Sources */,
				452F256B29ACCD9100C1CA50 /* ParallaxEffect.swift in Sources */,
				45FC891029A6F4DB005E7EE7 /* RecordView.swift in Sources */,
				45FC892429A8A873005E7EE7 /* FlyingEagle.swift in Sources */,
				452F256829AC6D7300C1CA50 /* CustomSettingsView.swift in Sources */,
				452F257629ADE47200C1CA50 /* ElevatorAndPeopleView.swift in Sources */,
				45FC891F29A89984005E7EE7 /* PetalView.swift in Sources */,
				45FC892829A8DB61005E7EE7 /* SpriteAnimation.swift in Sources */,
				45FC891D29A712C5005E7EE7 /* BreathingFlower.swift in Sources */,
				45FC890C29A6F33B005E7EE7 /* RecordPlayer.swift in Sources */,
				45FC892C29A8E816005E7EE7 /* HueRotation2.swift in Sources */,
				45FC891229A6F632005E7EE7 /* ArmView.swift in Sources */,
				452F257429ADDBFE00C1CA50 /* ElevatorViewModel.swift in Sources */,
				45FC891929A70BC2005E7EE7 /* HueRotation.swift in Sources */,
				45FC890929A6EF30005E7EE7 /* AnimatingCircles.swift in Sources */,
				45FC890E29A6F3B9005E7EE7 /* RecordPlayerBox.swift in Sources */,
				452F257229ACD3D300C1CA50 /* Elevator.swift in Sources */,
				45FC88FA29A60A4F005E7EE7 /* SwiftUIAnimationApp.swift in Sources */,
				45FC892129A89EBE005E7EE7 /* SnowView.swift in Sources */,
				452F257929ADF8F000C1CA50 /* SwingingGirl.swift in Sources */,
			);
			runOnlyForDeploymentPostprocessing = 0;
		};
/* End PBXSourcesBuildPhase section */

/* Begin XCBuildConfiguration section */
		45FC890229A60A51005E7EE7 /* Debug */ = {
			isa = XCBuildConfiguration;
			buildSettings = {
				ALWAYS_SEARCH_USER_PATHS = NO;
				CLANG_ANALYZER_NONNULL = YES;
				CLANG_ANALYZER_NUMBER_OBJECT_CONVERSION = YES_AGGRESSIVE;
				CLANG_CXX_LANGUAGE_STANDARD = "gnu++20";
				CLANG_ENABLE_MODULES = YES;
				CLANG_ENABLE_OBJC_ARC = YES;
				CLANG_ENABLE_OBJC_WEAK = YES;
				CLANG_WARN_BLOCK_CAPTURE_AUTORELEASING = YES;
				CLANG_WARN_BOOL_CONVERSION = YES;
				CLANG_WARN_COMMA = YES;
				CLANG_WARN_CONSTANT_CONVERSION = YES;
				CLANG_WARN_DEPRECATED_OBJC_IMPLEMENTATIONS = YES;
				CLANG_WARN_DIRECT_OBJC_ISA_USAGE = YES_ERROR;
				CLANG_WARN_DOCUMENTATION_COMMENTS = YES;
				CLANG_WARN_EMPTY_BODY = YES;
				CLANG_WARN_ENUM_CONVERSION = YES;
				CLANG_WARN_INFINITE_RECURSION = YES;
				CLANG_WARN_INT_CONVERSION = YES;
				CLANG_WARN_NON_LITERAL_NULL_CONVERSION = YES;
				CLANG_WARN_OBJC_IMPLICIT_RETAIN_SELF = YES;
				CLANG_WARN_OBJC_LITERAL_CONVERSION = YES;
				CLANG_WARN_OBJC_ROOT_CLASS = YES_ERROR;
				CLANG_WARN_QUOTED_INCLUDE_IN_FRAMEWORK_HEADER = YES;
				CLANG_WARN_RANGE_LOOP_ANALYSIS = YES;
				CLANG_WARN_STRICT_PROTOTYPES = YES;
				CLANG_WARN_SUSPICIOUS_MOVE = YES;
				CLANG_WARN_UNGUARDED_AVAILABILITY = YES_AGGRESSIVE;
				CLANG_WARN_UNREACHABLE_CODE = YES;
				CLANG_WARN__DUPLICATE_METHOD_MATCH = YES;
				COPY_PHASE_STRIP = NO;
				DEBUG_INFORMATION_FORMAT = dwarf;
				ENABLE_STRICT_OBJC_MSGSEND = YES;
				ENABLE_TESTABILITY = YES;
				GCC_C_LANGUAGE_STANDARD = gnu11;
				GCC_DYNAMIC_NO_PIC = NO;
				GCC_NO_COMMON_BLOCKS = YES;
				GCC_OPTIMIZATION_LEVEL = 0;
				GCC_PREPROCESSOR_DEFINITIONS = (
					"DEBUG=1",
					"$(inherited)",
				);
				GCC_WARN_64_TO_32_BIT_CONVERSION = YES;
				GCC_WARN_ABOUT_RETURN_TYPE = YES_ERROR;
				GCC_WARN_UNDECLARED_SELECTOR = YES;
				GCC_WARN_UNINITIALIZED_AUTOS = YES_AGGRESSIVE;
				GCC_WARN_UNUSED_FUNCTION = YES;
				GCC_WARN_UNUSED_VARIABLE = YES;
				IPHONEOS_DEPLOYMENT_TARGET = 16.2;
				MTL_ENABLE_DEBUG_INFO = INCLUDE_SOURCE;
				MTL_FAST_MATH = YES;
				ONLY_ACTIVE_ARCH = YES;
				SDKROOT = iphoneos;
				SWIFT_ACTIVE_COMPILATION_CONDITIONS = DEBUG;
				SWIFT_OPTIMIZATION_LEVEL = "-Onone";
			};
			name = Debug;
		};
		45FC890329A60A51005E7EE7 /* Release */ = {
			isa = XCBuildConfiguration;
			buildSettings = {
				ALWAYS_SEARCH_USER_PATHS = NO;
				CLANG_ANALYZER_NONNULL = YES;
				CLANG_ANALYZER_NUMBER_OBJECT_CONVERSION = YES_AGGRESSIVE;
				CLANG_CXX_LANGUAGE_STANDARD = "gnu++20";
				CLANG_ENABLE_MODULES = YES;
				CLANG_ENABLE_OBJC_ARC = YES;
				CLANG_ENABLE_OBJC_WEAK = YES;
				CLANG_WARN_BLOCK_CAPTURE_AUTORELEASING = YES;
				CLANG_WARN_BOOL_CONVERSION = YES;
				CLANG_WARN_COMMA = YES;
				CLANG_WARN_CONSTANT_CONVERSION = YES;
				CLANG_WARN_DEPRECATED_OBJC_IMPLEMENTATIONS = YES;
				CLANG_WARN_DIRECT_OBJC_ISA_USAGE = YES_ERROR;
				CLANG_WARN_DOCUMENTATION_COMMENTS = YES;
				CLANG_WARN_EMPTY_BODY = YES;
				CLANG_WARN_ENUM_CONVERSION = YES;
				CLANG_WARN_INFINITE_RECURSION = YES;
				CLANG_WARN_INT_CONVERSION = YES;
				CLANG_WARN_NON_LITERAL_NULL_CONVERSION = YES;
				CLANG_WARN_OBJC_IMPLICIT_RETAIN_SELF = YES;
				CLANG_WARN_OBJC_LITERAL_CONVERSION = YES;
				CLANG_WARN_OBJC_ROOT_CLASS = YES_ERROR;
				CLANG_WARN_QUOTED_INCLUDE_IN_FRAMEWORK_HEADER = YES;
				CLANG_WARN_RANGE_LOOP_ANALYSIS = YES;
				CLANG_WARN_STRICT_PROTOTYPES = YES;
				CLANG_WARN_SUSPICIOUS_MOVE = YES;
				CLANG_WARN_UNGUARDED_AVAILABILITY = YES_AGGRESSIVE;
				CLANG_WARN_UNREACHABLE_CODE = YES;
				CLANG_WARN__DUPLICATE_METHOD_MATCH = YES;
				COPY_PHASE_STRIP = NO;
				DEBUG_INFORMATION_FORMAT = "dwarf-with-dsym";
				ENABLE_NS_ASSERTIONS = NO;
				ENABLE_STRICT_OBJC_MSGSEND = YES;
				GCC_C_LANGUAGE_STANDARD = gnu11;
				GCC_NO_COMMON_BLOCKS = YES;
				GCC_WARN_64_TO_32_BIT_CONVERSION = YES;
				GCC_WARN_ABOUT_RETURN_TYPE = YES_ERROR;
				GCC_WARN_UNDECLARED_SELECTOR = YES;
				GCC_WARN_UNINITIALIZED_AUTOS = YES_AGGRESSIVE;
				GCC_WARN_UNUSED_FUNCTION = YES;
				GCC_WARN_UNUSED_VARIABLE = YES;
				IPHONEOS_DEPLOYMENT_TARGET = 16.2;
				MTL_ENABLE_DEBUG_INFO = NO;
				MTL_FAST_MATH = YES;
				SDKROOT = iphoneos;
				SWIFT_COMPILATION_MODE = wholemodule;
				SWIFT_OPTIMIZATION_LEVEL = "-O";
				VALIDATE_PRODUCT = YES;
			};
			name = Release;
		};
		45FC890529A60A51005E7EE7 /* Debug */ = {
			isa = XCBuildConfiguration;
			buildSettings = {
				ASSETCATALOG_COMPILER_APPICON_NAME = AppIcon;
				ASSETCATALOG_COMPILER_GLOBAL_ACCENT_COLOR_NAME = AccentColor;
				CODE_SIGN_STYLE = Automatic;
				CURRENT_PROJECT_VERSION = 1;
				DEVELOPMENT_ASSET_PATHS = "\"SwiftUIAnimation/Preview Content\"";
				DEVELOPMENT_TEAM = 433LH3TNXX;
				ENABLE_PREVIEWS = YES;
				GENERATE_INFOPLIST_FILE = YES;
				INFOPLIST_KEY_UIApplicationSceneManifest_Generation = YES;
				INFOPLIST_KEY_UIApplicationSupportsIndirectInputEvents = YES;
				INFOPLIST_KEY_UILaunchScreen_Generation = YES;
				INFOPLIST_KEY_UISupportedInterfaceOrientations_iPad = "UIInterfaceOrientationPortrait UIInterfaceOrientationPortraitUpsideDown UIInterfaceOrientationLandscapeLeft UIInterfaceOrientationLandscapeRight";
				INFOPLIST_KEY_UISupportedInterfaceOrientations_iPhone = "UIInterfaceOrientationPortrait UIInterfaceOrientationLandscapeLeft UIInterfaceOrientationLandscapeRight";
				LD_RUNPATH_SEARCH_PATHS = (
					"$(inherited)",
					"@executable_path/Frameworks",
				);
				MARKETING_VERSION = 1.0;
				PRODUCT_BUNDLE_IDENTIFIER = com.yeonBlue.SwiftUIAnimation;
				PRODUCT_NAME = "$(TARGET_NAME)";
				SWIFT_EMIT_LOC_STRINGS = YES;
				SWIFT_VERSION = 5.0;
				TARGETED_DEVICE_FAMILY = "1,2";
			};
			name = Debug;
		};
		45FC890629A60A51005E7EE7 /* Release */ = {
			isa = XCBuildConfiguration;
			buildSettings = {
				ASSETCATALOG_COMPILER_APPICON_NAME = AppIcon;
				ASSETCATALOG_COMPILER_GLOBAL_ACCENT_COLOR_NAME = AccentColor;
				CODE_SIGN_STYLE = Automatic;
				CURRENT_PROJECT_VERSION = 1;
				DEVELOPMENT_ASSET_PATHS = "\"SwiftUIAnimation/Preview Content\"";
				DEVELOPMENT_TEAM = 433LH3TNXX;
				ENABLE_PREVIEWS = YES;
				GENERATE_INFOPLIST_FILE = YES;
				INFOPLIST_KEY_UIApplicationSceneManifest_Generation = YES;
				INFOPLIST_KEY_UIApplicationSupportsIndirectInputEvents = YES;
				INFOPLIST_KEY_UILaunchScreen_Generation = YES;
				INFOPLIST_KEY_UISupportedInterfaceOrientations_iPad = "UIInterfaceOrientationPortrait UIInterfaceOrientationPortraitUpsideDown UIInterfaceOrientationLandscapeLeft UIInterfaceOrientationLandscapeRight";
				INFOPLIST_KEY_UISupportedInterfaceOrientations_iPhone = "UIInterfaceOrientationPortrait UIInterfaceOrientationLandscapeLeft UIInterfaceOrientationLandscapeRight";
				LD_RUNPATH_SEARCH_PATHS = (
					"$(inherited)",
					"@executable_path/Frameworks",
				);
				MARKETING_VERSION = 1.0;
				PRODUCT_BUNDLE_IDENTIFIER = com.yeonBlue.SwiftUIAnimation;
				PRODUCT_NAME = "$(TARGET_NAME)";
				SWIFT_EMIT_LOC_STRINGS = YES;
				SWIFT_VERSION = 5.0;
				TARGETED_DEVICE_FAMILY = "1,2";
			};
			name = Release;
		};
/* End XCBuildConfiguration section */

/* Begin XCConfigurationList section */
		45FC88F129A60A4F005E7EE7 /* Build configuration list for PBXProject "SwiftUIAnimation" */ = {
			isa = XCConfigurationList;
			buildConfigurations = (
				45FC890229A60A51005E7EE7 /* Debug */,
				45FC890329A60A51005E7EE7 /* Release */,
			);
			defaultConfigurationIsVisible = 0;
			defaultConfigurationName = Release;
		};
		45FC890429A60A51005E7EE7 /* Build configuration list for PBXNativeTarget "SwiftUIAnimation" */ = {
			isa = XCConfigurationList;
			buildConfigurations = (
				45FC890529A60A51005E7EE7 /* Debug */,
				45FC890629A60A51005E7EE7 /* Release */,
			);
			defaultConfigurationIsVisible = 0;
			defaultConfigurationName = Release;
		};
/* End XCConfigurationList section */
	};
	rootObject = 45FC88EE29A60A4F005E7EE7 /* Project object */;
}
